// !$*UTF8*$!
{
	archiveVersion = 1;
	classes = {
	};
	objectVersion = 52;
	objects = {

/* Begin PBXBuildFile section */
		030A32A51F31054C006B2BAC /* Os2Table.swift in Sources */ = {isa = PBXBuildFile; fileRef = 030A32A41F31054C006B2BAC /* Os2Table.swift */; };
		030A32A71F312A4E006B2BAC /* NameTable.swift in Sources */ = {isa = PBXBuildFile; fileRef = 030A32A61F312A4E006B2BAC /* NameTable.swift */; };
		030A32A91F314823006B2BAC /* AppDelegate.swift in Sources */ = {isa = PBXBuildFile; fileRef = 030A32A81F314823006B2BAC /* AppDelegate.swift */; };
		0335858A211A6C3F0075FD98 /* aglfn.txt in Resources */ = {isa = PBXBuildFile; fileRef = 03358583211A6C3F0075FD98 /* aglfn.txt */; };
		0335858C211A6E680075FD98 /* AdobeGlyphListForNewFonts.swift in Sources */ = {isa = PBXBuildFile; fileRef = 0335858B211A6E680075FD98 /* AdobeGlyphListForNewFonts.swift */; };
		033CF10A1F5628C3005D15ED /* Assets.xcassets in Resources */ = {isa = PBXBuildFile; fileRef = 033CF1091F5628C3005D15ED /* Assets.xcassets */; };
		033CF10E1F56293E005D15ED /* Main.storyboard in Resources */ = {isa = PBXBuildFile; fileRef = 033CF10D1F56293E005D15ED /* Main.storyboard */; };
		033CF1101F568C45005D15ED /* FontViewController.swift in Sources */ = {isa = PBXBuildFile; fileRef = 033CF10F1F568C45005D15ED /* FontViewController.swift */; };
		033CF14D1F574D95005D15ED /* GlyphViewController.swift in Sources */ = {isa = PBXBuildFile; fileRef = 033CF14C1F574D95005D15ED /* GlyphViewController.swift */; };
		0348BE651F32AB3B00446B58 /* TTCHeader.swift in Sources */ = {isa = PBXBuildFile; fileRef = 0348BE641F32AB3B00446B58 /* TTCHeader.swift */; };
		0348BE671F33A78A00446B58 /* PostTable.swift in Sources */ = {isa = PBXBuildFile; fileRef = 0348BE661F33A78A00446B58 /* PostTable.swift */; };
		0348BE691F33C67F00446B58 /* GlyfTable.swift in Sources */ = {isa = PBXBuildFile; fileRef = 0348BE681F33C67F00446B58 /* GlyfTable.swift */; };
		0348BE6B1F33D6DB00446B58 /* GlyfSimpleDescript.swift in Sources */ = {isa = PBXBuildFile; fileRef = 0348BE6A1F33D6DB00446B58 /* GlyfSimpleDescript.swift */; };
		0348BE6D1F33DD3700446B58 /* GlyfDescript.swift in Sources */ = {isa = PBXBuildFile; fileRef = 0348BE6C1F33DD3700446B58 /* GlyfDescript.swift */; };
		0348BE731F33ED9100446B58 /* FpgmTable.swift in Sources */ = {isa = PBXBuildFile; fileRef = 0348BE721F33ED9100446B58 /* FpgmTable.swift */; };
		0348BE751F33EF6800446B58 /* PrepTable.swift in Sources */ = {isa = PBXBuildFile; fileRef = 0348BE741F33EF6800446B58 /* PrepTable.swift */; };
		034BF03B1F96A9AA00BFE9F1 /* CharacterToGlyphMapping.swift in Sources */ = {isa = PBXBuildFile; fileRef = 034BF03A1F96A9AA00BFE9F1 /* CharacterToGlyphMapping.swift */; };
		034EC2C81F730F97008570B3 /* TypeDesignerUITests.swift in Sources */ = {isa = PBXBuildFile; fileRef = 034EC2C71F730F97008570B3 /* TypeDesignerUITests.swift */; };
		034EC2D61F73103F008570B3 /* TypeDesignerTests.swift in Sources */ = {isa = PBXBuildFile; fileRef = 034EC2D51F73103F008570B3 /* TypeDesignerTests.swift */; };
		035AD8AB20B8BB1C006494B7 /* UFODocument.swift in Sources */ = {isa = PBXBuildFile; fileRef = 035AD8AA20B8BB1C006494B7 /* UFODocument.swift */; };
		035AD8AD20B8BC64006494B7 /* UFOFont.swift in Sources */ = {isa = PBXBuildFile; fileRef = 035AD8AC20B8BC64006494B7 /* UFOFont.swift */; };
		036383A42112392900E7E26C /* OpenTypeConverter.swift in Sources */ = {isa = PBXBuildFile; fileRef = 036383A32112392900E7E26C /* OpenTypeConverter.swift */; };
		0376EE7721BB5A8000255C91 /* UCD.swift in Sources */ = {isa = PBXBuildFile; fileRef = 0376EE7621BB5A8000255C91 /* UCD.swift */; };
		0376EE8321BF59A900255C91 /* ucd in Resources */ = {isa = PBXBuildFile; fileRef = 0376EE8221BF59A900255C91 /* ucd */; };
		0383EAA021C88A9600C5943A /* GlyphPropertyViewController.swift in Sources */ = {isa = PBXBuildFile; fileRef = 0383EA9F21C88A9600C5943A /* GlyphPropertyViewController.swift */; };
		0386FD3C213A242D00513433 /* GlyphWindowController.swift in Sources */ = {isa = PBXBuildFile; fileRef = 0386FD3B213A242D00513433 /* GlyphWindowController.swift */; };
		03924DC82109085F00928986 /* FontScript.framework in Embed Frameworks */ = {isa = PBXBuildFile; fileRef = 03924DBF2108ED5900928986 /* FontScript.framework */; settings = {ATTRIBUTES = (CodeSignOnCopy, RemoveHeadersOnCopy, ); }; };
		03924DCC21090D3D00928986 /* RoboFontLib.swift in Sources */ = {isa = PBXBuildFile; fileRef = 03924DCB21090D3D00928986 /* RoboFontLib.swift */; };
		03924DCE21092AA900928986 /* UFOGlyph.swift in Sources */ = {isa = PBXBuildFile; fileRef = 03924DCD21092AA900928986 /* UFOGlyph.swift */; };
		03924DD02109338C00928986 /* UFOLayer.swift in Sources */ = {isa = PBXBuildFile; fileRef = 03924DCF2109338C00928986 /* UFOLayer.swift */; };
		039845B81F195B6F0040988F /* HheaTable.swift in Sources */ = {isa = PBXBuildFile; fileRef = 039845B71F195B6F0040988F /* HheaTable.swift */; };
		039845BA1F1977CE0040988F /* Table.swift in Sources */ = {isa = PBXBuildFile; fileRef = 039845B91F1977CE0040988F /* Table.swift */; };
		039845BC1F19802E0040988F /* HmtxTable.swift in Sources */ = {isa = PBXBuildFile; fileRef = 039845BB1F19802E0040988F /* HmtxTable.swift */; };
		03A6611F1F17FD43007864A8 /* HeadTable.swift in Sources */ = {isa = PBXBuildFile; fileRef = 03A6611E1F17FD43007864A8 /* HeadTable.swift */; };
		03A72DCF1F578E8C003ABF74 /* CharacterMapItem.xib in Resources */ = {isa = PBXBuildFile; fileRef = 03A72DCE1F578E8C003ABF74 /* CharacterMapItem.xib */; };
		03A72DD11F5A0A5E003ABF74 /* FontDocumentController.swift in Sources */ = {isa = PBXBuildFile; fileRef = 03A72DD01F5A0A5E003ABF74 /* FontDocumentController.swift */; };
		03A72DD31F5A17A9003ABF74 /* FontWindowController.swift in Sources */ = {isa = PBXBuildFile; fileRef = 03A72DD21F5A17A9003ABF74 /* FontWindowController.swift */; };
		03A72DD51F5A1C8D003ABF74 /* ImportViewController.swift in Sources */ = {isa = PBXBuildFile; fileRef = 03A72DD41F5A1C8D003ABF74 /* ImportViewController.swift */; };
		03A72DD71F5CB781003ABF74 /* FontController.swift in Sources */ = {isa = PBXBuildFile; fileRef = 03A72DD61F5CB781003ABF74 /* FontController.swift */; };
		03B311F51F2A7128001E6712 /* OpenTypeDocument.swift in Sources */ = {isa = PBXBuildFile; fileRef = 03B311F41F2A7128001E6712 /* OpenTypeDocument.swift */; };
		03B311F71F2A9CC3001E6712 /* OpenTypeFont.swift in Sources */ = {isa = PBXBuildFile; fileRef = 03B311F61F2A9CC3001E6712 /* OpenTypeFont.swift */; };
		03B311F91F2A9D60001E6712 /* OpenTypeFontCollection.swift in Sources */ = {isa = PBXBuildFile; fileRef = 03B311F81F2A9D60001E6712 /* OpenTypeFontCollection.swift */; };
		03B311FB1F2AC062001E6712 /* TCResourceHeader.swift in Sources */ = {isa = PBXBuildFile; fileRef = 03B311FA1F2AC062001E6712 /* TCResourceHeader.swift */; };
		03B311FD1F2AC13F001E6712 /* TCResourceMap.swift in Sources */ = {isa = PBXBuildFile; fileRef = 03B311FC1F2AC13F001E6712 /* TCResourceMap.swift */; };
		03B311FF1F2AC451001E6712 /* TCResourceType.swift in Sources */ = {isa = PBXBuildFile; fileRef = 03B311FE1F2AC451001E6712 /* TCResourceType.swift */; };
		03B312011F2AC6BE001E6712 /* TCResourceReference.swift in Sources */ = {isa = PBXBuildFile; fileRef = 03B312001F2AC6BE001E6712 /* TCResourceReference.swift */; };
		03B619141F3D283D00EA1D0E /* CmapFormat12.swift in Sources */ = {isa = PBXBuildFile; fileRef = 03B619131F3D283D00EA1D0E /* CmapFormat12.swift */; };
		03B619181F3E128200EA1D0E /* T2Glyph.swift in Sources */ = {isa = PBXBuildFile; fileRef = 03B619171F3E128200EA1D0E /* T2Glyph.swift */; };
		03C162911F2174BB00A44848 /* GlyphView.swift in Sources */ = {isa = PBXBuildFile; fileRef = 03C162901F2174BB00A44848 /* GlyphView.swift */; };
		03C40BED1F35316F00CD6BAC /* GlyfNullDescript.swift in Sources */ = {isa = PBXBuildFile; fileRef = 03C40BEC1F35316F00CD6BAC /* GlyfNullDescript.swift */; };
		03C40BF11F36A49F00CD6BAC /* VheaTable.swift in Sources */ = {isa = PBXBuildFile; fileRef = 03C40BF01F36A49F00CD6BAC /* VheaTable.swift */; };
		03C40BF31F36A84300CD6BAC /* MaxpTable.swift in Sources */ = {isa = PBXBuildFile; fileRef = 03C40BF21F36A84300CD6BAC /* MaxpTable.swift */; };
		03C40BF51F36F99A00CD6BAC /* LocaTable.swift in Sources */ = {isa = PBXBuildFile; fileRef = 03C40BF41F36F99A00CD6BAC /* LocaTable.swift */; };
		03C40BF71F3795C800CD6BAC /* ID.swift in Sources */ = {isa = PBXBuildFile; fileRef = 03C40BF61F3795C800CD6BAC /* ID.swift */; };
		03C567491F6B37E8004C915B /* ImportWindowController.swift in Sources */ = {isa = PBXBuildFile; fileRef = 03C567481F6B37E8004C915B /* ImportWindowController.swift */; };
		03C5674D1F6B5195004C915B /* OpenTypeCollectionDocument.swift in Sources */ = {isa = PBXBuildFile; fileRef = 03C5674C1F6B5195004C915B /* OpenTypeCollectionDocument.swift */; };
		03CBC24A210A79A70031244D /* QuartzPen.swift in Sources */ = {isa = PBXBuildFile; fileRef = 03CBC249210A79A70031244D /* QuartzPen.swift */; };
		03CE9CA71FBE806C002FE971 /* TTFont.swift in Sources */ = {isa = PBXBuildFile; fileRef = 03CE9CA11FBE78A2002FE971 /* TTFont.swift */; };
		03CE9CA81FBE8074002FE971 /* T2Font.swift in Sources */ = {isa = PBXBuildFile; fileRef = 03CE9CA51FBE78B1002FE971 /* T2Font.swift */; };
		03D07AAA1F4F87580070F49D /* CharacterMapItem.swift in Sources */ = {isa = PBXBuildFile; fileRef = 03D07AA91F4F87580070F49D /* CharacterMapItem.swift */; };
		03EF55DA2114E79700D11462 /* FontConverter.swift in Sources */ = {isa = PBXBuildFile; fileRef = 03EF55D92114E79700D11462 /* FontConverter.swift */; };
		03F1F20B1FCA527D00813EDD /* NamesViewController.swift in Sources */ = {isa = PBXBuildFile; fileRef = 03F1F20A1FCA527D00813EDD /* NamesViewController.swift */; };
		03F1F20F1FCA52DC00813EDD /* FontPropertyWindowController.swift in Sources */ = {isa = PBXBuildFile; fileRef = 03F1F20E1FCA52DC00813EDD /* FontPropertyWindowController.swift */; };
		03F1F2111FCC985D00813EDD /* TableWriter.swift in Sources */ = {isa = PBXBuildFile; fileRef = 03F1F2101FCC985D00813EDD /* TableWriter.swift */; };
		03F687211F39654200F467BA /* CffTable.swift in Sources */ = {isa = PBXBuildFile; fileRef = 03F6871D1F39565000F467BA /* CffTable.swift */; };
		03F905CC1F37A8840008FF3E /* CmapTable.swift in Sources */ = {isa = PBXBuildFile; fileRef = 03F905CB1F37A8840008FF3E /* CmapTable.swift */; };
		03F905D01F37CBFF0008FF3E /* CmapFormat.swift in Sources */ = {isa = PBXBuildFile; fileRef = 03F905CF1F37CBFF0008FF3E /* CmapFormat.swift */; };
		03F905D21F37D38E0008FF3E /* CmapFormat0.swift in Sources */ = {isa = PBXBuildFile; fileRef = 03F905D11F37D38E0008FF3E /* CmapFormat0.swift */; };
		03F905D41F37DA3D0008FF3E /* CmapFormatUnknown.swift in Sources */ = {isa = PBXBuildFile; fileRef = 03F905D31F37DA3D0008FF3E /* CmapFormatUnknown.swift */; };
		03F905D61F37E7CC0008FF3E /* CmapFormat2.swift in Sources */ = {isa = PBXBuildFile; fileRef = 03F905D51F37E7CC0008FF3E /* CmapFormat2.swift */; };
		03F905D81F37FCFE0008FF3E /* CmapFormat6.swift in Sources */ = {isa = PBXBuildFile; fileRef = 03F905D71F37FCFE0008FF3E /* CmapFormat6.swift */; };
		03F905DA1F37FE930008FF3E /* CmapFormat4.swift in Sources */ = {isa = PBXBuildFile; fileRef = 03F905D91F37FE930008FF3E /* CmapFormat4.swift */; };
		03F905DC1F38DDF70008FF3E /* GlyphImageFactory.swift in Sources */ = {isa = PBXBuildFile; fileRef = 03F905DB1F38DDF70008FF3E /* GlyphImageFactory.swift */; };
		03F905DE1F38DEC40008FF3E /* Mnemonic.swift in Sources */ = {isa = PBXBuildFile; fileRef = 03F905DD1F38DEC40008FF3E /* Mnemonic.swift */; };
		03F905E01F38E8E50008FF3E /* Disassembler.swift in Sources */ = {isa = PBXBuildFile; fileRef = 03F905DF1F38E8E50008FF3E /* Disassembler.swift */; };
		03FAFA921FD9DD65000D1605 /* GaspTable.swift in Sources */ = {isa = PBXBuildFile; fileRef = 03FAFA911FD9DD65000D1605 /* GaspTable.swift */; };
		03FAFA941FDA13C3000D1605 /* KernTable.swift in Sources */ = {isa = PBXBuildFile; fileRef = 03FAFA931FDA13C3000D1605 /* KernTable.swift */; };
		03FF3A261F2FA86A005F07AB /* TableDirectory.swift in Sources */ = {isa = PBXBuildFile; fileRef = 03FF3A251F2FA86A005F07AB /* TableDirectory.swift */; };
		03FF502B1F477496009F5F0C /* VmtxTable.swift in Sources */ = {isa = PBXBuildFile; fileRef = 03FF502A1F477496009F5F0C /* VmtxTable.swift */; };
		03FF502D1F477B1C009F5F0C /* HdmxTable.swift in Sources */ = {isa = PBXBuildFile; fileRef = 03FF502C1F477B1C009F5F0C /* HdmxTable.swift */; };
		03FF502F1F479003009F5F0C /* VdmxTable.swift in Sources */ = {isa = PBXBuildFile; fileRef = 03FF502E1F479003009F5F0C /* VdmxTable.swift */; };
		03FF50311F47F339009F5F0C /* CvtTable.swift in Sources */ = {isa = PBXBuildFile; fileRef = 03FF50301F47F339009F5F0C /* CvtTable.swift */; };
		03FF50331F48152C009F5F0C /* DsigTable.swift in Sources */ = {isa = PBXBuildFile; fileRef = 03FF50321F48152C009F5F0C /* DsigTable.swift */; };
		03FF506E1F4BE212009F5F0C /* GlyfCompositeDescript.swift in Sources */ = {isa = PBXBuildFile; fileRef = 03FF506D1F4BE212009F5F0C /* GlyfCompositeDescript.swift */; };
		6327BCDF2481B3D4005E1B08 /* UFOKit in Frameworks */ = {isa = PBXBuildFile; productRef = 6327BCDE2481B3D4005E1B08 /* UFOKit */; };
		6327BCE32481E5D1005E1B08 /* CFF in Frameworks */ = {isa = PBXBuildFile; productRef = 6327BCE22481E5D1005E1B08 /* CFF */; };
		6327BCE52481E5D1005E1B08 /* IOUtils in Frameworks */ = {isa = PBXBuildFile; productRef = 6327BCE42481E5D1005E1B08 /* IOUtils */; };
		6373B1B0166A11B5007EC53F /* Cocoa.framework in Frameworks */ = {isa = PBXBuildFile; fileRef = 6373B1AF166A11B5007EC53F /* Cocoa.framework */; };
		6373B1BA166A11B5007EC53F /* InfoPlist.strings in Resources */ = {isa = PBXBuildFile; fileRef = 6373B1B8166A11B5007EC53F /* InfoPlist.strings */; };
/* End PBXBuildFile section */

/* Begin PBXContainerItemProxy section */
		034EC2CA1F730F97008570B3 /* PBXContainerItemProxy */ = {
			isa = PBXContainerItemProxy;
			containerPortal = 6373B1A2166A11B5007EC53F /* Project object */;
			proxyType = 1;
			remoteGlobalIDString = 6373B1AA166A11B5007EC53F;
			remoteInfo = "Type Designer";
		};
		034EC2D81F73103F008570B3 /* PBXContainerItemProxy */ = {
			isa = PBXContainerItemProxy;
			containerPortal = 6373B1A2166A11B5007EC53F /* Project object */;
			proxyType = 1;
			remoteGlobalIDString = 6373B1AA166A11B5007EC53F;
			remoteInfo = "Type Designer";
		};
		03924DBE2108ED5900928986 /* PBXContainerItemProxy */ = {
			isa = PBXContainerItemProxy;
			containerPortal = 03924DB62108ED5900928986 /* FontScript.xcodeproj */;
			proxyType = 2;
			remoteGlobalIDString = 035AD8B820B8CC97006494B7;
			remoteInfo = "FontScript macOS";
		};
		03924DC02108ED5900928986 /* PBXContainerItemProxy */ = {
			isa = PBXContainerItemProxy;
			containerPortal = 03924DB62108ED5900928986 /* FontScript.xcodeproj */;
			proxyType = 2;
			remoteGlobalIDString = 035AD8C120B8CC97006494B7;
			remoteInfo = FontScriptTests;
		};
		03924DC22108ED5900928986 /* PBXContainerItemProxy */ = {
			isa = PBXContainerItemProxy;
			containerPortal = 03924DB62108ED5900928986 /* FontScript.xcodeproj */;
			proxyType = 2;
			remoteGlobalIDString = 03E49DE320F00E650039776E;
			remoteInfo = FontScriptSwiftTests;
		};
		03924DC42108ED5900928986 /* PBXContainerItemProxy */ = {
			isa = PBXContainerItemProxy;
			containerPortal = 03924DB62108ED5900928986 /* FontScript.xcodeproj */;
			proxyType = 2;
			remoteGlobalIDString = 03A1CEA22106A61800127C55;
			remoteInfo = "FontScript iOS";
		};
		03924DC92109089000928986 /* PBXContainerItemProxy */ = {
			isa = PBXContainerItemProxy;
			containerPortal = 03924DB62108ED5900928986 /* FontScript.xcodeproj */;
			proxyType = 1;
			remoteGlobalIDString = 035AD8B720B8CC97006494B7;
			remoteInfo = "FontScript macOS";
		};
/* End PBXContainerItemProxy section */

/* Begin PBXCopyFilesBuildPhase section */
		03FF50211F45188E009F5F0C /* Embed Frameworks */ = {
			isa = PBXCopyFilesBuildPhase;
			buildActionMask = 2147483647;
			dstPath = "";
			dstSubfolderSpec = 10;
			files = (
				03924DC82109085F00928986 /* FontScript.framework in Embed Frameworks */,
			);
			name = "Embed Frameworks";
			runOnlyForDeploymentPostprocessing = 0;
		};
/* End PBXCopyFilesBuildPhase section */

/* Begin PBXFileReference section */
		030A32A41F31054C006B2BAC /* Os2Table.swift */ = {isa = PBXFileReference; fileEncoding = 4; lastKnownFileType = sourcecode.swift; path = Os2Table.swift; sourceTree = "<group>"; };
		030A32A61F312A4E006B2BAC /* NameTable.swift */ = {isa = PBXFileReference; fileEncoding = 4; lastKnownFileType = sourcecode.swift; path = NameTable.swift; sourceTree = "<group>"; };
		030A32A81F314823006B2BAC /* AppDelegate.swift */ = {isa = PBXFileReference; fileEncoding = 4; lastKnownFileType = sourcecode.swift; path = AppDelegate.swift; sourceTree = "<group>"; };
		03358583211A6C3F0075FD98 /* aglfn.txt */ = {isa = PBXFileReference; fileEncoding = 4; lastKnownFileType = text; path = aglfn.txt; sourceTree = "<group>"; };
		0335858B211A6E680075FD98 /* AdobeGlyphListForNewFonts.swift */ = {isa = PBXFileReference; lastKnownFileType = sourcecode.swift; path = AdobeGlyphListForNewFonts.swift; sourceTree = "<group>"; };
		033CF1091F5628C3005D15ED /* Assets.xcassets */ = {isa = PBXFileReference; lastKnownFileType = folder.assetcatalog; path = Assets.xcassets; sourceTree = "<group>"; };
		033CF10D1F56293E005D15ED /* Main.storyboard */ = {isa = PBXFileReference; fileEncoding = 4; lastKnownFileType = file.storyboard; path = Main.storyboard; sourceTree = "<group>"; };
		033CF10F1F568C45005D15ED /* FontViewController.swift */ = {isa = PBXFileReference; fileEncoding = 4; lastKnownFileType = sourcecode.swift; path = FontViewController.swift; sourceTree = "<group>"; };
		033CF14C1F574D95005D15ED /* GlyphViewController.swift */ = {isa = PBXFileReference; fileEncoding = 4; lastKnownFileType = sourcecode.swift; path = GlyphViewController.swift; sourceTree = "<group>"; };
		0348BE641F32AB3B00446B58 /* TTCHeader.swift */ = {isa = PBXFileReference; fileEncoding = 4; lastKnownFileType = sourcecode.swift; path = TTCHeader.swift; sourceTree = "<group>"; };
		0348BE661F33A78A00446B58 /* PostTable.swift */ = {isa = PBXFileReference; fileEncoding = 4; lastKnownFileType = sourcecode.swift; path = PostTable.swift; sourceTree = "<group>"; };
		0348BE681F33C67F00446B58 /* GlyfTable.swift */ = {isa = PBXFileReference; fileEncoding = 4; lastKnownFileType = sourcecode.swift; path = GlyfTable.swift; sourceTree = "<group>"; };
		0348BE6A1F33D6DB00446B58 /* GlyfSimpleDescript.swift */ = {isa = PBXFileReference; fileEncoding = 4; lastKnownFileType = sourcecode.swift; path = GlyfSimpleDescript.swift; sourceTree = "<group>"; };
		0348BE6C1F33DD3700446B58 /* GlyfDescript.swift */ = {isa = PBXFileReference; fileEncoding = 4; lastKnownFileType = sourcecode.swift; path = GlyfDescript.swift; sourceTree = "<group>"; };
		0348BE721F33ED9100446B58 /* FpgmTable.swift */ = {isa = PBXFileReference; fileEncoding = 4; lastKnownFileType = sourcecode.swift; path = FpgmTable.swift; sourceTree = "<group>"; };
		0348BE741F33EF6800446B58 /* PrepTable.swift */ = {isa = PBXFileReference; fileEncoding = 4; lastKnownFileType = sourcecode.swift; path = PrepTable.swift; sourceTree = "<group>"; };
		034BF03A1F96A9AA00BFE9F1 /* CharacterToGlyphMapping.swift */ = {isa = PBXFileReference; lastKnownFileType = sourcecode.swift; path = CharacterToGlyphMapping.swift; sourceTree = "<group>"; };
		034EC2C51F730F97008570B3 /* TypeDesignerUITests.xctest */ = {isa = PBXFileReference; explicitFileType = wrapper.cfbundle; includeInIndex = 0; path = TypeDesignerUITests.xctest; sourceTree = BUILT_PRODUCTS_DIR; };
		034EC2C71F730F97008570B3 /* TypeDesignerUITests.swift */ = {isa = PBXFileReference; lastKnownFileType = sourcecode.swift; path = TypeDesignerUITests.swift; sourceTree = "<group>"; };
		034EC2C91F730F97008570B3 /* Info.plist */ = {isa = PBXFileReference; lastKnownFileType = text.plist.xml; path = Info.plist; sourceTree = "<group>"; };
		034EC2D31F73103F008570B3 /* TypeDesignerTests.xctest */ = {isa = PBXFileReference; explicitFileType = wrapper.cfbundle; includeInIndex = 0; path = TypeDesignerTests.xctest; sourceTree = BUILT_PRODUCTS_DIR; };
		034EC2D51F73103F008570B3 /* TypeDesignerTests.swift */ = {isa = PBXFileReference; lastKnownFileType = sourcecode.swift; path = TypeDesignerTests.swift; sourceTree = "<group>"; };
		034EC2D71F73103F008570B3 /* Info.plist */ = {isa = PBXFileReference; lastKnownFileType = text.plist.xml; path = Info.plist; sourceTree = "<group>"; };
		035AD8AA20B8BB1C006494B7 /* UFODocument.swift */ = {isa = PBXFileReference; lastKnownFileType = sourcecode.swift; path = UFODocument.swift; sourceTree = "<group>"; };
		035AD8AC20B8BC64006494B7 /* UFOFont.swift */ = {isa = PBXFileReference; lastKnownFileType = sourcecode.swift; path = UFOFont.swift; sourceTree = "<group>"; };
		036383A32112392900E7E26C /* OpenTypeConverter.swift */ = {isa = PBXFileReference; lastKnownFileType = sourcecode.swift; path = OpenTypeConverter.swift; sourceTree = "<group>"; };
		0376EE7621BB5A8000255C91 /* UCD.swift */ = {isa = PBXFileReference; lastKnownFileType = sourcecode.swift; path = UCD.swift; sourceTree = "<group>"; };
		0376EE8221BF59A900255C91 /* ucd */ = {isa = PBXFileReference; lastKnownFileType = folder; path = ucd; sourceTree = "<group>"; };
		0383EA9F21C88A9600C5943A /* GlyphPropertyViewController.swift */ = {isa = PBXFileReference; lastKnownFileType = sourcecode.swift; path = GlyphPropertyViewController.swift; sourceTree = "<group>"; };
		0386FD3B213A242D00513433 /* GlyphWindowController.swift */ = {isa = PBXFileReference; lastKnownFileType = sourcecode.swift; path = GlyphWindowController.swift; sourceTree = "<group>"; };
		03924DB62108ED5900928986 /* FontScript.xcodeproj */ = {isa = PBXFileReference; lastKnownFileType = "wrapper.pb-project"; name = FontScript.xcodeproj; path = FontScript/FontScript.xcodeproj; sourceTree = "<group>"; };
		03924DCB21090D3D00928986 /* RoboFontLib.swift */ = {isa = PBXFileReference; lastKnownFileType = sourcecode.swift; path = RoboFontLib.swift; sourceTree = "<group>"; };
		03924DCD21092AA900928986 /* UFOGlyph.swift */ = {isa = PBXFileReference; lastKnownFileType = sourcecode.swift; path = UFOGlyph.swift; sourceTree = "<group>"; };
		03924DCF2109338C00928986 /* UFOLayer.swift */ = {isa = PBXFileReference; lastKnownFileType = sourcecode.swift; path = UFOLayer.swift; sourceTree = "<group>"; };
		039845B71F195B6F0040988F /* HheaTable.swift */ = {isa = PBXFileReference; fileEncoding = 4; lastKnownFileType = sourcecode.swift; path = HheaTable.swift; sourceTree = "<group>"; };
		039845B91F1977CE0040988F /* Table.swift */ = {isa = PBXFileReference; fileEncoding = 4; lastKnownFileType = sourcecode.swift; path = Table.swift; sourceTree = "<group>"; };
		039845BB1F19802E0040988F /* HmtxTable.swift */ = {isa = PBXFileReference; fileEncoding = 4; lastKnownFileType = sourcecode.swift; path = HmtxTable.swift; sourceTree = "<group>"; };
		03A6611D1F17FD43007864A8 /* Type Designer-Bridging-Header.h */ = {isa = PBXFileReference; lastKnownFileType = sourcecode.c.h; path = "Type Designer-Bridging-Header.h"; sourceTree = "<group>"; };
		03A6611E1F17FD43007864A8 /* HeadTable.swift */ = {isa = PBXFileReference; fileEncoding = 4; lastKnownFileType = sourcecode.swift; path = HeadTable.swift; sourceTree = "<group>"; };
		03A72DCE1F578E8C003ABF74 /* CharacterMapItem.xib */ = {isa = PBXFileReference; fileEncoding = 4; lastKnownFileType = file.xib; path = CharacterMapItem.xib; sourceTree = "<group>"; };
		03A72DD01F5A0A5E003ABF74 /* FontDocumentController.swift */ = {isa = PBXFileReference; fileEncoding = 4; lastKnownFileType = sourcecode.swift; path = FontDocumentController.swift; sourceTree = "<group>"; };
		03A72DD21F5A17A9003ABF74 /* FontWindowController.swift */ = {isa = PBXFileReference; fileEncoding = 4; lastKnownFileType = sourcecode.swift; path = FontWindowController.swift; sourceTree = "<group>"; };
		03A72DD41F5A1C8D003ABF74 /* ImportViewController.swift */ = {isa = PBXFileReference; fileEncoding = 4; lastKnownFileType = sourcecode.swift; path = ImportViewController.swift; sourceTree = "<group>"; };
		03A72DD61F5CB781003ABF74 /* FontController.swift */ = {isa = PBXFileReference; fileEncoding = 4; lastKnownFileType = sourcecode.swift; path = FontController.swift; sourceTree = "<group>"; };
		03B311F41F2A7128001E6712 /* OpenTypeDocument.swift */ = {isa = PBXFileReference; fileEncoding = 4; lastKnownFileType = sourcecode.swift; path = OpenTypeDocument.swift; sourceTree = "<group>"; };
		03B311F61F2A9CC3001E6712 /* OpenTypeFont.swift */ = {isa = PBXFileReference; fileEncoding = 4; lastKnownFileType = sourcecode.swift; path = OpenTypeFont.swift; sourceTree = "<group>"; };
		03B311F81F2A9D60001E6712 /* OpenTypeFontCollection.swift */ = {isa = PBXFileReference; fileEncoding = 4; lastKnownFileType = sourcecode.swift; path = OpenTypeFontCollection.swift; sourceTree = "<group>"; };
		03B311FA1F2AC062001E6712 /* TCResourceHeader.swift */ = {isa = PBXFileReference; fileEncoding = 4; lastKnownFileType = sourcecode.swift; path = TCResourceHeader.swift; sourceTree = "<group>"; };
		03B311FC1F2AC13F001E6712 /* TCResourceMap.swift */ = {isa = PBXFileReference; fileEncoding = 4; lastKnownFileType = sourcecode.swift; path = TCResourceMap.swift; sourceTree = "<group>"; };
		03B311FE1F2AC451001E6712 /* TCResourceType.swift */ = {isa = PBXFileReference; fileEncoding = 4; lastKnownFileType = sourcecode.swift; path = TCResourceType.swift; sourceTree = "<group>"; };
		03B312001F2AC6BE001E6712 /* TCResourceReference.swift */ = {isa = PBXFileReference; fileEncoding = 4; lastKnownFileType = sourcecode.swift; path = TCResourceReference.swift; sourceTree = "<group>"; };
		03B619131F3D283D00EA1D0E /* CmapFormat12.swift */ = {isa = PBXFileReference; fileEncoding = 4; lastKnownFileType = sourcecode.swift; path = CmapFormat12.swift; sourceTree = "<group>"; };
		03B619171F3E128200EA1D0E /* T2Glyph.swift */ = {isa = PBXFileReference; fileEncoding = 4; lastKnownFileType = sourcecode.swift; path = T2Glyph.swift; sourceTree = "<group>"; };
		03C162901F2174BB00A44848 /* GlyphView.swift */ = {isa = PBXFileReference; fileEncoding = 4; lastKnownFileType = sourcecode.swift; path = GlyphView.swift; sourceTree = "<group>"; };
		03C40BEC1F35316F00CD6BAC /* GlyfNullDescript.swift */ = {isa = PBXFileReference; fileEncoding = 4; lastKnownFileType = sourcecode.swift; path = GlyfNullDescript.swift; sourceTree = "<group>"; };
		03C40BF01F36A49F00CD6BAC /* VheaTable.swift */ = {isa = PBXFileReference; fileEncoding = 4; lastKnownFileType = sourcecode.swift; path = VheaTable.swift; sourceTree = "<group>"; };
		03C40BF21F36A84300CD6BAC /* MaxpTable.swift */ = {isa = PBXFileReference; fileEncoding = 4; lastKnownFileType = sourcecode.swift; path = MaxpTable.swift; sourceTree = "<group>"; };
		03C40BF41F36F99A00CD6BAC /* LocaTable.swift */ = {isa = PBXFileReference; fileEncoding = 4; lastKnownFileType = sourcecode.swift; path = LocaTable.swift; sourceTree = "<group>"; };
		03C40BF61F3795C800CD6BAC /* ID.swift */ = {isa = PBXFileReference; fileEncoding = 4; lastKnownFileType = sourcecode.swift; path = ID.swift; sourceTree = "<group>"; };
		03C567481F6B37E8004C915B /* ImportWindowController.swift */ = {isa = PBXFileReference; fileEncoding = 4; lastKnownFileType = sourcecode.swift; path = ImportWindowController.swift; sourceTree = "<group>"; };
		03C5674C1F6B5195004C915B /* OpenTypeCollectionDocument.swift */ = {isa = PBXFileReference; fileEncoding = 4; lastKnownFileType = sourcecode.swift; path = OpenTypeCollectionDocument.swift; sourceTree = "<group>"; };
		03CBC249210A79A70031244D /* QuartzPen.swift */ = {isa = PBXFileReference; lastKnownFileType = sourcecode.swift; path = QuartzPen.swift; sourceTree = "<group>"; };
		03CE9CA11FBE78A2002FE971 /* TTFont.swift */ = {isa = PBXFileReference; lastKnownFileType = sourcecode.swift; path = TTFont.swift; sourceTree = "<group>"; };
		03CE9CA51FBE78B1002FE971 /* T2Font.swift */ = {isa = PBXFileReference; lastKnownFileType = sourcecode.swift; path = T2Font.swift; sourceTree = "<group>"; };
		03D07AA91F4F87580070F49D /* CharacterMapItem.swift */ = {isa = PBXFileReference; fileEncoding = 4; lastKnownFileType = sourcecode.swift; path = CharacterMapItem.swift; sourceTree = "<group>"; };
		03EF55D92114E79700D11462 /* FontConverter.swift */ = {isa = PBXFileReference; lastKnownFileType = sourcecode.swift; path = FontConverter.swift; sourceTree = "<group>"; };
		03F1F20A1FCA527D00813EDD /* NamesViewController.swift */ = {isa = PBXFileReference; lastKnownFileType = sourcecode.swift; path = NamesViewController.swift; sourceTree = "<group>"; };
		03F1F20E1FCA52DC00813EDD /* FontPropertyWindowController.swift */ = {isa = PBXFileReference; lastKnownFileType = sourcecode.swift; path = FontPropertyWindowController.swift; sourceTree = "<group>"; };
		03F1F2101FCC985D00813EDD /* TableWriter.swift */ = {isa = PBXFileReference; lastKnownFileType = sourcecode.swift; path = TableWriter.swift; sourceTree = "<group>"; };
		03F6871D1F39565000F467BA /* CffTable.swift */ = {isa = PBXFileReference; fileEncoding = 4; lastKnownFileType = sourcecode.swift; path = CffTable.swift; sourceTree = "<group>"; };
		03F905CB1F37A8840008FF3E /* CmapTable.swift */ = {isa = PBXFileReference; fileEncoding = 4; lastKnownFileType = sourcecode.swift; path = CmapTable.swift; sourceTree = "<group>"; };
		03F905CF1F37CBFF0008FF3E /* CmapFormat.swift */ = {isa = PBXFileReference; fileEncoding = 4; lastKnownFileType = sourcecode.swift; path = CmapFormat.swift; sourceTree = "<group>"; };
		03F905D11F37D38E0008FF3E /* CmapFormat0.swift */ = {isa = PBXFileReference; fileEncoding = 4; lastKnownFileType = sourcecode.swift; path = CmapFormat0.swift; sourceTree = "<group>"; };
		03F905D31F37DA3D0008FF3E /* CmapFormatUnknown.swift */ = {isa = PBXFileReference; fileEncoding = 4; lastKnownFileType = sourcecode.swift; path = CmapFormatUnknown.swift; sourceTree = "<group>"; };
		03F905D51F37E7CC0008FF3E /* CmapFormat2.swift */ = {isa = PBXFileReference; fileEncoding = 4; lastKnownFileType = sourcecode.swift; path = CmapFormat2.swift; sourceTree = "<group>"; };
		03F905D71F37FCFE0008FF3E /* CmapFormat6.swift */ = {isa = PBXFileReference; fileEncoding = 4; lastKnownFileType = sourcecode.swift; path = CmapFormat6.swift; sourceTree = "<group>"; };
		03F905D91F37FE930008FF3E /* CmapFormat4.swift */ = {isa = PBXFileReference; fileEncoding = 4; lastKnownFileType = sourcecode.swift; path = CmapFormat4.swift; sourceTree = "<group>"; };
		03F905DB1F38DDF70008FF3E /* GlyphImageFactory.swift */ = {isa = PBXFileReference; fileEncoding = 4; lastKnownFileType = sourcecode.swift; path = GlyphImageFactory.swift; sourceTree = "<group>"; };
		03F905DD1F38DEC40008FF3E /* Mnemonic.swift */ = {isa = PBXFileReference; fileEncoding = 4; lastKnownFileType = sourcecode.swift; path = Mnemonic.swift; sourceTree = "<group>"; };
		03F905DF1F38E8E50008FF3E /* Disassembler.swift */ = {isa = PBXFileReference; fileEncoding = 4; lastKnownFileType = sourcecode.swift; path = Disassembler.swift; sourceTree = "<group>"; };
		03FAFA911FD9DD65000D1605 /* GaspTable.swift */ = {isa = PBXFileReference; lastKnownFileType = sourcecode.swift; path = GaspTable.swift; sourceTree = "<group>"; };
		03FAFA931FDA13C3000D1605 /* KernTable.swift */ = {isa = PBXFileReference; lastKnownFileType = sourcecode.swift; path = KernTable.swift; sourceTree = "<group>"; };
		03FF3A251F2FA86A005F07AB /* TableDirectory.swift */ = {isa = PBXFileReference; fileEncoding = 4; lastKnownFileType = sourcecode.swift; path = TableDirectory.swift; sourceTree = "<group>"; };
		03FF502A1F477496009F5F0C /* VmtxTable.swift */ = {isa = PBXFileReference; fileEncoding = 4; lastKnownFileType = sourcecode.swift; path = VmtxTable.swift; sourceTree = "<group>"; };
		03FF502C1F477B1C009F5F0C /* HdmxTable.swift */ = {isa = PBXFileReference; fileEncoding = 4; lastKnownFileType = sourcecode.swift; path = HdmxTable.swift; sourceTree = "<group>"; };
		03FF502E1F479003009F5F0C /* VdmxTable.swift */ = {isa = PBXFileReference; fileEncoding = 4; lastKnownFileType = sourcecode.swift; path = VdmxTable.swift; sourceTree = "<group>"; };
		03FF50301F47F339009F5F0C /* CvtTable.swift */ = {isa = PBXFileReference; fileEncoding = 4; lastKnownFileType = sourcecode.swift; path = CvtTable.swift; sourceTree = "<group>"; };
		03FF50321F48152C009F5F0C /* DsigTable.swift */ = {isa = PBXFileReference; fileEncoding = 4; lastKnownFileType = sourcecode.swift; path = DsigTable.swift; sourceTree = "<group>"; };
		03FF506D1F4BE212009F5F0C /* GlyfCompositeDescript.swift */ = {isa = PBXFileReference; fileEncoding = 4; lastKnownFileType = sourcecode.swift; path = GlyfCompositeDescript.swift; sourceTree = "<group>"; };
		6327BCE02481E1CB005E1B08 /* IOUtils */ = {isa = PBXFileReference; lastKnownFileType = folder; path = IOUtils; sourceTree = "<group>"; };
		6327BCE12481E300005E1B08 /* CFF */ = {isa = PBXFileReference; lastKnownFileType = folder; path = CFF; sourceTree = "<group>"; };
		6365E66C167559690054AAB3 /* README.md */ = {isa = PBXFileReference; fileEncoding = 4; lastKnownFileType = text; path = README.md; sourceTree = "<group>"; };
		6373B1AB166A11B5007EC53F /* Type Designer.app */ = {isa = PBXFileReference; explicitFileType = wrapper.application; includeInIndex = 0; path = "Type Designer.app"; sourceTree = BUILT_PRODUCTS_DIR; };
		6373B1AF166A11B5007EC53F /* Cocoa.framework */ = {isa = PBXFileReference; lastKnownFileType = wrapper.framework; name = Cocoa.framework; path = System/Library/Frameworks/Cocoa.framework; sourceTree = SDKROOT; };
		6373B1B2166A11B5007EC53F /* AppKit.framework */ = {isa = PBXFileReference; lastKnownFileType = wrapper.framework; name = AppKit.framework; path = System/Library/Frameworks/AppKit.framework; sourceTree = SDKROOT; };
		6373B1B3166A11B5007EC53F /* CoreData.framework */ = {isa = PBXFileReference; lastKnownFileType = wrapper.framework; name = CoreData.framework; path = System/Library/Frameworks/CoreData.framework; sourceTree = SDKROOT; };
		6373B1B4166A11B5007EC53F /* Foundation.framework */ = {isa = PBXFileReference; lastKnownFileType = wrapper.framework; name = Foundation.framework; path = System/Library/Frameworks/Foundation.framework; sourceTree = SDKROOT; };
		6373B1B7166A11B5007EC53F /* Info.plist */ = {isa = PBXFileReference; lastKnownFileType = text.plist.xml; path = Info.plist; sourceTree = "<group>"; };
		6373B1B9166A11B5007EC53F /* en */ = {isa = PBXFileReference; lastKnownFileType = text.plist.strings; name = en; path = en.lproj/InfoPlist.strings; sourceTree = "<group>"; };
		6373B1BD166A11B5007EC53F /* Type-Designer-Prefix.pch */ = {isa = PBXFileReference; lastKnownFileType = sourcecode.c.h; path = "Type-Designer-Prefix.pch"; sourceTree = "<group>"; };
		63D3F55C2364C693005881D6 /* Type Designer.entitlements */ = {isa = PBXFileReference; lastKnownFileType = text.plist.entitlements; path = "Type Designer.entitlements"; sourceTree = SOURCE_ROOT; };
/* End PBXFileReference section */

/* Begin PBXFrameworksBuildPhase section */
		034EC2C21F730F97008570B3 /* Frameworks */ = {
			isa = PBXFrameworksBuildPhase;
			buildActionMask = 2147483647;
			files = (
			);
			runOnlyForDeploymentPostprocessing = 0;
		};
		034EC2D01F73103F008570B3 /* Frameworks */ = {
			isa = PBXFrameworksBuildPhase;
			buildActionMask = 2147483647;
			files = (
			);
			runOnlyForDeploymentPostprocessing = 0;
		};
		6373B1A8166A11B5007EC53F /* Frameworks */ = {
			isa = PBXFrameworksBuildPhase;
			buildActionMask = 2147483647;
			files = (
				6327BCE52481E5D1005E1B08 /* IOUtils in Frameworks */,
				6327BCE32481E5D1005E1B08 /* CFF in Frameworks */,
				6327BCDF2481B3D4005E1B08 /* UFOKit in Frameworks */,
				6373B1B0166A11B5007EC53F /* Cocoa.framework in Frameworks */,
			);
			runOnlyForDeploymentPostprocessing = 0;
		};
/* End PBXFrameworksBuildPhase section */

/* Begin PBXGroup section */
		034EC2C61F730F97008570B3 /* TypeDesignerUITests */ = {
			isa = PBXGroup;
			children = (
				034EC2C71F730F97008570B3 /* TypeDesignerUITests.swift */,
				034EC2C91F730F97008570B3 /* Info.plist */,
			);
			path = TypeDesignerUITests;
			sourceTree = "<group>";
		};
		034EC2D41F73103F008570B3 /* TypeDesignerTests */ = {
			isa = PBXGroup;
			children = (
				034EC2D51F73103F008570B3 /* TypeDesignerTests.swift */,
				034EC2D71F73103F008570B3 /* Info.plist */,
			);
			path = TypeDesignerTests;
			sourceTree = "<group>";
		};
		03924DB72108ED5900928986 /* Products */ = {
			isa = PBXGroup;
			children = (
				03924DBF2108ED5900928986 /* FontScript.framework */,
				03924DC12108ED5900928986 /* FontScriptTests.xctest */,
				03924DC32108ED5900928986 /* FontScriptSwiftTests.xctest */,
				03924DC52108ED5900928986 /* FontScript.framework */,
			);
			name = Products;
			sourceTree = "<group>";
		};
		03D07AA31F4F80110070F49D /* Controllers */ = {
			isa = PBXGroup;
			children = (
				030A32A81F314823006B2BAC /* AppDelegate.swift */,
				033CF10F1F568C45005D15ED /* FontViewController.swift */,
				0376EE7621BB5A8000255C91 /* UCD.swift */,
				03D07AA91F4F87580070F49D /* CharacterMapItem.swift */,
				0383EA9F21C88A9600C5943A /* GlyphPropertyViewController.swift */,
				033CF14C1F574D95005D15ED /* GlyphViewController.swift */,
				03F1F20A1FCA527D00813EDD /* NamesViewController.swift */,
				03F1F20E1FCA52DC00813EDD /* FontPropertyWindowController.swift */,
				0386FD3B213A242D00513433 /* GlyphWindowController.swift */,
				03A72DD01F5A0A5E003ABF74 /* FontDocumentController.swift */,
				03A72DD21F5A17A9003ABF74 /* FontWindowController.swift */,
				03A72DD41F5A1C8D003ABF74 /* ImportViewController.swift */,
				03C567481F6B37E8004C915B /* ImportWindowController.swift */,
			);
			name = Controllers;
			sourceTree = "<group>";
		};
		03D07AA61F4F80340070F49D /* Resources */ = {
			isa = PBXGroup;
			children = (
				0376EE8221BF59A900255C91 /* ucd */,
				03358583211A6C3F0075FD98 /* aglfn.txt */,
				03A72DCE1F578E8C003ABF74 /* CharacterMapItem.xib */,
				033CF1091F5628C3005D15ED /* Assets.xcassets */,
				033CF10D1F56293E005D15ED /* Main.storyboard */,
				6373B1B7166A11B5007EC53F /* Info.plist */,
				6373B1B8166A11B5007EC53F /* InfoPlist.strings */,
			);
			name = Resources;
			sourceTree = "<group>";
		};
		03D07AA71F4F80610070F49D /* Views */ = {
			isa = PBXGroup;
			children = (
				03C162901F2174BB00A44848 /* GlyphView.swift */,
			);
			name = Views;
			sourceTree = "<group>";
		};
		03D07AA81F4F80F50070F49D /* Model */ = {
			isa = PBXGroup;
			children = (
				03B311F61F2A9CC3001E6712 /* OpenTypeFont.swift */,
				03CE9CA11FBE78A2002FE971 /* TTFont.swift */,
				03CE9CA51FBE78B1002FE971 /* T2Font.swift */,
				03B619171F3E128200EA1D0E /* T2Glyph.swift */,
				035AD8AC20B8BC64006494B7 /* UFOFont.swift */,
				03924DCF2109338C00928986 /* UFOLayer.swift */,
				03924DCD21092AA900928986 /* UFOGlyph.swift */,
				03924DCB21090D3D00928986 /* RoboFontLib.swift */,
				035AD8AA20B8BB1C006494B7 /* UFODocument.swift */,
				03B311F41F2A7128001E6712 /* OpenTypeDocument.swift */,
				03C5674C1F6B5195004C915B /* OpenTypeCollectionDocument.swift */,
				03A72DD61F5CB781003ABF74 /* FontController.swift */,
				03B311F81F2A9D60001E6712 /* OpenTypeFontCollection.swift */,
				03EF55D92114E79700D11462 /* FontConverter.swift */,
				036383A32112392900E7E26C /* OpenTypeConverter.swift */,
				03F905DB1F38DDF70008FF3E /* GlyphImageFactory.swift */,
				03CBC249210A79A70031244D /* QuartzPen.swift */,
				0335858B211A6E680075FD98 /* AdobeGlyphListForNewFonts.swift */,
			);
			name = Model;
			sourceTree = "<group>";
		};
		630AA399166B5A17001BD6BF /* Tables */ = {
			isa = PBXGroup;
			children = (
				039845B91F1977CE0040988F /* Table.swift */,
				03F905CF1F37CBFF0008FF3E /* CmapFormat.swift */,
				03F905D11F37D38E0008FF3E /* CmapFormat0.swift */,
				03F905D51F37E7CC0008FF3E /* CmapFormat2.swift */,
				03F905D91F37FE930008FF3E /* CmapFormat4.swift */,
				03F905D71F37FCFE0008FF3E /* CmapFormat6.swift */,
				03B619131F3D283D00EA1D0E /* CmapFormat12.swift */,
				03F905D31F37DA3D0008FF3E /* CmapFormatUnknown.swift */,
				03F905CB1F37A8840008FF3E /* CmapTable.swift */,
				034BF03A1F96A9AA00BFE9F1 /* CharacterToGlyphMapping.swift */,
				03C40BF61F3795C800CD6BAC /* ID.swift */,
				03C40BF41F36F99A00CD6BAC /* LocaTable.swift */,
				03C40BF21F36A84300CD6BAC /* MaxpTable.swift */,
				030A32A61F312A4E006B2BAC /* NameTable.swift */,
				03C40BF01F36A49F00CD6BAC /* VheaTable.swift */,
				030A32A41F31054C006B2BAC /* Os2Table.swift */,
				0348BE661F33A78A00446B58 /* PostTable.swift */,
				0348BE681F33C67F00446B58 /* GlyfTable.swift */,
				0348BE6C1F33DD3700446B58 /* GlyfDescript.swift */,
				03C40BEC1F35316F00CD6BAC /* GlyfNullDescript.swift */,
				0348BE6A1F33D6DB00446B58 /* GlyfSimpleDescript.swift */,
				03FF506D1F4BE212009F5F0C /* GlyfCompositeDescript.swift */,
				0348BE641F32AB3B00446B58 /* TTCHeader.swift */,
				0348BE741F33EF6800446B58 /* PrepTable.swift */,
				0348BE721F33ED9100446B58 /* FpgmTable.swift */,
				03F6871D1F39565000F467BA /* CffTable.swift */,
				03A6611E1F17FD43007864A8 /* HeadTable.swift */,
				039845B71F195B6F0040988F /* HheaTable.swift */,
				039845BB1F19802E0040988F /* HmtxTable.swift */,
				03FF502A1F477496009F5F0C /* VmtxTable.swift */,
				03FF502C1F477B1C009F5F0C /* HdmxTable.swift */,
				03FF502E1F479003009F5F0C /* VdmxTable.swift */,
				03FF50301F47F339009F5F0C /* CvtTable.swift */,
				03FF50321F48152C009F5F0C /* DsigTable.swift */,
				03FAFA911FD9DD65000D1605 /* GaspTable.swift */,
				03FAFA931FDA13C3000D1605 /* KernTable.swift */,
				03FF3A251F2FA86A005F07AB /* TableDirectory.swift */,
				03F905DD1F38DEC40008FF3E /* Mnemonic.swift */,
				03F905DF1F38E8E50008FF3E /* Disassembler.swift */,
				03F1F2101FCC985D00813EDD /* TableWriter.swift */,
			);
			name = Tables;
			sourceTree = "<group>";
		};
		63534560168DB12C00C66A9F /* Suitcase */ = {
			isa = PBXGroup;
			children = (
				03B311FA1F2AC062001E6712 /* TCResourceHeader.swift */,
				03B311FC1F2AC13F001E6712 /* TCResourceMap.swift */,
				03B311FE1F2AC451001E6712 /* TCResourceType.swift */,
				03B312001F2AC6BE001E6712 /* TCResourceReference.swift */,
			);
			name = Suitcase;
			sourceTree = "<group>";
		};
		6373B1A0166A11B5007EC53F = {
			isa = PBXGroup;
			children = (
				6365E66C167559690054AAB3 /* README.md */,
				6327BCE02481E1CB005E1B08 /* IOUtils */,
				6327BCE12481E300005E1B08 /* CFF */,
				03924DB62108ED5900928986 /* FontScript.xcodeproj */,
				6373B1B5166A11B5007EC53F /* Type Designer */,
				034EC2C61F730F97008570B3 /* TypeDesignerUITests */,
				034EC2D41F73103F008570B3 /* TypeDesignerTests */,
				6373B1AE166A11B5007EC53F /* Frameworks */,
				6373B1AC166A11B5007EC53F /* Products */,
			);
			indentWidth = 2;
			sourceTree = "<group>";
			tabWidth = 2;
		};
		6373B1AC166A11B5007EC53F /* Products */ = {
			isa = PBXGroup;
			children = (
				6373B1AB166A11B5007EC53F /* Type Designer.app */,
				034EC2C51F730F97008570B3 /* TypeDesignerUITests.xctest */,
				034EC2D31F73103F008570B3 /* TypeDesignerTests.xctest */,
			);
			name = Products;
			sourceTree = "<group>";
		};
		6373B1AE166A11B5007EC53F /* Frameworks */ = {
			isa = PBXGroup;
			children = (
				6373B1AF166A11B5007EC53F /* Cocoa.framework */,
				6373B1B1166A11B5007EC53F /* Other Frameworks */,
			);
			name = Frameworks;
			sourceTree = "<group>";
		};
		6373B1B1166A11B5007EC53F /* Other Frameworks */ = {
			isa = PBXGroup;
			children = (
				6373B1B2166A11B5007EC53F /* AppKit.framework */,
				6373B1B3166A11B5007EC53F /* CoreData.framework */,
				6373B1B4166A11B5007EC53F /* Foundation.framework */,
			);
			name = "Other Frameworks";
			sourceTree = "<group>";
		};
		6373B1B5166A11B5007EC53F /* Type Designer */ = {
			isa = PBXGroup;
			children = (
				63D3F55C2364C693005881D6 /* Type Designer.entitlements */,
				630AA399166B5A17001BD6BF /* Tables */,
				63534560168DB12C00C66A9F /* Suitcase */,
				6373B1B6166A11B5007EC53F /* Supporting Files */,
				03D07AA31F4F80110070F49D /* Controllers */,
				03D07AA71F4F80610070F49D /* Views */,
				03D07AA81F4F80F50070F49D /* Model */,
				03D07AA61F4F80340070F49D /* Resources */,
			);
			name = "Type Designer";
			path = TypeDesigner;
			sourceTree = "<group>";
		};
		6373B1B6166A11B5007EC53F /* Supporting Files */ = {
			isa = PBXGroup;
			children = (
				03A6611D1F17FD43007864A8 /* Type Designer-Bridging-Header.h */,
				6373B1BD166A11B5007EC53F /* Type-Designer-Prefix.pch */,
			);
			name = "Supporting Files";
			sourceTree = "<group>";
		};
/* End PBXGroup section */

/* Begin PBXNativeTarget section */
		034EC2C41F730F97008570B3 /* TypeDesignerUITests */ = {
			isa = PBXNativeTarget;
			buildConfigurationList = 034EC2CC1F730F97008570B3 /* Build configuration list for PBXNativeTarget "TypeDesignerUITests" */;
			buildPhases = (
				034EC2C11F730F97008570B3 /* Sources */,
				034EC2C21F730F97008570B3 /* Frameworks */,
				034EC2C31F730F97008570B3 /* Resources */,
			);
			buildRules = (
			);
			dependencies = (
				034EC2CB1F730F97008570B3 /* PBXTargetDependency */,
			);
			name = TypeDesignerUITests;
			productName = TypeDesignerUITests;
			productReference = 034EC2C51F730F97008570B3 /* TypeDesignerUITests.xctest */;
			productType = "com.apple.product-type.bundle.ui-testing";
		};
		034EC2D21F73103F008570B3 /* TypeDesignerTests */ = {
			isa = PBXNativeTarget;
			buildConfigurationList = 034EC2DA1F73103F008570B3 /* Build configuration list for PBXNativeTarget "TypeDesignerTests" */;
			buildPhases = (
				034EC2CF1F73103F008570B3 /* Sources */,
				034EC2D01F73103F008570B3 /* Frameworks */,
				034EC2D11F73103F008570B3 /* Resources */,
			);
			buildRules = (
			);
			dependencies = (
				034EC2D91F73103F008570B3 /* PBXTargetDependency */,
			);
			name = TypeDesignerTests;
			productName = TypeDesignerTests;
			productReference = 034EC2D31F73103F008570B3 /* TypeDesignerTests.xctest */;
			productType = "com.apple.product-type.bundle.unit-test";
		};
		6373B1AA166A11B5007EC53F /* Type Designer */ = {
			isa = PBXNativeTarget;
			buildConfigurationList = 6373B1E0166A11B5007EC53F /* Build configuration list for PBXNativeTarget "Type Designer" */;
			buildPhases = (
				6373B1A7166A11B5007EC53F /* Sources */,
				6373B1A8166A11B5007EC53F /* Frameworks */,
				6373B1A9166A11B5007EC53F /* Resources */,
				03FF50211F45188E009F5F0C /* Embed Frameworks */,
			);
			buildRules = (
			);
			dependencies = (
				03924DCA2109089000928986 /* PBXTargetDependency */,
			);
			name = "Type Designer";
			packageProductDependencies = (
				6327BCDE2481B3D4005E1B08 /* UFOKit */,
				6327BCE22481E5D1005E1B08 /* CFF */,
				6327BCE42481E5D1005E1B08 /* IOUtils */,
			);
			productName = Typecast;
			productReference = 6373B1AB166A11B5007EC53F /* Type Designer.app */;
			productType = "com.apple.product-type.application";
		};
/* End PBXNativeTarget section */

/* Begin PBXProject section */
		6373B1A2166A11B5007EC53F /* Project object */ = {
			isa = PBXProject;
			attributes = {
				CLASSPREFIX = "";
				LastSwiftUpdateCheck = 0900;
				LastTestingUpgradeCheck = 0710;
				LastUpgradeCheck = 1100;
				ORGANIZATIONNAME = "David Schweinsberg";
				TargetAttributes = {
					034EC2C41F730F97008570B3 = {
						CreatedOnToolsVersion = 9.0;
						DevelopmentTeam = 9MWCHY26A8;
						LastSwiftMigration = 1020;
						ProvisioningStyle = Automatic;
						TestTargetID = 6373B1AA166A11B5007EC53F;
					};
					034EC2D21F73103F008570B3 = {
						CreatedOnToolsVersion = 9.0;
						DevelopmentTeam = 9MWCHY26A8;
						LastSwiftMigration = 1020;
						ProvisioningStyle = Automatic;
						TestTargetID = 6373B1AA166A11B5007EC53F;
					};
					6373B1AA166A11B5007EC53F = {
						DevelopmentTeam = 9MWCHY26A8;
						LastSwiftMigration = 1020;
						ProvisioningStyle = Automatic;
					};
				};
			};
			buildConfigurationList = 6373B1A5166A11B5007EC53F /* Build configuration list for PBXProject "Type Designer" */;
			compatibilityVersion = "Xcode 11.0";
			developmentRegion = en;
			hasScannedForEncodings = 0;
			knownRegions = (
				en,
				Base,
			);
			mainGroup = 6373B1A0166A11B5007EC53F;
			packageReferences = (
				6327BCDD2481B3D4005E1B08 /* XCRemoteSwiftPackageReference "ufokit" */,
			);
			productRefGroup = 6373B1AC166A11B5007EC53F /* Products */;
			projectDirPath = "";
			projectReferences = (
				{
					ProductGroup = 03924DB72108ED5900928986 /* Products */;
					ProjectRef = 03924DB62108ED5900928986 /* FontScript.xcodeproj */;
				},
			);
			projectRoot = "";
			targets = (
				6373B1AA166A11B5007EC53F /* Type Designer */,
				034EC2C41F730F97008570B3 /* TypeDesignerUITests */,
				034EC2D21F73103F008570B3 /* TypeDesignerTests */,
			);
		};
/* End PBXProject section */

/* Begin PBXReferenceProxy section */
		03924DBF2108ED5900928986 /* FontScript.framework */ = {
			isa = PBXReferenceProxy;
			fileType = wrapper.framework;
			path = FontScript.framework;
			remoteRef = 03924DBE2108ED5900928986 /* PBXContainerItemProxy */;
			sourceTree = BUILT_PRODUCTS_DIR;
		};
		03924DC12108ED5900928986 /* FontScriptTests.xctest */ = {
			isa = PBXReferenceProxy;
			fileType = wrapper.cfbundle;
			path = FontScriptTests.xctest;
			remoteRef = 03924DC02108ED5900928986 /* PBXContainerItemProxy */;
			sourceTree = BUILT_PRODUCTS_DIR;
		};
		03924DC32108ED5900928986 /* FontScriptSwiftTests.xctest */ = {
			isa = PBXReferenceProxy;
			fileType = wrapper.cfbundle;
			path = FontScriptSwiftTests.xctest;
			remoteRef = 03924DC22108ED5900928986 /* PBXContainerItemProxy */;
			sourceTree = BUILT_PRODUCTS_DIR;
		};
		03924DC52108ED5900928986 /* FontScript.framework */ = {
			isa = PBXReferenceProxy;
			fileType = wrapper.framework;
			path = FontScript.framework;
			remoteRef = 03924DC42108ED5900928986 /* PBXContainerItemProxy */;
			sourceTree = BUILT_PRODUCTS_DIR;
		};
/* End PBXReferenceProxy section */

/* Begin PBXResourcesBuildPhase section */
		034EC2C31F730F97008570B3 /* Resources */ = {
			isa = PBXResourcesBuildPhase;
			buildActionMask = 2147483647;
			files = (
			);
			runOnlyForDeploymentPostprocessing = 0;
		};
		034EC2D11F73103F008570B3 /* Resources */ = {
			isa = PBXResourcesBuildPhase;
			buildActionMask = 2147483647;
			files = (
			);
			runOnlyForDeploymentPostprocessing = 0;
		};
		6373B1A9166A11B5007EC53F /* Resources */ = {
			isa = PBXResourcesBuildPhase;
			buildActionMask = 2147483647;
			files = (
				6373B1BA166A11B5007EC53F /* InfoPlist.strings in Resources */,
				033CF10A1F5628C3005D15ED /* Assets.xcassets in Resources */,
				033CF10E1F56293E005D15ED /* Main.storyboard in Resources */,
				0376EE8321BF59A900255C91 /* ucd in Resources */,
				03A72DCF1F578E8C003ABF74 /* CharacterMapItem.xib in Resources */,
				0335858A211A6C3F0075FD98 /* aglfn.txt in Resources */,
			);
			runOnlyForDeploymentPostprocessing = 0;
		};
/* End PBXResourcesBuildPhase section */

/* Begin PBXSourcesBuildPhase section */
		034EC2C11F730F97008570B3 /* Sources */ = {
			isa = PBXSourcesBuildPhase;
			buildActionMask = 2147483647;
			files = (
				034EC2C81F730F97008570B3 /* TypeDesignerUITests.swift in Sources */,
			);
			runOnlyForDeploymentPostprocessing = 0;
		};
		034EC2CF1F73103F008570B3 /* Sources */ = {
			isa = PBXSourcesBuildPhase;
			buildActionMask = 2147483647;
			files = (
				034EC2D61F73103F008570B3 /* TypeDesignerTests.swift in Sources */,
			);
			runOnlyForDeploymentPostprocessing = 0;
		};
		6373B1A7166A11B5007EC53F /* Sources */ = {
			isa = PBXSourcesBuildPhase;
			buildActionMask = 2147483647;
			files = (
				03C40BF71F3795C800CD6BAC /* ID.swift in Sources */,
				03B311F51F2A7128001E6712 /* OpenTypeDocument.swift in Sources */,
				03F905CC1F37A8840008FF3E /* CmapTable.swift in Sources */,
				030A32A71F312A4E006B2BAC /* NameTable.swift in Sources */,
				03B311FD1F2AC13F001E6712 /* TCResourceMap.swift in Sources */,
				0348BE6B1F33D6DB00446B58 /* GlyfSimpleDescript.swift in Sources */,
				03A72DD71F5CB781003ABF74 /* FontController.swift in Sources */,
				039845BC1F19802E0040988F /* HmtxTable.swift in Sources */,
				039845BA1F1977CE0040988F /* Table.swift in Sources */,
				03B311F71F2A9CC3001E6712 /* OpenTypeFont.swift in Sources */,
				03C5674D1F6B5195004C915B /* OpenTypeCollectionDocument.swift in Sources */,
				03FF506E1F4BE212009F5F0C /* GlyfCompositeDescript.swift in Sources */,
				03B619141F3D283D00EA1D0E /* CmapFormat12.swift in Sources */,
				03EF55DA2114E79700D11462 /* FontConverter.swift in Sources */,
				03A72DD31F5A17A9003ABF74 /* FontWindowController.swift in Sources */,
				03B311FB1F2AC062001E6712 /* TCResourceHeader.swift in Sources */,
				0348BE6D1F33DD3700446B58 /* GlyfDescript.swift in Sources */,
				035AD8AD20B8BC64006494B7 /* UFOFont.swift in Sources */,
				03F1F2111FCC985D00813EDD /* TableWriter.swift in Sources */,
				03F905DA1F37FE930008FF3E /* CmapFormat4.swift in Sources */,
				0383EAA021C88A9600C5943A /* GlyphPropertyViewController.swift in Sources */,
				03C40BF51F36F99A00CD6BAC /* LocaTable.swift in Sources */,
				03924DCE21092AA900928986 /* UFOGlyph.swift in Sources */,
				03FF502F1F479003009F5F0C /* VdmxTable.swift in Sources */,
				03F905D81F37FCFE0008FF3E /* CmapFormat6.swift in Sources */,
				03B312011F2AC6BE001E6712 /* TCResourceReference.swift in Sources */,
				030A32A51F31054C006B2BAC /* Os2Table.swift in Sources */,
				0348BE691F33C67F00446B58 /* GlyfTable.swift in Sources */,
				03C40BF11F36A49F00CD6BAC /* VheaTable.swift in Sources */,
				034BF03B1F96A9AA00BFE9F1 /* CharacterToGlyphMapping.swift in Sources */,
				0335858C211A6E680075FD98 /* AdobeGlyphListForNewFonts.swift in Sources */,
				03F905D21F37D38E0008FF3E /* CmapFormat0.swift in Sources */,
				03B619181F3E128200EA1D0E /* T2Glyph.swift in Sources */,
				03FF3A261F2FA86A005F07AB /* TableDirectory.swift in Sources */,
				03F687211F39654200F467BA /* CffTable.swift in Sources */,
				03FF502D1F477B1C009F5F0C /* HdmxTable.swift in Sources */,
				0348BE671F33A78A00446B58 /* PostTable.swift in Sources */,
				03B311FF1F2AC451001E6712 /* TCResourceType.swift in Sources */,
				03CBC24A210A79A70031244D /* QuartzPen.swift in Sources */,
				03F905D61F37E7CC0008FF3E /* CmapFormat2.swift in Sources */,
				0348BE731F33ED9100446B58 /* FpgmTable.swift in Sources */,
				03C162911F2174BB00A44848 /* GlyphView.swift in Sources */,
				039845B81F195B6F0040988F /* HheaTable.swift in Sources */,
				03FAFA941FDA13C3000D1605 /* KernTable.swift in Sources */,
				03CE9CA81FBE8074002FE971 /* T2Font.swift in Sources */,
				03F1F20F1FCA52DC00813EDD /* FontPropertyWindowController.swift in Sources */,
				03C40BF31F36A84300CD6BAC /* MaxpTable.swift in Sources */,
				03C40BED1F35316F00CD6BAC /* GlyfNullDescript.swift in Sources */,
				0348BE651F32AB3B00446B58 /* TTCHeader.swift in Sources */,
				03FAFA921FD9DD65000D1605 /* GaspTable.swift in Sources */,
				03F905D41F37DA3D0008FF3E /* CmapFormatUnknown.swift in Sources */,
				03F1F20B1FCA527D00813EDD /* NamesViewController.swift in Sources */,
				03F905E01F38E8E50008FF3E /* Disassembler.swift in Sources */,
				033CF14D1F574D95005D15ED /* GlyphViewController.swift in Sources */,
				035AD8AB20B8BB1C006494B7 /* UFODocument.swift in Sources */,
				03FF50331F48152C009F5F0C /* DsigTable.swift in Sources */,
				0376EE7721BB5A8000255C91 /* UCD.swift in Sources */,
				03F905DE1F38DEC40008FF3E /* Mnemonic.swift in Sources */,
				03F905D01F37CBFF0008FF3E /* CmapFormat.swift in Sources */,
				03FF50311F47F339009F5F0C /* CvtTable.swift in Sources */,
				0348BE751F33EF6800446B58 /* PrepTable.swift in Sources */,
				0386FD3C213A242D00513433 /* GlyphWindowController.swift in Sources */,
				03924DCC21090D3D00928986 /* RoboFontLib.swift in Sources */,
				03A72DD51F5A1C8D003ABF74 /* ImportViewController.swift in Sources */,
				03CE9CA71FBE806C002FE971 /* TTFont.swift in Sources */,
				03C567491F6B37E8004C915B /* ImportWindowController.swift in Sources */,
				033CF1101F568C45005D15ED /* FontViewController.swift in Sources */,
				03B311F91F2A9D60001E6712 /* OpenTypeFontCollection.swift in Sources */,
				030A32A91F314823006B2BAC /* AppDelegate.swift in Sources */,
				03924DD02109338C00928986 /* UFOLayer.swift in Sources */,
				036383A42112392900E7E26C /* OpenTypeConverter.swift in Sources */,
				03D07AAA1F4F87580070F49D /* CharacterMapItem.swift in Sources */,
				03F905DC1F38DDF70008FF3E /* GlyphImageFactory.swift in Sources */,
				03FF502B1F477496009F5F0C /* VmtxTable.swift in Sources */,
				03A6611F1F17FD43007864A8 /* HeadTable.swift in Sources */,
				03A72DD11F5A0A5E003ABF74 /* FontDocumentController.swift in Sources */,
			);
			runOnlyForDeploymentPostprocessing = 0;
		};
/* End PBXSourcesBuildPhase section */

/* Begin PBXTargetDependency section */
		034EC2CB1F730F97008570B3 /* PBXTargetDependency */ = {
			isa = PBXTargetDependency;
			target = 6373B1AA166A11B5007EC53F /* Type Designer */;
			targetProxy = 034EC2CA1F730F97008570B3 /* PBXContainerItemProxy */;
		};
		034EC2D91F73103F008570B3 /* PBXTargetDependency */ = {
			isa = PBXTargetDependency;
			target = 6373B1AA166A11B5007EC53F /* Type Designer */;
			targetProxy = 034EC2D81F73103F008570B3 /* PBXContainerItemProxy */;
		};
		03924DCA2109089000928986 /* PBXTargetDependency */ = {
			isa = PBXTargetDependency;
			name = "FontScript macOS";
			targetProxy = 03924DC92109089000928986 /* PBXContainerItemProxy */;
		};
/* End PBXTargetDependency section */

/* Begin PBXVariantGroup section */
		6373B1B8166A11B5007EC53F /* InfoPlist.strings */ = {
			isa = PBXVariantGroup;
			children = (
				6373B1B9166A11B5007EC53F /* en */,
			);
			name = InfoPlist.strings;
			sourceTree = "<group>";
		};
/* End PBXVariantGroup section */

/* Begin XCBuildConfiguration section */
		034EC2CD1F730F97008570B3 /* Debug */ = {
			isa = XCBuildConfiguration;
			buildSettings = {
				CLANG_ANALYZER_NONNULL = YES;
				CLANG_ANALYZER_NUMBER_OBJECT_CONVERSION = YES_AGGRESSIVE;
				CLANG_CXX_LANGUAGE_STANDARD = "gnu++14";
				CLANG_ENABLE_MODULES = YES;
				CLANG_WARN_DIRECT_OBJC_ISA_USAGE = YES_ERROR;
				CLANG_WARN_DOCUMENTATION_COMMENTS = YES;
				CLANG_WARN_OBJC_ROOT_CLASS = YES_ERROR;
				CLANG_WARN_UNGUARDED_AVAILABILITY = YES_AGGRESSIVE;
				CODE_SIGN_IDENTITY = "Mac Developer";
				CODE_SIGN_STYLE = Automatic;
				COMBINE_HIDPI_IMAGES = YES;
				DEBUG_INFORMATION_FORMAT = dwarf;
				DEVELOPMENT_TEAM = 9MWCHY26A8;
				GCC_C_LANGUAGE_STANDARD = gnu11;
				GCC_WARN_ABOUT_RETURN_TYPE = YES_ERROR;
				GCC_WARN_UNINITIALIZED_AUTOS = YES_AGGRESSIVE;
				INFOPLIST_FILE = TypeDesignerUITests/Info.plist;
				LD_RUNPATH_SEARCH_PATHS = (
					"$(inherited)",
					"@executable_path/../Frameworks",
					"@loader_path/../Frameworks",
				);
				MTL_ENABLE_DEBUG_INFO = YES;
				PRODUCT_BUNDLE_IDENTIFIER = com.typista.TypeDesignerUITests;
				PRODUCT_NAME = "$(TARGET_NAME)";
				SWIFT_ACTIVE_COMPILATION_CONDITIONS = DEBUG;
				SWIFT_COMPILATION_MODE = singlefile;
				SWIFT_OPTIMIZATION_LEVEL = "-Onone";
				SWIFT_VERSION = 5.0;
				TEST_TARGET_NAME = "Type Designer";
			};
			name = Debug;
		};
		034EC2CE1F730F97008570B3 /* Release */ = {
			isa = XCBuildConfiguration;
			buildSettings = {
				CLANG_ANALYZER_NONNULL = YES;
				CLANG_ANALYZER_NUMBER_OBJECT_CONVERSION = YES_AGGRESSIVE;
				CLANG_CXX_LANGUAGE_STANDARD = "gnu++14";
				CLANG_ENABLE_MODULES = YES;
				CLANG_WARN_DIRECT_OBJC_ISA_USAGE = YES_ERROR;
				CLANG_WARN_DOCUMENTATION_COMMENTS = YES;
				CLANG_WARN_OBJC_ROOT_CLASS = YES_ERROR;
				CLANG_WARN_UNGUARDED_AVAILABILITY = YES_AGGRESSIVE;
				CODE_SIGN_IDENTITY = "Mac Developer";
				CODE_SIGN_STYLE = Automatic;
				COMBINE_HIDPI_IMAGES = YES;
				COPY_PHASE_STRIP = NO;
				DEVELOPMENT_TEAM = 9MWCHY26A8;
				ENABLE_NS_ASSERTIONS = NO;
				GCC_C_LANGUAGE_STANDARD = gnu11;
				GCC_WARN_ABOUT_RETURN_TYPE = YES_ERROR;
				GCC_WARN_UNINITIALIZED_AUTOS = YES_AGGRESSIVE;
				INFOPLIST_FILE = TypeDesignerUITests/Info.plist;
				LD_RUNPATH_SEARCH_PATHS = (
					"$(inherited)",
					"@executable_path/../Frameworks",
					"@loader_path/../Frameworks",
				);
				MTL_ENABLE_DEBUG_INFO = NO;
				PRODUCT_BUNDLE_IDENTIFIER = com.typista.TypeDesignerUITests;
				PRODUCT_NAME = "$(TARGET_NAME)";
				SWIFT_VERSION = 5.0;
				TEST_TARGET_NAME = "Type Designer";
			};
			name = Release;
		};
		034EC2DB1F73103F008570B3 /* Debug */ = {
			isa = XCBuildConfiguration;
			buildSettings = {
				BUNDLE_LOADER = "$(TEST_HOST)";
				CLANG_ANALYZER_NONNULL = YES;
				CLANG_ANALYZER_NUMBER_OBJECT_CONVERSION = YES_AGGRESSIVE;
				CLANG_CXX_LANGUAGE_STANDARD = "gnu++14";
				CLANG_ENABLE_MODULES = YES;
				CLANG_WARN_DIRECT_OBJC_ISA_USAGE = YES_ERROR;
				CLANG_WARN_DOCUMENTATION_COMMENTS = YES;
				CLANG_WARN_OBJC_ROOT_CLASS = YES_ERROR;
				CLANG_WARN_UNGUARDED_AVAILABILITY = YES_AGGRESSIVE;
				CODE_SIGN_IDENTITY = "Mac Developer";
				CODE_SIGN_STYLE = Automatic;
				COMBINE_HIDPI_IMAGES = YES;
				DEBUG_INFORMATION_FORMAT = dwarf;
				DEVELOPMENT_TEAM = 9MWCHY26A8;
				GCC_C_LANGUAGE_STANDARD = gnu11;
				GCC_WARN_ABOUT_RETURN_TYPE = YES_ERROR;
				GCC_WARN_UNINITIALIZED_AUTOS = YES_AGGRESSIVE;
				INFOPLIST_FILE = TypeDesignerTests/Info.plist;
				LD_RUNPATH_SEARCH_PATHS = (
					"$(inherited)",
					"@executable_path/../Frameworks",
					"@loader_path/../Frameworks",
				);
				MTL_ENABLE_DEBUG_INFO = YES;
				PRODUCT_BUNDLE_IDENTIFIER = com.typista.TypeDesignerTests;
				PRODUCT_NAME = "$(TARGET_NAME)";
				SWIFT_ACTIVE_COMPILATION_CONDITIONS = DEBUG;
				SWIFT_COMPILATION_MODE = singlefile;
				SWIFT_OPTIMIZATION_LEVEL = "-Onone";
				SWIFT_VERSION = 5.0;
				TEST_HOST = "$(BUILT_PRODUCTS_DIR)/Type Designer.app/Contents/MacOS/Type Designer";
			};
			name = Debug;
		};
		034EC2DC1F73103F008570B3 /* Release */ = {
			isa = XCBuildConfiguration;
			buildSettings = {
				BUNDLE_LOADER = "$(TEST_HOST)";
				CLANG_ANALYZER_NONNULL = YES;
				CLANG_ANALYZER_NUMBER_OBJECT_CONVERSION = YES_AGGRESSIVE;
				CLANG_CXX_LANGUAGE_STANDARD = "gnu++14";
				CLANG_ENABLE_MODULES = YES;
				CLANG_WARN_DIRECT_OBJC_ISA_USAGE = YES_ERROR;
				CLANG_WARN_DOCUMENTATION_COMMENTS = YES;
				CLANG_WARN_OBJC_ROOT_CLASS = YES_ERROR;
				CLANG_WARN_UNGUARDED_AVAILABILITY = YES_AGGRESSIVE;
				CODE_SIGN_IDENTITY = "Mac Developer";
				CODE_SIGN_STYLE = Automatic;
				COMBINE_HIDPI_IMAGES = YES;
				COPY_PHASE_STRIP = NO;
				DEVELOPMENT_TEAM = 9MWCHY26A8;
				ENABLE_NS_ASSERTIONS = NO;
				GCC_C_LANGUAGE_STANDARD = gnu11;
				GCC_WARN_ABOUT_RETURN_TYPE = YES_ERROR;
				GCC_WARN_UNINITIALIZED_AUTOS = YES_AGGRESSIVE;
				INFOPLIST_FILE = TypeDesignerTests/Info.plist;
				LD_RUNPATH_SEARCH_PATHS = (
					"$(inherited)",
					"@executable_path/../Frameworks",
					"@loader_path/../Frameworks",
				);
				MTL_ENABLE_DEBUG_INFO = NO;
				PRODUCT_BUNDLE_IDENTIFIER = com.typista.TypeDesignerTests;
				PRODUCT_NAME = "$(TARGET_NAME)";
				SWIFT_VERSION = 5.0;
				TEST_HOST = "$(BUILT_PRODUCTS_DIR)/Type Designer.app/Contents/MacOS/Type Designer";
			};
			name = Release;
		};
		6373B1DE166A11B5007EC53F /* Debug */ = {
			isa = XCBuildConfiguration;
			buildSettings = {
				ALWAYS_SEARCH_USER_PATHS = NO;
				CLANG_ANALYZER_LOCALIZABILITY_NONLOCALIZED = YES;
				CLANG_CXX_LANGUAGE_STANDARD = "gnu++0x";
				CLANG_CXX_LIBRARY = "libc++";
				CLANG_ENABLE_OBJC_ARC = YES;
				CLANG_WARN_BLOCK_CAPTURE_AUTORELEASING = YES;
				CLANG_WARN_BOOL_CONVERSION = YES;
				CLANG_WARN_COMMA = YES;
				CLANG_WARN_CONSTANT_CONVERSION = YES;
				CLANG_WARN_DEPRECATED_OBJC_IMPLEMENTATIONS = YES;
				CLANG_WARN_EMPTY_BODY = YES;
				CLANG_WARN_ENUM_CONVERSION = YES;
				CLANG_WARN_INFINITE_RECURSION = YES;
				CLANG_WARN_INT_CONVERSION = YES;
				CLANG_WARN_NON_LITERAL_NULL_CONVERSION = YES;
				CLANG_WARN_OBJC_IMPLICIT_RETAIN_SELF = YES;
				CLANG_WARN_OBJC_LITERAL_CONVERSION = YES;
				CLANG_WARN_RANGE_LOOP_ANALYSIS = YES;
				CLANG_WARN_STRICT_PROTOTYPES = YES;
				CLANG_WARN_SUSPICIOUS_MOVE = YES;
				CLANG_WARN_UNREACHABLE_CODE = YES;
				CLANG_WARN__DUPLICATE_METHOD_MATCH = YES;
				COPY_PHASE_STRIP = NO;
				ENABLE_STRICT_OBJC_MSGSEND = YES;
				ENABLE_TESTABILITY = YES;
				GCC_C_LANGUAGE_STANDARD = gnu99;
				GCC_DYNAMIC_NO_PIC = NO;
				GCC_ENABLE_OBJC_EXCEPTIONS = YES;
				GCC_NO_COMMON_BLOCKS = YES;
				GCC_OPTIMIZATION_LEVEL = 0;
				GCC_PREPROCESSOR_DEFINITIONS = (
					"DEBUG=1",
					"$(inherited)",
				);
				GCC_SYMBOLS_PRIVATE_EXTERN = NO;
				GCC_WARN_64_TO_32_BIT_CONVERSION = YES;
				GCC_WARN_ABOUT_RETURN_TYPE = YES;
				GCC_WARN_UNDECLARED_SELECTOR = YES;
				GCC_WARN_UNINITIALIZED_AUTOS = YES;
				GCC_WARN_UNUSED_FUNCTION = YES;
				GCC_WARN_UNUSED_VARIABLE = YES;
				MACOSX_DEPLOYMENT_TARGET = 10.14;
				ONLY_ACTIVE_ARCH = YES;
				SDKROOT = macosx;
			};
			name = Debug;
		};
		6373B1DF166A11B5007EC53F /* Release */ = {
			isa = XCBuildConfiguration;
			buildSettings = {
				ALWAYS_SEARCH_USER_PATHS = NO;
				CLANG_ANALYZER_LOCALIZABILITY_NONLOCALIZED = YES;
				CLANG_CXX_LANGUAGE_STANDARD = "gnu++0x";
				CLANG_CXX_LIBRARY = "libc++";
				CLANG_ENABLE_OBJC_ARC = YES;
				CLANG_WARN_BLOCK_CAPTURE_AUTORELEASING = YES;
				CLANG_WARN_BOOL_CONVERSION = YES;
				CLANG_WARN_COMMA = YES;
				CLANG_WARN_CONSTANT_CONVERSION = YES;
				CLANG_WARN_DEPRECATED_OBJC_IMPLEMENTATIONS = YES;
				CLANG_WARN_EMPTY_BODY = YES;
				CLANG_WARN_ENUM_CONVERSION = YES;
				CLANG_WARN_INFINITE_RECURSION = YES;
				CLANG_WARN_INT_CONVERSION = YES;
				CLANG_WARN_NON_LITERAL_NULL_CONVERSION = YES;
				CLANG_WARN_OBJC_IMPLICIT_RETAIN_SELF = YES;
				CLANG_WARN_OBJC_LITERAL_CONVERSION = YES;
				CLANG_WARN_RANGE_LOOP_ANALYSIS = YES;
				CLANG_WARN_STRICT_PROTOTYPES = YES;
				CLANG_WARN_SUSPICIOUS_MOVE = YES;
				CLANG_WARN_UNREACHABLE_CODE = YES;
				CLANG_WARN__DUPLICATE_METHOD_MATCH = YES;
				COPY_PHASE_STRIP = YES;
				DEBUG_INFORMATION_FORMAT = "dwarf-with-dsym";
				ENABLE_STRICT_OBJC_MSGSEND = YES;
				GCC_C_LANGUAGE_STANDARD = gnu99;
				GCC_ENABLE_OBJC_EXCEPTIONS = YES;
				GCC_NO_COMMON_BLOCKS = YES;
				GCC_WARN_64_TO_32_BIT_CONVERSION = YES;
				GCC_WARN_ABOUT_RETURN_TYPE = YES;
				GCC_WARN_UNDECLARED_SELECTOR = YES;
				GCC_WARN_UNINITIALIZED_AUTOS = YES;
				GCC_WARN_UNUSED_FUNCTION = YES;
				GCC_WARN_UNUSED_VARIABLE = YES;
				MACOSX_DEPLOYMENT_TARGET = 10.14;
				SDKROOT = macosx;
				SWIFT_COMPILATION_MODE = wholemodule;
				SWIFT_OPTIMIZATION_LEVEL = "-O";
			};
			name = Release;
		};
		6373B1E1166A11B5007EC53F /* Debug */ = {
			isa = XCBuildConfiguration;
			buildSettings = {
				ALWAYS_EMBED_SWIFT_STANDARD_LIBRARIES = YES;
				ASSETCATALOG_COMPILER_APPICON_NAME = AppIcon;
				CLANG_ENABLE_MODULES = YES;
				CODE_SIGN_ENTITLEMENTS = "Type Designer.entitlements";
				CODE_SIGN_IDENTITY = "Mac Developer";
				CODE_SIGN_STYLE = Automatic;
				COMBINE_HIDPI_IMAGES = YES;
				DEVELOPMENT_TEAM = 9MWCHY26A8;
				ENABLE_HARDENED_RUNTIME = YES;
				GCC_PRECOMPILE_PREFIX_HEADER = YES;
				GCC_PREFIX_HEADER = "TypeDesigner/Type-Designer-Prefix.pch";
				INFOPLIST_FILE = TypeDesigner/Info.plist;
				LD_RUNPATH_SEARCH_PATHS = (
					"$(inherited)",
					"@executable_path/../Frameworks",
				);
				PRODUCT_BUNDLE_IDENTIFIER = "com.typista.${PRODUCT_NAME:rfc1034identifier}";
				PRODUCT_NAME = "Type Designer";
				PROVISIONING_PROFILE_SPECIFIER = "";
				SWIFT_COMPILATION_MODE = singlefile;
				SWIFT_OBJC_BRIDGING_HEADER = "TypeDesigner/Type Designer-Bridging-Header.h";
				SWIFT_OPTIMIZATION_LEVEL = "-Onone";
				SWIFT_VERSION = 5.0;
				WRAPPER_EXTENSION = app;
			};
			name = Debug;
		};
		6373B1E2166A11B5007EC53F /* Release */ = {
			isa = XCBuildConfiguration;
			buildSettings = {
				ALWAYS_EMBED_SWIFT_STANDARD_LIBRARIES = YES;
				ASSETCATALOG_COMPILER_APPICON_NAME = AppIcon;
				CLANG_ENABLE_MODULES = YES;
				CODE_SIGN_ENTITLEMENTS = "Type Designer.entitlements";
				CODE_SIGN_IDENTITY = "Mac Developer";
				CODE_SIGN_STYLE = Automatic;
				COMBINE_HIDPI_IMAGES = YES;
				DEVELOPMENT_TEAM = 9MWCHY26A8;
				ENABLE_HARDENED_RUNTIME = YES;
				GCC_PRECOMPILE_PREFIX_HEADER = YES;
				GCC_PREFIX_HEADER = "TypeDesigner/Type-Designer-Prefix.pch";
				INFOPLIST_FILE = TypeDesigner/Info.plist;
				LD_RUNPATH_SEARCH_PATHS = (
					"$(inherited)",
					"@executable_path/../Frameworks",
				);
				PRODUCT_BUNDLE_IDENTIFIER = "com.typista.${PRODUCT_NAME:rfc1034identifier}";
				PRODUCT_NAME = "Type Designer";
				PROVISIONING_PROFILE_SPECIFIER = "";
				SWIFT_OBJC_BRIDGING_HEADER = "TypeDesigner/Type Designer-Bridging-Header.h";
				SWIFT_VERSION = 5.0;
				WRAPPER_EXTENSION = app;
			};
			name = Release;
		};
/* End XCBuildConfiguration section */

/* Begin XCConfigurationList section */
		034EC2CC1F730F97008570B3 /* Build configuration list for PBXNativeTarget "TypeDesignerUITests" */ = {
			isa = XCConfigurationList;
			buildConfigurations = (
				034EC2CD1F730F97008570B3 /* Debug */,
				034EC2CE1F730F97008570B3 /* Release */,
			);
			defaultConfigurationIsVisible = 0;
			defaultConfigurationName = Release;
		};
		034EC2DA1F73103F008570B3 /* Build configuration list for PBXNativeTarget "TypeDesignerTests" */ = {
			isa = XCConfigurationList;
			buildConfigurations = (
				034EC2DB1F73103F008570B3 /* Debug */,
				034EC2DC1F73103F008570B3 /* Release */,
			);
			defaultConfigurationIsVisible = 0;
			defaultConfigurationName = Release;
		};
		6373B1A5166A11B5007EC53F /* Build configuration list for PBXProject "Type Designer" */ = {
			isa = XCConfigurationList;
			buildConfigurations = (
				6373B1DE166A11B5007EC53F /* Debug */,
				6373B1DF166A11B5007EC53F /* Release */,
			);
			defaultConfigurationIsVisible = 0;
			defaultConfigurationName = Release;
		};
		6373B1E0166A11B5007EC53F /* Build configuration list for PBXNativeTarget "Type Designer" */ = {
			isa = XCConfigurationList;
			buildConfigurations = (
				6373B1E1166A11B5007EC53F /* Debug */,
				6373B1E2166A11B5007EC53F /* Release */,
			);
			defaultConfigurationIsVisible = 0;
			defaultConfigurationName = Release;
		};
/* End XCConfigurationList section */

/* Begin XCRemoteSwiftPackageReference section */
		6327BCDD2481B3D4005E1B08 /* XCRemoteSwiftPackageReference "ufokit" */ = {
			isa = XCRemoteSwiftPackageReference;
			repositoryURL = "https://github.com/dcsch/ufokit.git";
			requirement = {
				branch = master;
				kind = branch;
			};
		};
/* End XCRemoteSwiftPackageReference section */

/* Begin XCSwiftPackageProductDependency section */
		6327BCDE2481B3D4005E1B08 /* UFOKit */ = {
			isa = XCSwiftPackageProductDependency;
			package = 6327BCDD2481B3D4005E1B08 /* XCRemoteSwiftPackageReference "ufokit" */;
			productName = UFOKit;
		};
		6327BCE22481E5D1005E1B08 /* CFF */ = {
			isa = XCSwiftPackageProductDependency;
			productName = CFF;
		};
		6327BCE42481E5D1005E1B08 /* IOUtils */ = {
			isa = XCSwiftPackageProductDependency;
			productName = IOUtils;
		};
/* End XCSwiftPackageProductDependency section */
	};
	rootObject = 6373B1A2166A11B5007EC53F /* Project object */;
}
