// !$*UTF8*$!
{
	archiveVersion = 1;
	classes = {
	};
	objectVersion = 46;
	objects = {

/* Begin PBXBuildFile section */
		030A32A51F31054C006B2BAC /* TCOs2Table.swift in Sources */ = {isa = PBXBuildFile; fileRef = 030A32A41F31054C006B2BAC /* TCOs2Table.swift */; };
		030A32A71F312A4E006B2BAC /* TCNameTable.swift in Sources */ = {isa = PBXBuildFile; fileRef = 030A32A61F312A4E006B2BAC /* TCNameTable.swift */; };
		030A32A91F314823006B2BAC /* TCAppDelegate.swift in Sources */ = {isa = PBXBuildFile; fileRef = 030A32A81F314823006B2BAC /* TCAppDelegate.swift */; };
		0348BE651F32AB3B00446B58 /* TCTTCHeader.swift in Sources */ = {isa = PBXBuildFile; fileRef = 0348BE641F32AB3B00446B58 /* TCTTCHeader.swift */; };
		0348BE671F33A78A00446B58 /* TCPostTable.swift in Sources */ = {isa = PBXBuildFile; fileRef = 0348BE661F33A78A00446B58 /* TCPostTable.swift */; };
		0348BE691F33C67F00446B58 /* TCGlyfTable.swift in Sources */ = {isa = PBXBuildFile; fileRef = 0348BE681F33C67F00446B58 /* TCGlyfTable.swift */; };
		0348BE6B1F33D6DB00446B58 /* TCGlyfSimpleDescript.swift in Sources */ = {isa = PBXBuildFile; fileRef = 0348BE6A1F33D6DB00446B58 /* TCGlyfSimpleDescript.swift */; };
		0348BE6D1F33DD3700446B58 /* TCGlyfDescript.swift in Sources */ = {isa = PBXBuildFile; fileRef = 0348BE6C1F33DD3700446B58 /* TCGlyfDescript.swift */; };
		0348BE6F1F33DD5800446B58 /* TCProgram.swift in Sources */ = {isa = PBXBuildFile; fileRef = 0348BE6E1F33DD5800446B58 /* TCProgram.swift */; };
		0348BE711F33E12100446B58 /* TCGlyphDescription.swift in Sources */ = {isa = PBXBuildFile; fileRef = 0348BE701F33E12100446B58 /* TCGlyphDescription.swift */; };
		0348BE731F33ED9100446B58 /* TCFpgmTable.swift in Sources */ = {isa = PBXBuildFile; fileRef = 0348BE721F33ED9100446B58 /* TCFpgmTable.swift */; };
		0348BE751F33EF6800446B58 /* TCPrepTable.swift in Sources */ = {isa = PBXBuildFile; fileRef = 0348BE741F33EF6800446B58 /* TCPrepTable.swift */; };
		039845B81F195B6F0040988F /* TCHheaTable.swift in Sources */ = {isa = PBXBuildFile; fileRef = 039845B71F195B6F0040988F /* TCHheaTable.swift */; };
		039845BA1F1977CE0040988F /* TCTable.swift in Sources */ = {isa = PBXBuildFile; fileRef = 039845B91F1977CE0040988F /* TCTable.swift */; };
		039845BC1F19802E0040988F /* TCHmtxTable.swift in Sources */ = {isa = PBXBuildFile; fileRef = 039845BB1F19802E0040988F /* TCHmtxTable.swift */; };
		039845FC1F1FD57E0040988F /* TCCollectionWindowController.swift in Sources */ = {isa = PBXBuildFile; fileRef = 039845FB1F1FD57E0040988F /* TCCollectionWindowController.swift */; };
		03A6611F1F17FD43007864A8 /* TCHeadTable.swift in Sources */ = {isa = PBXBuildFile; fileRef = 03A6611E1F17FD43007864A8 /* TCHeadTable.swift */; };
		03B311ED1F280D3F001E6712 /* TCGlyphPathFactory.swift in Sources */ = {isa = PBXBuildFile; fileRef = 03B311EC1F280D3F001E6712 /* TCGlyphPathFactory.swift */; };
		03B311EF1F294C58001E6712 /* TCPoint.swift in Sources */ = {isa = PBXBuildFile; fileRef = 03B311EE1F294C58001E6712 /* TCPoint.swift */; };
		03B311F11F295747001E6712 /* TCGlyphWindowController.swift in Sources */ = {isa = PBXBuildFile; fileRef = 03B311F01F295747001E6712 /* TCGlyphWindowController.swift */; };
		03B311F31F29B5AD001E6712 /* TCGlyph.swift in Sources */ = {isa = PBXBuildFile; fileRef = 03B311F21F29B5AD001E6712 /* TCGlyph.swift */; };
		03B311F51F2A7128001E6712 /* TCDocument.swift in Sources */ = {isa = PBXBuildFile; fileRef = 03B311F41F2A7128001E6712 /* TCDocument.swift */; };
		03B311F71F2A9CC3001E6712 /* TCFont.swift in Sources */ = {isa = PBXBuildFile; fileRef = 03B311F61F2A9CC3001E6712 /* TCFont.swift */; };
		03B311F91F2A9D60001E6712 /* TCFontCollection.swift in Sources */ = {isa = PBXBuildFile; fileRef = 03B311F81F2A9D60001E6712 /* TCFontCollection.swift */; };
		03B311FB1F2AC062001E6712 /* TCResourceHeader.swift in Sources */ = {isa = PBXBuildFile; fileRef = 03B311FA1F2AC062001E6712 /* TCResourceHeader.swift */; };
		03B311FD1F2AC13F001E6712 /* TCResourceMap.swift in Sources */ = {isa = PBXBuildFile; fileRef = 03B311FC1F2AC13F001E6712 /* TCResourceMap.swift */; };
		03B311FF1F2AC451001E6712 /* TCResourceType.swift in Sources */ = {isa = PBXBuildFile; fileRef = 03B311FE1F2AC451001E6712 /* TCResourceType.swift */; };
		03B312011F2AC6BE001E6712 /* TCResourceReference.swift in Sources */ = {isa = PBXBuildFile; fileRef = 03B312001F2AC6BE001E6712 /* TCResourceReference.swift */; };
		03B619141F3D283D00EA1D0E /* TCCmapFormat12.swift in Sources */ = {isa = PBXBuildFile; fileRef = 03B619131F3D283D00EA1D0E /* TCCmapFormat12.swift */; };
		03B619161F3E10BC00EA1D0E /* TCTTGlyph.swift in Sources */ = {isa = PBXBuildFile; fileRef = 03B619151F3E10BC00EA1D0E /* TCTTGlyph.swift */; };
		03B619181F3E128200EA1D0E /* TCT2Glyph.swift in Sources */ = {isa = PBXBuildFile; fileRef = 03B619171F3E128200EA1D0E /* TCT2Glyph.swift */; };
		03C162911F2174BB00A44848 /* TCGlyphView.swift in Sources */ = {isa = PBXBuildFile; fileRef = 03C162901F2174BB00A44848 /* TCGlyphView.swift */; };
		03C40BED1F35316F00CD6BAC /* TCGlyfNullDescript.swift in Sources */ = {isa = PBXBuildFile; fileRef = 03C40BEC1F35316F00CD6BAC /* TCGlyfNullDescript.swift */; };
		03C40BEF1F3532ED00CD6BAC /* TCGlyfBaseDescript.swift in Sources */ = {isa = PBXBuildFile; fileRef = 03C40BEE1F3532ED00CD6BAC /* TCGlyfBaseDescript.swift */; };
		03C40BF11F36A49F00CD6BAC /* TCVheaTable.swift in Sources */ = {isa = PBXBuildFile; fileRef = 03C40BF01F36A49F00CD6BAC /* TCVheaTable.swift */; };
		03C40BF31F36A84300CD6BAC /* TCMaxpTable.swift in Sources */ = {isa = PBXBuildFile; fileRef = 03C40BF21F36A84300CD6BAC /* TCMaxpTable.swift */; };
		03C40BF51F36F99A00CD6BAC /* TCLocaTable.swift in Sources */ = {isa = PBXBuildFile; fileRef = 03C40BF41F36F99A00CD6BAC /* TCLocaTable.swift */; };
		03C40BF71F3795C800CD6BAC /* TCID.swift in Sources */ = {isa = PBXBuildFile; fileRef = 03C40BF61F3795C800CD6BAC /* TCID.swift */; };
		03F687211F39654200F467BA /* TCCffTable.swift in Sources */ = {isa = PBXBuildFile; fileRef = 03F6871D1F39565000F467BA /* TCCffTable.swift */; };
		03F905CC1F37A8840008FF3E /* TCCmapTable.swift in Sources */ = {isa = PBXBuildFile; fileRef = 03F905CB1F37A8840008FF3E /* TCCmapTable.swift */; };
		03F905CE1F37AB410008FF3E /* TCCmapIndexEntry.swift in Sources */ = {isa = PBXBuildFile; fileRef = 03F905CD1F37AB410008FF3E /* TCCmapIndexEntry.swift */; };
		03F905D01F37CBFF0008FF3E /* TCCmapFormat.swift in Sources */ = {isa = PBXBuildFile; fileRef = 03F905CF1F37CBFF0008FF3E /* TCCmapFormat.swift */; };
		03F905D21F37D38E0008FF3E /* TCCmapFormat0.swift in Sources */ = {isa = PBXBuildFile; fileRef = 03F905D11F37D38E0008FF3E /* TCCmapFormat0.swift */; };
		03F905D41F37DA3D0008FF3E /* TCCmapFormatUnknown.swift in Sources */ = {isa = PBXBuildFile; fileRef = 03F905D31F37DA3D0008FF3E /* TCCmapFormatUnknown.swift */; };
		03F905D61F37E7CC0008FF3E /* TCCmapFormat2.swift in Sources */ = {isa = PBXBuildFile; fileRef = 03F905D51F37E7CC0008FF3E /* TCCmapFormat2.swift */; };
		03F905D81F37FCFE0008FF3E /* TCCmapFormat6.swift in Sources */ = {isa = PBXBuildFile; fileRef = 03F905D71F37FCFE0008FF3E /* TCCmapFormat6.swift */; };
		03F905DA1F37FE930008FF3E /* TCCmapFormat4.swift in Sources */ = {isa = PBXBuildFile; fileRef = 03F905D91F37FE930008FF3E /* TCCmapFormat4.swift */; };
		03F905DC1F38DDF70008FF3E /* TCGlyphImageFactory.swift in Sources */ = {isa = PBXBuildFile; fileRef = 03F905DB1F38DDF70008FF3E /* TCGlyphImageFactory.swift */; };
		03F905DE1F38DEC40008FF3E /* TCMnemonic.swift in Sources */ = {isa = PBXBuildFile; fileRef = 03F905DD1F38DEC40008FF3E /* TCMnemonic.swift */; };
		03F905E01F38E8E50008FF3E /* TCDisassembler.swift in Sources */ = {isa = PBXBuildFile; fileRef = 03F905DF1F38E8E50008FF3E /* TCDisassembler.swift */; };
		03F905E21F39010A0008FF3E /* TCTablesWindowController.swift in Sources */ = {isa = PBXBuildFile; fileRef = 03F905E11F39010A0008FF3E /* TCTablesWindowController.swift */; };
		03F905E41F391C040008FF3E /* TCGlyphListViewController.swift in Sources */ = {isa = PBXBuildFile; fileRef = 03F905E31F391C040008FF3E /* TCGlyphListViewController.swift */; };
		03F905E61F391E790008FF3E /* TCCharacterMapWindowController.swift in Sources */ = {isa = PBXBuildFile; fileRef = 03F905E51F391E790008FF3E /* TCCharacterMapWindowController.swift */; };
		03F905E81F3928E70008FF3E /* TCCharacterMapListViewController.swift in Sources */ = {isa = PBXBuildFile; fileRef = 03F905E71F3928E70008FF3E /* TCCharacterMapListViewController.swift */; };
		03F905EA1F3932610008FF3E /* TCTable+UI.swift in Sources */ = {isa = PBXBuildFile; fileRef = 03F905E91F3932610008FF3E /* TCTable+UI.swift */; };
		03FF3A221F2F8CCB005F07AB /* TCTableFactory.swift in Sources */ = {isa = PBXBuildFile; fileRef = 03FF3A211F2F8CCB005F07AB /* TCTableFactory.swift */; };
		03FF3A241F2F9C2C005F07AB /* TCDirectoryEntry.swift in Sources */ = {isa = PBXBuildFile; fileRef = 03FF3A231F2F9C2C005F07AB /* TCDirectoryEntry.swift */; };
		03FF3A261F2FA86A005F07AB /* TCTableDirectory.swift in Sources */ = {isa = PBXBuildFile; fileRef = 03FF3A251F2FA86A005F07AB /* TCTableDirectory.swift */; };
		03FF50191F45188E009F5F0C /* IOUtils.framework in Frameworks */ = {isa = PBXBuildFile; fileRef = 03FF50071F44C2ED009F5F0C /* IOUtils.framework */; };
		03FF501A1F45188E009F5F0C /* IOUtils.framework in Embed Frameworks */ = {isa = PBXBuildFile; fileRef = 03FF50071F44C2ED009F5F0C /* IOUtils.framework */; settings = {ATTRIBUTES = (CodeSignOnCopy, RemoveHeadersOnCopy, ); }; };
		03FF501D1F45188E009F5F0C /* CFF.framework in Frameworks */ = {isa = PBXBuildFile; fileRef = 03C2F5171F43FDDD00B2A3BC /* CFF.framework */; };
		03FF501E1F45188E009F5F0C /* CFF.framework in Embed Frameworks */ = {isa = PBXBuildFile; fileRef = 03C2F5171F43FDDD00B2A3BC /* CFF.framework */; settings = {ATTRIBUTES = (CodeSignOnCopy, RemoveHeadersOnCopy, ); }; };
		630AA395166B2483001BD6BF /* TablesWindow.xib in Resources */ = {isa = PBXBuildFile; fileRef = 630AA393166B2483001BD6BF /* TablesWindow.xib */; };
		6313472A168583760025CDFE /* CharacterMapWindow.xib in Resources */ = {isa = PBXBuildFile; fileRef = 63134728168583760025CDFE /* CharacterMapWindow.xib */; };
		6313473016858EC10025CDFE /* CharacterMapListView.xib in Resources */ = {isa = PBXBuildFile; fileRef = 6313472E16858EC10025CDFE /* CharacterMapListView.xib */; };
		6365E66D167559690054AAB3 /* README.md in Resources */ = {isa = PBXBuildFile; fileRef = 6365E66C167559690054AAB3 /* README.md */; };
		6373B1B0166A11B5007EC53F /* Cocoa.framework in Frameworks */ = {isa = PBXBuildFile; fileRef = 6373B1AF166A11B5007EC53F /* Cocoa.framework */; };
		6373B1BA166A11B5007EC53F /* InfoPlist.strings in Resources */ = {isa = PBXBuildFile; fileRef = 6373B1B8166A11B5007EC53F /* InfoPlist.strings */; };
		6373B1C6166A11B5007EC53F /* TCDocument.xib in Resources */ = {isa = PBXBuildFile; fileRef = 6373B1C4166A11B5007EC53F /* TCDocument.xib */; };
		6373B1C9166A11B5007EC53F /* MainMenu.xib in Resources */ = {isa = PBXBuildFile; fileRef = 6373B1C7166A11B5007EC53F /* MainMenu.xib */; };
		6373B1D2166A11B5007EC53F /* Cocoa.framework in Frameworks */ = {isa = PBXBuildFile; fileRef = 6373B1AF166A11B5007EC53F /* Cocoa.framework */; };
		6373B1DA166A11B5007EC53F /* InfoPlist.strings in Resources */ = {isa = PBXBuildFile; fileRef = 6373B1D8166A11B5007EC53F /* InfoPlist.strings */; };
		6373B1DD166A11B5007EC53F /* TypecastTests.m in Sources */ = {isa = PBXBuildFile; fileRef = 6373B1DC166A11B5007EC53F /* TypecastTests.m */; };
		63BFC2461690108800435BC8 /* CollectionWindow.xib in Resources */ = {isa = PBXBuildFile; fileRef = 63BFC2441690108700435BC8 /* CollectionWindow.xib */; };
		63E96FA5167DEDE800874FBC /* GlyphListView.xib in Resources */ = {isa = PBXBuildFile; fileRef = 63E96FA3167DEDE800874FBC /* GlyphListView.xib */; };
		63F16EE41681B42E00306A20 /* GlyphWindow.xib in Resources */ = {isa = PBXBuildFile; fileRef = 63F16EE21681B42E00306A20 /* GlyphWindow.xib */; };
/* End PBXBuildFile section */

/* Begin PBXContainerItemProxy section */
		03C2F5161F43FDDD00B2A3BC /* PBXContainerItemProxy */ = {
			isa = PBXContainerItemProxy;
			containerPortal = 03C2F5111F43FDDC00B2A3BC /* CFF.xcodeproj */;
			proxyType = 2;
			remoteGlobalIDString = 03C2F4F71F43FDDB00B2A3BC;
			remoteInfo = CFF;
		};
		03C2F5181F43FDDD00B2A3BC /* PBXContainerItemProxy */ = {
			isa = PBXContainerItemProxy;
			containerPortal = 03C2F5111F43FDDC00B2A3BC /* CFF.xcodeproj */;
			proxyType = 2;
			remoteGlobalIDString = 03C2F5001F43FDDC00B2A3BC;
			remoteInfo = CFFTests;
		};
		03FF50061F44C2ED009F5F0C /* PBXContainerItemProxy */ = {
			isa = PBXContainerItemProxy;
			containerPortal = 03FF4FFF1F44C2EC009F5F0C /* IOUtils.xcodeproj */;
			proxyType = 2;
			remoteGlobalIDString = 03FF4FE51F44C2EC009F5F0C;
			remoteInfo = IOUtils;
		};
		03FF50081F44C2ED009F5F0C /* PBXContainerItemProxy */ = {
			isa = PBXContainerItemProxy;
			containerPortal = 03FF4FFF1F44C2EC009F5F0C /* IOUtils.xcodeproj */;
			proxyType = 2;
			remoteGlobalIDString = 03FF4FEE1F44C2EC009F5F0C;
			remoteInfo = IOUtilsTests;
		};
		03FF501B1F45188E009F5F0C /* PBXContainerItemProxy */ = {
			isa = PBXContainerItemProxy;
			containerPortal = 03FF4FFF1F44C2EC009F5F0C /* IOUtils.xcodeproj */;
			proxyType = 1;
			remoteGlobalIDString = 03FF4FE41F44C2EC009F5F0C;
			remoteInfo = IOUtils;
		};
		03FF501F1F45188E009F5F0C /* PBXContainerItemProxy */ = {
			isa = PBXContainerItemProxy;
			containerPortal = 03C2F5111F43FDDC00B2A3BC /* CFF.xcodeproj */;
			proxyType = 1;
			remoteGlobalIDString = 03C2F4F61F43FDDB00B2A3BC;
			remoteInfo = CFF;
		};
		6373B1D3166A11B5007EC53F /* PBXContainerItemProxy */ = {
			isa = PBXContainerItemProxy;
			containerPortal = 6373B1A2166A11B5007EC53F /* Project object */;
			proxyType = 1;
			remoteGlobalIDString = 6373B1AA166A11B5007EC53F;
			remoteInfo = Typecast;
		};
/* End PBXContainerItemProxy section */

/* Begin PBXCopyFilesBuildPhase section */
		03FF50211F45188E009F5F0C /* Embed Frameworks */ = {
			isa = PBXCopyFilesBuildPhase;
			buildActionMask = 2147483647;
			dstPath = "";
			dstSubfolderSpec = 10;
			files = (
				03FF501E1F45188E009F5F0C /* CFF.framework in Embed Frameworks */,
				03FF501A1F45188E009F5F0C /* IOUtils.framework in Embed Frameworks */,
			);
			name = "Embed Frameworks";
			runOnlyForDeploymentPostprocessing = 0;
		};
/* End PBXCopyFilesBuildPhase section */

/* Begin PBXFileReference section */
		030A32A41F31054C006B2BAC /* TCOs2Table.swift */ = {isa = PBXFileReference; fileEncoding = 4; lastKnownFileType = sourcecode.swift; path = TCOs2Table.swift; sourceTree = "<group>"; };
		030A32A61F312A4E006B2BAC /* TCNameTable.swift */ = {isa = PBXFileReference; fileEncoding = 4; lastKnownFileType = sourcecode.swift; path = TCNameTable.swift; sourceTree = "<group>"; };
		030A32A81F314823006B2BAC /* TCAppDelegate.swift */ = {isa = PBXFileReference; fileEncoding = 4; lastKnownFileType = sourcecode.swift; path = TCAppDelegate.swift; sourceTree = "<group>"; };
		0348BE641F32AB3B00446B58 /* TCTTCHeader.swift */ = {isa = PBXFileReference; fileEncoding = 4; lastKnownFileType = sourcecode.swift; path = TCTTCHeader.swift; sourceTree = "<group>"; };
		0348BE661F33A78A00446B58 /* TCPostTable.swift */ = {isa = PBXFileReference; fileEncoding = 4; lastKnownFileType = sourcecode.swift; path = TCPostTable.swift; sourceTree = "<group>"; };
		0348BE681F33C67F00446B58 /* TCGlyfTable.swift */ = {isa = PBXFileReference; fileEncoding = 4; lastKnownFileType = sourcecode.swift; path = TCGlyfTable.swift; sourceTree = "<group>"; };
		0348BE6A1F33D6DB00446B58 /* TCGlyfSimpleDescript.swift */ = {isa = PBXFileReference; fileEncoding = 4; lastKnownFileType = sourcecode.swift; path = TCGlyfSimpleDescript.swift; sourceTree = "<group>"; };
		0348BE6C1F33DD3700446B58 /* TCGlyfDescript.swift */ = {isa = PBXFileReference; fileEncoding = 4; lastKnownFileType = sourcecode.swift; path = TCGlyfDescript.swift; sourceTree = "<group>"; };
		0348BE6E1F33DD5800446B58 /* TCProgram.swift */ = {isa = PBXFileReference; fileEncoding = 4; lastKnownFileType = sourcecode.swift; path = TCProgram.swift; sourceTree = "<group>"; };
		0348BE701F33E12100446B58 /* TCGlyphDescription.swift */ = {isa = PBXFileReference; fileEncoding = 4; lastKnownFileType = sourcecode.swift; path = TCGlyphDescription.swift; sourceTree = "<group>"; };
		0348BE721F33ED9100446B58 /* TCFpgmTable.swift */ = {isa = PBXFileReference; fileEncoding = 4; lastKnownFileType = sourcecode.swift; path = TCFpgmTable.swift; sourceTree = "<group>"; };
		0348BE741F33EF6800446B58 /* TCPrepTable.swift */ = {isa = PBXFileReference; fileEncoding = 4; lastKnownFileType = sourcecode.swift; path = TCPrepTable.swift; sourceTree = "<group>"; };
		039845B71F195B6F0040988F /* TCHheaTable.swift */ = {isa = PBXFileReference; fileEncoding = 4; lastKnownFileType = sourcecode.swift; path = TCHheaTable.swift; sourceTree = "<group>"; };
		039845B91F1977CE0040988F /* TCTable.swift */ = {isa = PBXFileReference; fileEncoding = 4; lastKnownFileType = sourcecode.swift; path = TCTable.swift; sourceTree = "<group>"; };
		039845BB1F19802E0040988F /* TCHmtxTable.swift */ = {isa = PBXFileReference; fileEncoding = 4; lastKnownFileType = sourcecode.swift; path = TCHmtxTable.swift; sourceTree = "<group>"; };
		039845FB1F1FD57E0040988F /* TCCollectionWindowController.swift */ = {isa = PBXFileReference; fileEncoding = 4; lastKnownFileType = sourcecode.swift; path = TCCollectionWindowController.swift; sourceTree = "<group>"; };
		03A6611D1F17FD43007864A8 /* Type Designer-Bridging-Header.h */ = {isa = PBXFileReference; lastKnownFileType = sourcecode.c.h; path = "Type Designer-Bridging-Header.h"; sourceTree = "<group>"; };
		03A6611E1F17FD43007864A8 /* TCHeadTable.swift */ = {isa = PBXFileReference; fileEncoding = 4; lastKnownFileType = sourcecode.swift; path = TCHeadTable.swift; sourceTree = "<group>"; };
		03B311EC1F280D3F001E6712 /* TCGlyphPathFactory.swift */ = {isa = PBXFileReference; fileEncoding = 4; lastKnownFileType = sourcecode.swift; path = TCGlyphPathFactory.swift; sourceTree = "<group>"; };
		03B311EE1F294C58001E6712 /* TCPoint.swift */ = {isa = PBXFileReference; fileEncoding = 4; lastKnownFileType = sourcecode.swift; path = TCPoint.swift; sourceTree = "<group>"; };
		03B311F01F295747001E6712 /* TCGlyphWindowController.swift */ = {isa = PBXFileReference; fileEncoding = 4; lastKnownFileType = sourcecode.swift; path = TCGlyphWindowController.swift; sourceTree = "<group>"; };
		03B311F21F29B5AD001E6712 /* TCGlyph.swift */ = {isa = PBXFileReference; fileEncoding = 4; lastKnownFileType = sourcecode.swift; path = TCGlyph.swift; sourceTree = "<group>"; };
		03B311F41F2A7128001E6712 /* TCDocument.swift */ = {isa = PBXFileReference; fileEncoding = 4; lastKnownFileType = sourcecode.swift; path = TCDocument.swift; sourceTree = "<group>"; };
		03B311F61F2A9CC3001E6712 /* TCFont.swift */ = {isa = PBXFileReference; fileEncoding = 4; lastKnownFileType = sourcecode.swift; path = TCFont.swift; sourceTree = "<group>"; };
		03B311F81F2A9D60001E6712 /* TCFontCollection.swift */ = {isa = PBXFileReference; fileEncoding = 4; lastKnownFileType = sourcecode.swift; path = TCFontCollection.swift; sourceTree = "<group>"; };
		03B311FA1F2AC062001E6712 /* TCResourceHeader.swift */ = {isa = PBXFileReference; fileEncoding = 4; lastKnownFileType = sourcecode.swift; path = TCResourceHeader.swift; sourceTree = "<group>"; };
		03B311FC1F2AC13F001E6712 /* TCResourceMap.swift */ = {isa = PBXFileReference; fileEncoding = 4; lastKnownFileType = sourcecode.swift; path = TCResourceMap.swift; sourceTree = "<group>"; };
		03B311FE1F2AC451001E6712 /* TCResourceType.swift */ = {isa = PBXFileReference; fileEncoding = 4; lastKnownFileType = sourcecode.swift; path = TCResourceType.swift; sourceTree = "<group>"; };
		03B312001F2AC6BE001E6712 /* TCResourceReference.swift */ = {isa = PBXFileReference; fileEncoding = 4; lastKnownFileType = sourcecode.swift; path = TCResourceReference.swift; sourceTree = "<group>"; };
		03B619131F3D283D00EA1D0E /* TCCmapFormat12.swift */ = {isa = PBXFileReference; fileEncoding = 4; lastKnownFileType = sourcecode.swift; path = TCCmapFormat12.swift; sourceTree = "<group>"; };
		03B619151F3E10BC00EA1D0E /* TCTTGlyph.swift */ = {isa = PBXFileReference; fileEncoding = 4; lastKnownFileType = sourcecode.swift; path = TCTTGlyph.swift; sourceTree = "<group>"; };
		03B619171F3E128200EA1D0E /* TCT2Glyph.swift */ = {isa = PBXFileReference; fileEncoding = 4; lastKnownFileType = sourcecode.swift; path = TCT2Glyph.swift; sourceTree = "<group>"; };
		03C162901F2174BB00A44848 /* TCGlyphView.swift */ = {isa = PBXFileReference; fileEncoding = 4; lastKnownFileType = sourcecode.swift; path = TCGlyphView.swift; sourceTree = "<group>"; };
		03C2F5111F43FDDC00B2A3BC /* CFF.xcodeproj */ = {isa = PBXFileReference; lastKnownFileType = "wrapper.pb-project"; name = CFF.xcodeproj; path = CFF/CFF.xcodeproj; sourceTree = "<group>"; };
		03C40BEC1F35316F00CD6BAC /* TCGlyfNullDescript.swift */ = {isa = PBXFileReference; fileEncoding = 4; lastKnownFileType = sourcecode.swift; path = TCGlyfNullDescript.swift; sourceTree = "<group>"; };
		03C40BEE1F3532ED00CD6BAC /* TCGlyfBaseDescript.swift */ = {isa = PBXFileReference; fileEncoding = 4; lastKnownFileType = sourcecode.swift; path = TCGlyfBaseDescript.swift; sourceTree = "<group>"; };
		03C40BF01F36A49F00CD6BAC /* TCVheaTable.swift */ = {isa = PBXFileReference; fileEncoding = 4; lastKnownFileType = sourcecode.swift; path = TCVheaTable.swift; sourceTree = "<group>"; };
		03C40BF21F36A84300CD6BAC /* TCMaxpTable.swift */ = {isa = PBXFileReference; fileEncoding = 4; lastKnownFileType = sourcecode.swift; path = TCMaxpTable.swift; sourceTree = "<group>"; };
		03C40BF41F36F99A00CD6BAC /* TCLocaTable.swift */ = {isa = PBXFileReference; fileEncoding = 4; lastKnownFileType = sourcecode.swift; path = TCLocaTable.swift; sourceTree = "<group>"; };
		03C40BF61F3795C800CD6BAC /* TCID.swift */ = {isa = PBXFileReference; fileEncoding = 4; lastKnownFileType = sourcecode.swift; path = TCID.swift; sourceTree = "<group>"; };
		03F6871D1F39565000F467BA /* TCCffTable.swift */ = {isa = PBXFileReference; fileEncoding = 4; lastKnownFileType = sourcecode.swift; path = TCCffTable.swift; sourceTree = "<group>"; };
		03F905CB1F37A8840008FF3E /* TCCmapTable.swift */ = {isa = PBXFileReference; fileEncoding = 4; lastKnownFileType = sourcecode.swift; path = TCCmapTable.swift; sourceTree = "<group>"; };
		03F905CD1F37AB410008FF3E /* TCCmapIndexEntry.swift */ = {isa = PBXFileReference; fileEncoding = 4; lastKnownFileType = sourcecode.swift; path = TCCmapIndexEntry.swift; sourceTree = "<group>"; };
		03F905CF1F37CBFF0008FF3E /* TCCmapFormat.swift */ = {isa = PBXFileReference; fileEncoding = 4; lastKnownFileType = sourcecode.swift; path = TCCmapFormat.swift; sourceTree = "<group>"; };
		03F905D11F37D38E0008FF3E /* TCCmapFormat0.swift */ = {isa = PBXFileReference; fileEncoding = 4; lastKnownFileType = sourcecode.swift; path = TCCmapFormat0.swift; sourceTree = "<group>"; };
		03F905D31F37DA3D0008FF3E /* TCCmapFormatUnknown.swift */ = {isa = PBXFileReference; fileEncoding = 4; lastKnownFileType = sourcecode.swift; path = TCCmapFormatUnknown.swift; sourceTree = "<group>"; };
		03F905D51F37E7CC0008FF3E /* TCCmapFormat2.swift */ = {isa = PBXFileReference; fileEncoding = 4; lastKnownFileType = sourcecode.swift; path = TCCmapFormat2.swift; sourceTree = "<group>"; };
		03F905D71F37FCFE0008FF3E /* TCCmapFormat6.swift */ = {isa = PBXFileReference; fileEncoding = 4; lastKnownFileType = sourcecode.swift; path = TCCmapFormat6.swift; sourceTree = "<group>"; };
		03F905D91F37FE930008FF3E /* TCCmapFormat4.swift */ = {isa = PBXFileReference; fileEncoding = 4; lastKnownFileType = sourcecode.swift; path = TCCmapFormat4.swift; sourceTree = "<group>"; };
		03F905DB1F38DDF70008FF3E /* TCGlyphImageFactory.swift */ = {isa = PBXFileReference; fileEncoding = 4; lastKnownFileType = sourcecode.swift; path = TCGlyphImageFactory.swift; sourceTree = "<group>"; };
		03F905DD1F38DEC40008FF3E /* TCMnemonic.swift */ = {isa = PBXFileReference; fileEncoding = 4; lastKnownFileType = sourcecode.swift; path = TCMnemonic.swift; sourceTree = "<group>"; };
		03F905DF1F38E8E50008FF3E /* TCDisassembler.swift */ = {isa = PBXFileReference; fileEncoding = 4; lastKnownFileType = sourcecode.swift; path = TCDisassembler.swift; sourceTree = "<group>"; };
		03F905E11F39010A0008FF3E /* TCTablesWindowController.swift */ = {isa = PBXFileReference; fileEncoding = 4; lastKnownFileType = sourcecode.swift; path = TCTablesWindowController.swift; sourceTree = "<group>"; };
		03F905E31F391C040008FF3E /* TCGlyphListViewController.swift */ = {isa = PBXFileReference; fileEncoding = 4; lastKnownFileType = sourcecode.swift; path = TCGlyphListViewController.swift; sourceTree = "<group>"; };
		03F905E51F391E790008FF3E /* TCCharacterMapWindowController.swift */ = {isa = PBXFileReference; fileEncoding = 4; lastKnownFileType = sourcecode.swift; path = TCCharacterMapWindowController.swift; sourceTree = "<group>"; };
		03F905E71F3928E70008FF3E /* TCCharacterMapListViewController.swift */ = {isa = PBXFileReference; fileEncoding = 4; lastKnownFileType = sourcecode.swift; path = TCCharacterMapListViewController.swift; sourceTree = "<group>"; };
		03F905E91F3932610008FF3E /* TCTable+UI.swift */ = {isa = PBXFileReference; fileEncoding = 4; lastKnownFileType = sourcecode.swift; path = "TCTable+UI.swift"; sourceTree = "<group>"; };
		03FF3A211F2F8CCB005F07AB /* TCTableFactory.swift */ = {isa = PBXFileReference; fileEncoding = 4; lastKnownFileType = sourcecode.swift; path = TCTableFactory.swift; sourceTree = "<group>"; };
		03FF3A231F2F9C2C005F07AB /* TCDirectoryEntry.swift */ = {isa = PBXFileReference; fileEncoding = 4; lastKnownFileType = sourcecode.swift; path = TCDirectoryEntry.swift; sourceTree = "<group>"; };
		03FF3A251F2FA86A005F07AB /* TCTableDirectory.swift */ = {isa = PBXFileReference; fileEncoding = 4; lastKnownFileType = sourcecode.swift; path = TCTableDirectory.swift; sourceTree = "<group>"; };
		03FF4FFF1F44C2EC009F5F0C /* IOUtils.xcodeproj */ = {isa = PBXFileReference; lastKnownFileType = "wrapper.pb-project"; name = IOUtils.xcodeproj; path = IOUtils/IOUtils.xcodeproj; sourceTree = "<group>"; };
		630AA393166B2483001BD6BF /* TablesWindow.xib */ = {isa = PBXFileReference; fileEncoding = 4; lastKnownFileType = file.xib; path = TablesWindow.xib; sourceTree = "<group>"; };
		63134728168583760025CDFE /* CharacterMapWindow.xib */ = {isa = PBXFileReference; fileEncoding = 4; lastKnownFileType = file.xib; path = CharacterMapWindow.xib; sourceTree = "<group>"; };
		6313472E16858EC10025CDFE /* CharacterMapListView.xib */ = {isa = PBXFileReference; fileEncoding = 4; lastKnownFileType = file.xib; path = CharacterMapListView.xib; sourceTree = "<group>"; };
		6365E66C167559690054AAB3 /* README.md */ = {isa = PBXFileReference; fileEncoding = 4; lastKnownFileType = text; path = README.md; sourceTree = "<group>"; };
		6373B1AB166A11B5007EC53F /* Type Designer.app */ = {isa = PBXFileReference; explicitFileType = wrapper.application; includeInIndex = 0; path = "Type Designer.app"; sourceTree = BUILT_PRODUCTS_DIR; };
		6373B1AF166A11B5007EC53F /* Cocoa.framework */ = {isa = PBXFileReference; lastKnownFileType = wrapper.framework; name = Cocoa.framework; path = System/Library/Frameworks/Cocoa.framework; sourceTree = SDKROOT; };
		6373B1B2166A11B5007EC53F /* AppKit.framework */ = {isa = PBXFileReference; lastKnownFileType = wrapper.framework; name = AppKit.framework; path = System/Library/Frameworks/AppKit.framework; sourceTree = SDKROOT; };
		6373B1B3166A11B5007EC53F /* CoreData.framework */ = {isa = PBXFileReference; lastKnownFileType = wrapper.framework; name = CoreData.framework; path = System/Library/Frameworks/CoreData.framework; sourceTree = SDKROOT; };
		6373B1B4166A11B5007EC53F /* Foundation.framework */ = {isa = PBXFileReference; lastKnownFileType = wrapper.framework; name = Foundation.framework; path = System/Library/Frameworks/Foundation.framework; sourceTree = SDKROOT; };
		6373B1B7166A11B5007EC53F /* Type-Designer-Info.plist */ = {isa = PBXFileReference; lastKnownFileType = text.plist.xml; path = "Type-Designer-Info.plist"; sourceTree = "<group>"; };
		6373B1B9166A11B5007EC53F /* en */ = {isa = PBXFileReference; lastKnownFileType = text.plist.strings; name = en; path = en.lproj/InfoPlist.strings; sourceTree = "<group>"; };
		6373B1BD166A11B5007EC53F /* Type-Designer-Prefix.pch */ = {isa = PBXFileReference; lastKnownFileType = sourcecode.c.h; path = "Type-Designer-Prefix.pch"; sourceTree = "<group>"; };
		6373B1C5166A11B5007EC53F /* en */ = {isa = PBXFileReference; lastKnownFileType = file.xib; name = en; path = en.lproj/TCDocument.xib; sourceTree = "<group>"; };
		6373B1C8166A11B5007EC53F /* en */ = {isa = PBXFileReference; lastKnownFileType = file.xib; name = en; path = en.lproj/MainMenu.xib; sourceTree = "<group>"; };
		6373B1CF166A11B5007EC53F /* Type DesignerTests.octest */ = {isa = PBXFileReference; explicitFileType = wrapper.cfbundle; includeInIndex = 0; path = "Type DesignerTests.octest"; sourceTree = BUILT_PRODUCTS_DIR; };
		6373B1D7166A11B5007EC53F /* Type-DesignerTests-Info.plist */ = {isa = PBXFileReference; lastKnownFileType = text.plist.xml; path = "Type-DesignerTests-Info.plist"; sourceTree = "<group>"; };
		6373B1D9166A11B5007EC53F /* en */ = {isa = PBXFileReference; lastKnownFileType = text.plist.strings; name = en; path = en.lproj/InfoPlist.strings; sourceTree = "<group>"; };
		6373B1DB166A11B5007EC53F /* TypecastTests.h */ = {isa = PBXFileReference; lastKnownFileType = sourcecode.c.h; path = TypecastTests.h; sourceTree = "<group>"; };
		6373B1DC166A11B5007EC53F /* TypecastTests.m */ = {isa = PBXFileReference; lastKnownFileType = sourcecode.c.objc; path = TypecastTests.m; sourceTree = "<group>"; };
		63BFC2441690108700435BC8 /* CollectionWindow.xib */ = {isa = PBXFileReference; fileEncoding = 4; lastKnownFileType = file.xib; path = CollectionWindow.xib; sourceTree = "<group>"; };
		63E96FA3167DEDE800874FBC /* GlyphListView.xib */ = {isa = PBXFileReference; fileEncoding = 4; lastKnownFileType = file.xib; path = GlyphListView.xib; sourceTree = "<group>"; };
		63F16EE21681B42E00306A20 /* GlyphWindow.xib */ = {isa = PBXFileReference; fileEncoding = 4; lastKnownFileType = file.xib; path = GlyphWindow.xib; sourceTree = "<group>"; };
/* End PBXFileReference section */

/* Begin PBXFrameworksBuildPhase section */
		6373B1A8166A11B5007EC53F /* Frameworks */ = {
			isa = PBXFrameworksBuildPhase;
			buildActionMask = 2147483647;
			files = (
				03FF50191F45188E009F5F0C /* IOUtils.framework in Frameworks */,
				6373B1B0166A11B5007EC53F /* Cocoa.framework in Frameworks */,
				03FF501D1F45188E009F5F0C /* CFF.framework in Frameworks */,
			);
			runOnlyForDeploymentPostprocessing = 0;
		};
		6373B1CB166A11B5007EC53F /* Frameworks */ = {
			isa = PBXFrameworksBuildPhase;
			buildActionMask = 2147483647;
			files = (
				6373B1D2166A11B5007EC53F /* Cocoa.framework in Frameworks */,
			);
			runOnlyForDeploymentPostprocessing = 0;
		};
/* End PBXFrameworksBuildPhase section */

/* Begin PBXGroup section */
		03C2F5121F43FDDC00B2A3BC /* Products */ = {
			isa = PBXGroup;
			children = (
				03C2F5171F43FDDD00B2A3BC /* CFF.framework */,
				03C2F5191F43FDDD00B2A3BC /* CFFTests.xctest */,
			);
			name = Products;
			sourceTree = "<group>";
		};
		03FF50001F44C2EC009F5F0C /* Products */ = {
			isa = PBXGroup;
			children = (
				03FF50071F44C2ED009F5F0C /* IOUtils.framework */,
				03FF50091F44C2ED009F5F0C /* IOUtilsTests.xctest */,
			);
			name = Products;
			sourceTree = "<group>";
		};
		630AA399166B5A17001BD6BF /* Tables */ = {
			isa = PBXGroup;
			children = (
				039845B91F1977CE0040988F /* TCTable.swift */,
				03F905CF1F37CBFF0008FF3E /* TCCmapFormat.swift */,
				03F905D11F37D38E0008FF3E /* TCCmapFormat0.swift */,
				03F905D51F37E7CC0008FF3E /* TCCmapFormat2.swift */,
				03F905D91F37FE930008FF3E /* TCCmapFormat4.swift */,
				03F905D71F37FCFE0008FF3E /* TCCmapFormat6.swift */,
				03B619131F3D283D00EA1D0E /* TCCmapFormat12.swift */,
				03F905D31F37DA3D0008FF3E /* TCCmapFormatUnknown.swift */,
				03F905CD1F37AB410008FF3E /* TCCmapIndexEntry.swift */,
				03F905CB1F37A8840008FF3E /* TCCmapTable.swift */,
				03C40BF61F3795C800CD6BAC /* TCID.swift */,
				03C40BF41F36F99A00CD6BAC /* TCLocaTable.swift */,
				03C40BF21F36A84300CD6BAC /* TCMaxpTable.swift */,
				030A32A61F312A4E006B2BAC /* TCNameTable.swift */,
				03C40BF01F36A49F00CD6BAC /* TCVheaTable.swift */,
				030A32A41F31054C006B2BAC /* TCOs2Table.swift */,
				0348BE661F33A78A00446B58 /* TCPostTable.swift */,
				0348BE681F33C67F00446B58 /* TCGlyfTable.swift */,
				0348BE6E1F33DD5800446B58 /* TCProgram.swift */,
				0348BE6C1F33DD3700446B58 /* TCGlyfDescript.swift */,
				03C40BEC1F35316F00CD6BAC /* TCGlyfNullDescript.swift */,
				03C40BEE1F3532ED00CD6BAC /* TCGlyfBaseDescript.swift */,
				0348BE6A1F33D6DB00446B58 /* TCGlyfSimpleDescript.swift */,
				0348BE701F33E12100446B58 /* TCGlyphDescription.swift */,
				0348BE641F32AB3B00446B58 /* TCTTCHeader.swift */,
				0348BE741F33EF6800446B58 /* TCPrepTable.swift */,
				0348BE721F33ED9100446B58 /* TCFpgmTable.swift */,
				03F6871D1F39565000F467BA /* TCCffTable.swift */,
				03A6611E1F17FD43007864A8 /* TCHeadTable.swift */,
				039845B71F195B6F0040988F /* TCHheaTable.swift */,
				039845BB1F19802E0040988F /* TCHmtxTable.swift */,
			);
			name = Tables;
			sourceTree = "<group>";
		};
		63534560168DB12C00C66A9F /* Suitcase */ = {
			isa = PBXGroup;
			children = (
				03B311FA1F2AC062001E6712 /* TCResourceHeader.swift */,
				03B311FC1F2AC13F001E6712 /* TCResourceMap.swift */,
				03B311FE1F2AC451001E6712 /* TCResourceType.swift */,
				03B312001F2AC6BE001E6712 /* TCResourceReference.swift */,
			);
			name = Suitcase;
			sourceTree = "<group>";
		};
		6373B1A0166A11B5007EC53F = {
			isa = PBXGroup;
			children = (
				03FF4FFF1F44C2EC009F5F0C /* IOUtils.xcodeproj */,
				03C2F5111F43FDDC00B2A3BC /* CFF.xcodeproj */,
				6365E66C167559690054AAB3 /* README.md */,
				6373B1B5166A11B5007EC53F /* Type Designer */,
				6373B1D5166A11B5007EC53F /* Type Designer Tests */,
				6373B1AE166A11B5007EC53F /* Frameworks */,
				6373B1AC166A11B5007EC53F /* Products */,
			);
			sourceTree = "<group>";
		};
		6373B1AC166A11B5007EC53F /* Products */ = {
			isa = PBXGroup;
			children = (
				6373B1AB166A11B5007EC53F /* Type Designer.app */,
				6373B1CF166A11B5007EC53F /* Type DesignerTests.octest */,
			);
			name = Products;
			sourceTree = "<group>";
		};
		6373B1AE166A11B5007EC53F /* Frameworks */ = {
			isa = PBXGroup;
			children = (
				6373B1AF166A11B5007EC53F /* Cocoa.framework */,
				6373B1B1166A11B5007EC53F /* Other Frameworks */,
			);
			name = Frameworks;
			sourceTree = "<group>";
		};
		6373B1B1166A11B5007EC53F /* Other Frameworks */ = {
			isa = PBXGroup;
			children = (
				6373B1B2166A11B5007EC53F /* AppKit.framework */,
				6373B1B3166A11B5007EC53F /* CoreData.framework */,
				6373B1B4166A11B5007EC53F /* Foundation.framework */,
			);
			name = "Other Frameworks";
			sourceTree = "<group>";
		};
		6373B1B5166A11B5007EC53F /* Type Designer */ = {
			isa = PBXGroup;
			children = (
				03A6611D1F17FD43007864A8 /* Type Designer-Bridging-Header.h */,
				630AA399166B5A17001BD6BF /* Tables */,
				63534560168DB12C00C66A9F /* Suitcase */,
				03B311F41F2A7128001E6712 /* TCDocument.swift */,
				6373B1C4166A11B5007EC53F /* TCDocument.xib */,
				6373B1C7166A11B5007EC53F /* MainMenu.xib */,
				6373B1B6166A11B5007EC53F /* Supporting Files */,
				03B311F61F2A9CC3001E6712 /* TCFont.swift */,
				03FF3A231F2F9C2C005F07AB /* TCDirectoryEntry.swift */,
				03B311F81F2A9D60001E6712 /* TCFontCollection.swift */,
				03FF3A251F2FA86A005F07AB /* TCTableDirectory.swift */,
				030A32A81F314823006B2BAC /* TCAppDelegate.swift */,
				03F905E11F39010A0008FF3E /* TCTablesWindowController.swift */,
				630AA393166B2483001BD6BF /* TablesWindow.xib */,
				03FF3A211F2F8CCB005F07AB /* TCTableFactory.swift */,
				03F905E91F3932610008FF3E /* TCTable+UI.swift */,
				03F905E31F391C040008FF3E /* TCGlyphListViewController.swift */,
				63E96FA3167DEDE800874FBC /* GlyphListView.xib */,
				03B311F01F295747001E6712 /* TCGlyphWindowController.swift */,
				63F16EE21681B42E00306A20 /* GlyphWindow.xib */,
				03C162901F2174BB00A44848 /* TCGlyphView.swift */,
				03B311F21F29B5AD001E6712 /* TCGlyph.swift */,
				03B619151F3E10BC00EA1D0E /* TCTTGlyph.swift */,
				03B619171F3E128200EA1D0E /* TCT2Glyph.swift */,
				03B311EE1F294C58001E6712 /* TCPoint.swift */,
				03B311EC1F280D3F001E6712 /* TCGlyphPathFactory.swift */,
				03F905E51F391E790008FF3E /* TCCharacterMapWindowController.swift */,
				63134728168583760025CDFE /* CharacterMapWindow.xib */,
				03F905E71F3928E70008FF3E /* TCCharacterMapListViewController.swift */,
				6313472E16858EC10025CDFE /* CharacterMapListView.xib */,
				03F905DB1F38DDF70008FF3E /* TCGlyphImageFactory.swift */,
				03F905DD1F38DEC40008FF3E /* TCMnemonic.swift */,
				03F905DF1F38E8E50008FF3E /* TCDisassembler.swift */,
				039845FB1F1FD57E0040988F /* TCCollectionWindowController.swift */,
				63BFC2441690108700435BC8 /* CollectionWindow.xib */,
			);
			name = "Type Designer";
			path = Typecast;
			sourceTree = "<group>";
		};
		6373B1B6166A11B5007EC53F /* Supporting Files */ = {
			isa = PBXGroup;
			children = (
				6373B1B7166A11B5007EC53F /* Type-Designer-Info.plist */,
				6373B1B8166A11B5007EC53F /* InfoPlist.strings */,
				6373B1BD166A11B5007EC53F /* Type-Designer-Prefix.pch */,
			);
			name = "Supporting Files";
			sourceTree = "<group>";
		};
		6373B1D5166A11B5007EC53F /* Type Designer Tests */ = {
			isa = PBXGroup;
			children = (
				6373B1DB166A11B5007EC53F /* TypecastTests.h */,
				6373B1DC166A11B5007EC53F /* TypecastTests.m */,
				6373B1D6166A11B5007EC53F /* Supporting Files */,
			);
			name = "Type Designer Tests";
			path = TypecastTests;
			sourceTree = "<group>";
		};
		6373B1D6166A11B5007EC53F /* Supporting Files */ = {
			isa = PBXGroup;
			children = (
				6373B1D7166A11B5007EC53F /* Type-DesignerTests-Info.plist */,
				6373B1D8166A11B5007EC53F /* InfoPlist.strings */,
			);
			name = "Supporting Files";
			sourceTree = "<group>";
		};
/* End PBXGroup section */

/* Begin PBXNativeTarget section */
		6373B1AA166A11B5007EC53F /* Type Designer */ = {
			isa = PBXNativeTarget;
			buildConfigurationList = 6373B1E0166A11B5007EC53F /* Build configuration list for PBXNativeTarget "Type Designer" */;
			buildPhases = (
				6373B1A7166A11B5007EC53F /* Sources */,
				6373B1A8166A11B5007EC53F /* Frameworks */,
				6373B1A9166A11B5007EC53F /* Resources */,
				03FF50211F45188E009F5F0C /* Embed Frameworks */,
			);
			buildRules = (
			);
			dependencies = (
				03FF501C1F45188E009F5F0C /* PBXTargetDependency */,
				03FF50201F45188E009F5F0C /* PBXTargetDependency */,
			);
			name = "Type Designer";
			productName = Typecast;
			productReference = 6373B1AB166A11B5007EC53F /* Type Designer.app */;
			productType = "com.apple.product-type.application";
		};
		6373B1CE166A11B5007EC53F /* Type DesignerTests */ = {
			isa = PBXNativeTarget;
			buildConfigurationList = 6373B1E3166A11B5007EC53F /* Build configuration list for PBXNativeTarget "Type DesignerTests" */;
			buildPhases = (
				6373B1CA166A11B5007EC53F /* Sources */,
				6373B1CB166A11B5007EC53F /* Frameworks */,
				6373B1CC166A11B5007EC53F /* Resources */,
				6373B1CD166A11B5007EC53F /* ShellScript */,
			);
			buildRules = (
			);
			dependencies = (
				6373B1D4166A11B5007EC53F /* PBXTargetDependency */,
			);
			name = "Type DesignerTests";
			productName = TypecastTests;
			productReference = 6373B1CF166A11B5007EC53F /* Type DesignerTests.octest */;
			productType = "com.apple.product-type.bundle.ocunit-test";
		};
/* End PBXNativeTarget section */

/* Begin PBXProject section */
		6373B1A2166A11B5007EC53F /* Project object */ = {
			isa = PBXProject;
			attributes = {
				CLASSPREFIX = TC;
				LastTestingUpgradeCheck = 0710;
				LastUpgradeCheck = 0830;
				ORGANIZATIONNAME = "David Schweinsberg";
				TargetAttributes = {
					6373B1AA166A11B5007EC53F = {
						LastSwiftMigration = 0830;
					};
				};
			};
			buildConfigurationList = 6373B1A5166A11B5007EC53F /* Build configuration list for PBXProject "Type Designer" */;
			compatibilityVersion = "Xcode 3.2";
			developmentRegion = English;
			hasScannedForEncodings = 0;
			knownRegions = (
				en,
			);
			mainGroup = 6373B1A0166A11B5007EC53F;
			productRefGroup = 6373B1AC166A11B5007EC53F /* Products */;
			projectDirPath = "";
			projectReferences = (
				{
					ProductGroup = 03C2F5121F43FDDC00B2A3BC /* Products */;
					ProjectRef = 03C2F5111F43FDDC00B2A3BC /* CFF.xcodeproj */;
				},
				{
					ProductGroup = 03FF50001F44C2EC009F5F0C /* Products */;
					ProjectRef = 03FF4FFF1F44C2EC009F5F0C /* IOUtils.xcodeproj */;
				},
			);
			projectRoot = "";
			targets = (
				6373B1AA166A11B5007EC53F /* Type Designer */,
				6373B1CE166A11B5007EC53F /* Type DesignerTests */,
			);
		};
/* End PBXProject section */

/* Begin PBXReferenceProxy section */
		03C2F5171F43FDDD00B2A3BC /* CFF.framework */ = {
			isa = PBXReferenceProxy;
			fileType = wrapper.framework;
			path = CFF.framework;
			remoteRef = 03C2F5161F43FDDD00B2A3BC /* PBXContainerItemProxy */;
			sourceTree = BUILT_PRODUCTS_DIR;
		};
		03C2F5191F43FDDD00B2A3BC /* CFFTests.xctest */ = {
			isa = PBXReferenceProxy;
			fileType = wrapper.cfbundle;
			path = CFFTests.xctest;
			remoteRef = 03C2F5181F43FDDD00B2A3BC /* PBXContainerItemProxy */;
			sourceTree = BUILT_PRODUCTS_DIR;
		};
		03FF50071F44C2ED009F5F0C /* IOUtils.framework */ = {
			isa = PBXReferenceProxy;
			fileType = wrapper.framework;
			path = IOUtils.framework;
			remoteRef = 03FF50061F44C2ED009F5F0C /* PBXContainerItemProxy */;
			sourceTree = BUILT_PRODUCTS_DIR;
		};
		03FF50091F44C2ED009F5F0C /* IOUtilsTests.xctest */ = {
			isa = PBXReferenceProxy;
			fileType = wrapper.cfbundle;
			path = IOUtilsTests.xctest;
			remoteRef = 03FF50081F44C2ED009F5F0C /* PBXContainerItemProxy */;
			sourceTree = BUILT_PRODUCTS_DIR;
		};
/* End PBXReferenceProxy section */

/* Begin PBXResourcesBuildPhase section */
		6373B1A9166A11B5007EC53F /* Resources */ = {
			isa = PBXResourcesBuildPhase;
			buildActionMask = 2147483647;
			files = (
				6373B1BA166A11B5007EC53F /* InfoPlist.strings in Resources */,
				6373B1C6166A11B5007EC53F /* TCDocument.xib in Resources */,
				6373B1C9166A11B5007EC53F /* MainMenu.xib in Resources */,
				630AA395166B2483001BD6BF /* TablesWindow.xib in Resources */,
				6365E66D167559690054AAB3 /* README.md in Resources */,
				63E96FA5167DEDE800874FBC /* GlyphListView.xib in Resources */,
				63F16EE41681B42E00306A20 /* GlyphWindow.xib in Resources */,
				6313472A168583760025CDFE /* CharacterMapWindow.xib in Resources */,
				6313473016858EC10025CDFE /* CharacterMapListView.xib in Resources */,
				63BFC2461690108800435BC8 /* CollectionWindow.xib in Resources */,
			);
			runOnlyForDeploymentPostprocessing = 0;
		};
		6373B1CC166A11B5007EC53F /* Resources */ = {
			isa = PBXResourcesBuildPhase;
			buildActionMask = 2147483647;
			files = (
				6373B1DA166A11B5007EC53F /* InfoPlist.strings in Resources */,
			);
			runOnlyForDeploymentPostprocessing = 0;
		};
/* End PBXResourcesBuildPhase section */

/* Begin PBXShellScriptBuildPhase section */
		6373B1CD166A11B5007EC53F /* ShellScript */ = {
			isa = PBXShellScriptBuildPhase;
			buildActionMask = 2147483647;
			files = (
			);
			inputPaths = (
			);
			outputPaths = (
			);
			runOnlyForDeploymentPostprocessing = 0;
			shellPath = /bin/sh;
			shellScript = "# Run the unit tests in this test bundle.\n\"${SYSTEM_DEVELOPER_DIR}/Tools/RunUnitTests\"\n";
		};
/* End PBXShellScriptBuildPhase section */

/* Begin PBXSourcesBuildPhase section */
		6373B1A7166A11B5007EC53F /* Sources */ = {
			isa = PBXSourcesBuildPhase;
			buildActionMask = 2147483647;
			files = (
				03C40BF71F3795C800CD6BAC /* TCID.swift in Sources */,
				03B311F51F2A7128001E6712 /* TCDocument.swift in Sources */,
				03F905CC1F37A8840008FF3E /* TCCmapTable.swift in Sources */,
				030A32A71F312A4E006B2BAC /* TCNameTable.swift in Sources */,
				03F905E61F391E790008FF3E /* TCCharacterMapWindowController.swift in Sources */,
				03F905E81F3928E70008FF3E /* TCCharacterMapListViewController.swift in Sources */,
				03B311F31F29B5AD001E6712 /* TCGlyph.swift in Sources */,
				03B311FD1F2AC13F001E6712 /* TCResourceMap.swift in Sources */,
				03B311EF1F294C58001E6712 /* TCPoint.swift in Sources */,
				0348BE6B1F33D6DB00446B58 /* TCGlyfSimpleDescript.swift in Sources */,
				039845BC1F19802E0040988F /* TCHmtxTable.swift in Sources */,
				039845BA1F1977CE0040988F /* TCTable.swift in Sources */,
				03FF3A241F2F9C2C005F07AB /* TCDirectoryEntry.swift in Sources */,
				0348BE711F33E12100446B58 /* TCGlyphDescription.swift in Sources */,
				0348BE6F1F33DD5800446B58 /* TCProgram.swift in Sources */,
				03B311F71F2A9CC3001E6712 /* TCFont.swift in Sources */,
				03B619141F3D283D00EA1D0E /* TCCmapFormat12.swift in Sources */,
				03F905CE1F37AB410008FF3E /* TCCmapIndexEntry.swift in Sources */,
				03B311FB1F2AC062001E6712 /* TCResourceHeader.swift in Sources */,
				0348BE6D1F33DD3700446B58 /* TCGlyfDescript.swift in Sources */,
				03F905E41F391C040008FF3E /* TCGlyphListViewController.swift in Sources */,
				03F905DA1F37FE930008FF3E /* TCCmapFormat4.swift in Sources */,
				03C40BF51F36F99A00CD6BAC /* TCLocaTable.swift in Sources */,
				03B619161F3E10BC00EA1D0E /* TCTTGlyph.swift in Sources */,
				03F905D81F37FCFE0008FF3E /* TCCmapFormat6.swift in Sources */,
				03F905E21F39010A0008FF3E /* TCTablesWindowController.swift in Sources */,
				03B312011F2AC6BE001E6712 /* TCResourceReference.swift in Sources */,
				030A32A51F31054C006B2BAC /* TCOs2Table.swift in Sources */,
				0348BE691F33C67F00446B58 /* TCGlyfTable.swift in Sources */,
				03C40BF11F36A49F00CD6BAC /* TCVheaTable.swift in Sources */,
				03FF3A221F2F8CCB005F07AB /* TCTableFactory.swift in Sources */,
				03F905D21F37D38E0008FF3E /* TCCmapFormat0.swift in Sources */,
				03B619181F3E128200EA1D0E /* TCT2Glyph.swift in Sources */,
				03FF3A261F2FA86A005F07AB /* TCTableDirectory.swift in Sources */,
				03F687211F39654200F467BA /* TCCffTable.swift in Sources */,
				0348BE671F33A78A00446B58 /* TCPostTable.swift in Sources */,
				03B311FF1F2AC451001E6712 /* TCResourceType.swift in Sources */,
				03F905D61F37E7CC0008FF3E /* TCCmapFormat2.swift in Sources */,
				0348BE731F33ED9100446B58 /* TCFpgmTable.swift in Sources */,
				03C162911F2174BB00A44848 /* TCGlyphView.swift in Sources */,
				039845B81F195B6F0040988F /* TCHheaTable.swift in Sources */,
				03C40BF31F36A84300CD6BAC /* TCMaxpTable.swift in Sources */,
				03C40BED1F35316F00CD6BAC /* TCGlyfNullDescript.swift in Sources */,
				0348BE651F32AB3B00446B58 /* TCTTCHeader.swift in Sources */,
				03F905D41F37DA3D0008FF3E /* TCCmapFormatUnknown.swift in Sources */,
				03F905E01F38E8E50008FF3E /* TCDisassembler.swift in Sources */,
				03F905DE1F38DEC40008FF3E /* TCMnemonic.swift in Sources */,
				03F905D01F37CBFF0008FF3E /* TCCmapFormat.swift in Sources */,
				039845FC1F1FD57E0040988F /* TCCollectionWindowController.swift in Sources */,
				03B311F11F295747001E6712 /* TCGlyphWindowController.swift in Sources */,
				03B311ED1F280D3F001E6712 /* TCGlyphPathFactory.swift in Sources */,
				0348BE751F33EF6800446B58 /* TCPrepTable.swift in Sources */,
				03B311F91F2A9D60001E6712 /* TCFontCollection.swift in Sources */,
				030A32A91F314823006B2BAC /* TCAppDelegate.swift in Sources */,
				03F905DC1F38DDF70008FF3E /* TCGlyphImageFactory.swift in Sources */,
				03F905EA1F3932610008FF3E /* TCTable+UI.swift in Sources */,
				03C40BEF1F3532ED00CD6BAC /* TCGlyfBaseDescript.swift in Sources */,
				03A6611F1F17FD43007864A8 /* TCHeadTable.swift in Sources */,
			);
			runOnlyForDeploymentPostprocessing = 0;
		};
		6373B1CA166A11B5007EC53F /* Sources */ = {
			isa = PBXSourcesBuildPhase;
			buildActionMask = 2147483647;
			files = (
				6373B1DD166A11B5007EC53F /* TypecastTests.m in Sources */,
			);
			runOnlyForDeploymentPostprocessing = 0;
		};
/* End PBXSourcesBuildPhase section */

/* Begin PBXTargetDependency section */
		03FF501C1F45188E009F5F0C /* PBXTargetDependency */ = {
			isa = PBXTargetDependency;
			name = IOUtils;
			targetProxy = 03FF501B1F45188E009F5F0C /* PBXContainerItemProxy */;
		};
		03FF50201F45188E009F5F0C /* PBXTargetDependency */ = {
			isa = PBXTargetDependency;
			name = CFF;
			targetProxy = 03FF501F1F45188E009F5F0C /* PBXContainerItemProxy */;
		};
		6373B1D4166A11B5007EC53F /* PBXTargetDependency */ = {
			isa = PBXTargetDependency;
			target = 6373B1AA166A11B5007EC53F /* Type Designer */;
			targetProxy = 6373B1D3166A11B5007EC53F /* PBXContainerItemProxy */;
		};
/* End PBXTargetDependency section */

/* Begin PBXVariantGroup section */
		6373B1B8166A11B5007EC53F /* InfoPlist.strings */ = {
			isa = PBXVariantGroup;
			children = (
				6373B1B9166A11B5007EC53F /* en */,
			);
			name = InfoPlist.strings;
			sourceTree = "<group>";
		};
		6373B1C4166A11B5007EC53F /* TCDocument.xib */ = {
			isa = PBXVariantGroup;
			children = (
				6373B1C5166A11B5007EC53F /* en */,
			);
			name = TCDocument.xib;
			sourceTree = "<group>";
		};
		6373B1C7166A11B5007EC53F /* MainMenu.xib */ = {
			isa = PBXVariantGroup;
			children = (
				6373B1C8166A11B5007EC53F /* en */,
			);
			name = MainMenu.xib;
			sourceTree = "<group>";
		};
		6373B1D8166A11B5007EC53F /* InfoPlist.strings */ = {
			isa = PBXVariantGroup;
			children = (
				6373B1D9166A11B5007EC53F /* en */,
			);
			name = InfoPlist.strings;
			sourceTree = "<group>";
		};
/* End PBXVariantGroup section */

/* Begin XCBuildConfiguration section */
		6373B1DE166A11B5007EC53F /* Debug */ = {
			isa = XCBuildConfiguration;
			buildSettings = {
				ALWAYS_SEARCH_USER_PATHS = NO;
				CLANG_CXX_LANGUAGE_STANDARD = "gnu++0x";
				CLANG_CXX_LIBRARY = "libc++";
				CLANG_ENABLE_OBJC_ARC = YES;
				CLANG_WARN_BOOL_CONVERSION = YES;
				CLANG_WARN_CONSTANT_CONVERSION = YES;
				CLANG_WARN_EMPTY_BODY = YES;
				CLANG_WARN_ENUM_CONVERSION = YES;
				CLANG_WARN_INFINITE_RECURSION = YES;
				CLANG_WARN_INT_CONVERSION = YES;
				CLANG_WARN_SUSPICIOUS_MOVE = YES;
				CLANG_WARN_UNREACHABLE_CODE = YES;
				CLANG_WARN__DUPLICATE_METHOD_MATCH = YES;
				COPY_PHASE_STRIP = NO;
				ENABLE_STRICT_OBJC_MSGSEND = YES;
				ENABLE_TESTABILITY = YES;
				GCC_C_LANGUAGE_STANDARD = gnu99;
				GCC_DYNAMIC_NO_PIC = NO;
				GCC_ENABLE_OBJC_EXCEPTIONS = YES;
				GCC_NO_COMMON_BLOCKS = YES;
				GCC_OPTIMIZATION_LEVEL = 0;
				GCC_PREPROCESSOR_DEFINITIONS = (
					"DEBUG=1",
					"$(inherited)",
				);
				GCC_SYMBOLS_PRIVATE_EXTERN = NO;
				GCC_WARN_64_TO_32_BIT_CONVERSION = YES;
				GCC_WARN_ABOUT_RETURN_TYPE = YES;
				GCC_WARN_UNDECLARED_SELECTOR = YES;
				GCC_WARN_UNINITIALIZED_AUTOS = YES;
				GCC_WARN_UNUSED_FUNCTION = YES;
				GCC_WARN_UNUSED_VARIABLE = YES;
				MACOSX_DEPLOYMENT_TARGET = 10.12;
				ONLY_ACTIVE_ARCH = YES;
				SDKROOT = macosx;
			};
			name = Debug;
		};
		6373B1DF166A11B5007EC53F /* Release */ = {
			isa = XCBuildConfiguration;
			buildSettings = {
				ALWAYS_SEARCH_USER_PATHS = NO;
				CLANG_CXX_LANGUAGE_STANDARD = "gnu++0x";
				CLANG_CXX_LIBRARY = "libc++";
				CLANG_ENABLE_OBJC_ARC = YES;
				CLANG_WARN_BOOL_CONVERSION = YES;
				CLANG_WARN_CONSTANT_CONVERSION = YES;
				CLANG_WARN_EMPTY_BODY = YES;
				CLANG_WARN_ENUM_CONVERSION = YES;
				CLANG_WARN_INFINITE_RECURSION = YES;
				CLANG_WARN_INT_CONVERSION = YES;
				CLANG_WARN_SUSPICIOUS_MOVE = YES;
				CLANG_WARN_UNREACHABLE_CODE = YES;
				CLANG_WARN__DUPLICATE_METHOD_MATCH = YES;
				COPY_PHASE_STRIP = YES;
				DEBUG_INFORMATION_FORMAT = "dwarf-with-dsym";
				ENABLE_STRICT_OBJC_MSGSEND = YES;
				GCC_C_LANGUAGE_STANDARD = gnu99;
				GCC_ENABLE_OBJC_EXCEPTIONS = YES;
				GCC_NO_COMMON_BLOCKS = YES;
				GCC_WARN_64_TO_32_BIT_CONVERSION = YES;
				GCC_WARN_ABOUT_RETURN_TYPE = YES;
				GCC_WARN_UNDECLARED_SELECTOR = YES;
				GCC_WARN_UNINITIALIZED_AUTOS = YES;
				GCC_WARN_UNUSED_FUNCTION = YES;
				GCC_WARN_UNUSED_VARIABLE = YES;
				MACOSX_DEPLOYMENT_TARGET = 10.12;
				SDKROOT = macosx;
				SWIFT_OPTIMIZATION_LEVEL = "-Owholemodule";
			};
			name = Release;
		};
		6373B1E1166A11B5007EC53F /* Debug */ = {
			isa = XCBuildConfiguration;
			buildSettings = {
				ALWAYS_EMBED_SWIFT_STANDARD_LIBRARIES = YES;
				CLANG_ENABLE_MODULES = YES;
				CODE_SIGN_IDENTITY = "";
				COMBINE_HIDPI_IMAGES = YES;
				GCC_PRECOMPILE_PREFIX_HEADER = YES;
				GCC_PREFIX_HEADER = "Typecast/Type-Designer-Prefix.pch";
				INFOPLIST_FILE = "Typecast/Type-Designer-Info.plist";
				LD_RUNPATH_SEARCH_PATHS = "$(inherited) @executable_path/../Frameworks";
				PRODUCT_BUNDLE_IDENTIFIER = "com.typista.${PRODUCT_NAME:rfc1034identifier}";
				PRODUCT_NAME = "Type Designer";
				SWIFT_OBJC_BRIDGING_HEADER = "Typecast/Type Designer-Bridging-Header.h";
				SWIFT_OPTIMIZATION_LEVEL = "-Onone";
				SWIFT_VERSION = 3.0;
				WRAPPER_EXTENSION = app;
			};
			name = Debug;
		};
		6373B1E2166A11B5007EC53F /* Release */ = {
			isa = XCBuildConfiguration;
			buildSettings = {
				ALWAYS_EMBED_SWIFT_STANDARD_LIBRARIES = YES;
				CLANG_ENABLE_MODULES = YES;
				CODE_SIGN_IDENTITY = "";
				COMBINE_HIDPI_IMAGES = YES;
				GCC_PRECOMPILE_PREFIX_HEADER = YES;
				GCC_PREFIX_HEADER = "Typecast/Type-Designer-Prefix.pch";
				INFOPLIST_FILE = "Typecast/Type-Designer-Info.plist";
				LD_RUNPATH_SEARCH_PATHS = "$(inherited) @executable_path/../Frameworks";
				PRODUCT_BUNDLE_IDENTIFIER = "com.typista.${PRODUCT_NAME:rfc1034identifier}";
				PRODUCT_NAME = "Type Designer";
				SWIFT_OBJC_BRIDGING_HEADER = "Typecast/Type Designer-Bridging-Header.h";
				SWIFT_VERSION = 3.0;
				WRAPPER_EXTENSION = app;
			};
			name = Release;
		};
		6373B1E4166A11B5007EC53F /* Debug */ = {
			isa = XCBuildConfiguration;
			buildSettings = {
				BUNDLE_LOADER = "$(BUILT_PRODUCTS_DIR)/Typecast.app/Contents/MacOS/Typecast";
				COMBINE_HIDPI_IMAGES = YES;
				FRAMEWORK_SEARCH_PATHS = "\"$(DEVELOPER_LIBRARY_DIR)/Frameworks\"";
				GCC_PRECOMPILE_PREFIX_HEADER = YES;
				GCC_PREFIX_HEADER = "Typecast/Typecast-Prefix.pch";
				INFOPLIST_FILE = "TypecastTests/Type-DesignerTests-Info.plist";
				PRODUCT_BUNDLE_IDENTIFIER = "au.com.dssd.${PRODUCT_NAME:rfc1034identifier}";
				PRODUCT_NAME = "Type DesignerTests";
				TEST_HOST = "$(BUNDLE_LOADER)";
				WRAPPER_EXTENSION = octest;
			};
			name = Debug;
		};
		6373B1E5166A11B5007EC53F /* Release */ = {
			isa = XCBuildConfiguration;
			buildSettings = {
				BUNDLE_LOADER = "$(BUILT_PRODUCTS_DIR)/Typecast.app/Contents/MacOS/Typecast";
				COMBINE_HIDPI_IMAGES = YES;
				FRAMEWORK_SEARCH_PATHS = "\"$(DEVELOPER_LIBRARY_DIR)/Frameworks\"";
				GCC_PRECOMPILE_PREFIX_HEADER = YES;
				GCC_PREFIX_HEADER = "Typecast/Typecast-Prefix.pch";
				INFOPLIST_FILE = "TypecastTests/Type-DesignerTests-Info.plist";
				PRODUCT_BUNDLE_IDENTIFIER = "au.com.dssd.${PRODUCT_NAME:rfc1034identifier}";
				PRODUCT_NAME = "Type DesignerTests";
				TEST_HOST = "$(BUNDLE_LOADER)";
				WRAPPER_EXTENSION = octest;
			};
			name = Release;
		};
/* End XCBuildConfiguration section */

/* Begin XCConfigurationList section */
		6373B1A5166A11B5007EC53F /* Build configuration list for PBXProject "Type Designer" */ = {
			isa = XCConfigurationList;
			buildConfigurations = (
				6373B1DE166A11B5007EC53F /* Debug */,
				6373B1DF166A11B5007EC53F /* Release */,
			);
			defaultConfigurationIsVisible = 0;
			defaultConfigurationName = Release;
		};
		6373B1E0166A11B5007EC53F /* Build configuration list for PBXNativeTarget "Type Designer" */ = {
			isa = XCConfigurationList;
			buildConfigurations = (
				6373B1E1166A11B5007EC53F /* Debug */,
				6373B1E2166A11B5007EC53F /* Release */,
			);
			defaultConfigurationIsVisible = 0;
			defaultConfigurationName = Release;
		};
		6373B1E3166A11B5007EC53F /* Build configuration list for PBXNativeTarget "Type DesignerTests" */ = {
			isa = XCConfigurationList;
			buildConfigurations = (
				6373B1E4166A11B5007EC53F /* Debug */,
				6373B1E5166A11B5007EC53F /* Release */,
			);
			defaultConfigurationIsVisible = 0;
			defaultConfigurationName = Release;
		};
/* End XCConfigurationList section */
	};
	rootObject = 6373B1A2166A11B5007EC53F /* Project object */;
}
