// !$*UTF8*$!
{
	archiveVersion = 1;
	classes = {
	};
	objectVersion = 46;
	objects = {

/* Begin PBXBuildFile section */
		630AA38F166AD700001BD6BF /* TCAppDelegate.m in Sources */ = {isa = PBXBuildFile; fileRef = 630AA38E166AD700001BD6BF /* TCAppDelegate.m */; };
		630AA394166B2483001BD6BF /* TCTablesWindowController.m in Sources */ = {isa = PBXBuildFile; fileRef = 630AA392166B2483001BD6BF /* TCTablesWindowController.m */; };
		630AA395166B2483001BD6BF /* TablesWindow.xib in Resources */ = {isa = PBXBuildFile; fileRef = 630AA393166B2483001BD6BF /* TablesWindow.xib */; };
		630AA398166B331D001BD6BF /* TCTableFactory.m in Sources */ = {isa = PBXBuildFile; fileRef = 630AA397166B331C001BD6BF /* TCTableFactory.m */; };
		630AA39C166B5A5F001BD6BF /* TCHeadTable.m in Sources */ = {isa = PBXBuildFile; fileRef = 630AA39B166B5A5F001BD6BF /* TCHeadTable.m */; };
		630B9A83166C826D00E8587A /* TCCmapFormat.m in Sources */ = {isa = PBXBuildFile; fileRef = 630B9A82166C826D00E8587A /* TCCmapFormat.m */; };
		630B9A87166C8A1C00E8587A /* TCCmapFormat0.m in Sources */ = {isa = PBXBuildFile; fileRef = 630B9A86166C8A1C00E8587A /* TCCmapFormat0.m */; };
		630B9A8A166C8D3200E8587A /* TCCmapFormat2.m in Sources */ = {isa = PBXBuildFile; fileRef = 630B9A89166C8D3200E8587A /* TCCmapFormat2.m */; };
		631D27D5166BF5DB00AB692C /* TCHheaTable.m in Sources */ = {isa = PBXBuildFile; fileRef = 631D27D4166BF5DB00AB692C /* TCHheaTable.m */; };
		631D27D9166BFB7000AB692C /* TCMaxpTable.m in Sources */ = {isa = PBXBuildFile; fileRef = 631D27D8166BFB7000AB692C /* TCMaxpTable.m */; };
		631D27E8166C134100AB692C /* TCLocaTable.m in Sources */ = {isa = PBXBuildFile; fileRef = 631D27E7166C134100AB692C /* TCLocaTable.m */; };
		631D27EC166C305800AB692C /* TCVheaTable.m in Sources */ = {isa = PBXBuildFile; fileRef = 631D27EB166C305700AB692C /* TCVheaTable.m */; };
		631D27F3166C561E00AB692C /* TCCmapTable.m in Sources */ = {isa = PBXBuildFile; fileRef = 631D27F2166C561E00AB692C /* TCCmapTable.m */; };
		631D27F7166C5DA500AB692C /* TCCmapIndexEntry.m in Sources */ = {isa = PBXBuildFile; fileRef = 631D27F6166C5DA500AB692C /* TCCmapIndexEntry.m */; };
		631D27FA166C665500AB692C /* TCID.m in Sources */ = {isa = PBXBuildFile; fileRef = 631D27F9166C665500AB692C /* TCID.m */; };
		633D7869166A17B400FBFFC3 /* TCFont.m in Sources */ = {isa = PBXBuildFile; fileRef = 633D7868166A17B400FBFFC3 /* TCFont.m */; };
		633D786C166A184B00FBFFC3 /* TCTable.m in Sources */ = {isa = PBXBuildFile; fileRef = 633D786B166A184B00FBFFC3 /* TCTable.m */; };
		633D786F166A189500FBFFC3 /* TCDirectoryEntry.m in Sources */ = {isa = PBXBuildFile; fileRef = 633D786E166A189500FBFFC3 /* TCDirectoryEntry.m */; };
		633D7872166A1B5100FBFFC3 /* TCFontCollection.m in Sources */ = {isa = PBXBuildFile; fileRef = 633D7871166A1B5100FBFFC3 /* TCFontCollection.m */; };
		633D7875166A1F8D00FBFFC3 /* TCTableDirectory.m in Sources */ = {isa = PBXBuildFile; fileRef = 633D7874166A1F8D00FBFFC3 /* TCTableDirectory.m */; };
		633D7878166A303500FBFFC3 /* TCDataInput.m in Sources */ = {isa = PBXBuildFile; fileRef = 633D7877166A303500FBFFC3 /* TCDataInput.m */; };
		6373B1B0166A11B5007EC53F /* Cocoa.framework in Frameworks */ = {isa = PBXBuildFile; fileRef = 6373B1AF166A11B5007EC53F /* Cocoa.framework */; };
		6373B1BA166A11B5007EC53F /* InfoPlist.strings in Resources */ = {isa = PBXBuildFile; fileRef = 6373B1B8166A11B5007EC53F /* InfoPlist.strings */; };
		6373B1BC166A11B5007EC53F /* main.m in Sources */ = {isa = PBXBuildFile; fileRef = 6373B1BB166A11B5007EC53F /* main.m */; };
		6373B1C3166A11B5007EC53F /* TCDocument.m in Sources */ = {isa = PBXBuildFile; fileRef = 6373B1C2166A11B5007EC53F /* TCDocument.m */; };
		6373B1C6166A11B5007EC53F /* TCDocument.xib in Resources */ = {isa = PBXBuildFile; fileRef = 6373B1C4166A11B5007EC53F /* TCDocument.xib */; };
		6373B1C9166A11B5007EC53F /* MainMenu.xib in Resources */ = {isa = PBXBuildFile; fileRef = 6373B1C7166A11B5007EC53F /* MainMenu.xib */; };
		6373B1D1166A11B5007EC53F /* SenTestingKit.framework in Frameworks */ = {isa = PBXBuildFile; fileRef = 6373B1D0166A11B5007EC53F /* SenTestingKit.framework */; };
		6373B1D2166A11B5007EC53F /* Cocoa.framework in Frameworks */ = {isa = PBXBuildFile; fileRef = 6373B1AF166A11B5007EC53F /* Cocoa.framework */; };
		6373B1DA166A11B5007EC53F /* InfoPlist.strings in Resources */ = {isa = PBXBuildFile; fileRef = 6373B1D8166A11B5007EC53F /* InfoPlist.strings */; };
		6373B1DD166A11B5007EC53F /* TypecastTests.m in Sources */ = {isa = PBXBuildFile; fileRef = 6373B1DC166A11B5007EC53F /* TypecastTests.m */; };
		63F3EF23166D4283005B30FF /* TCCmapFormat4.m in Sources */ = {isa = PBXBuildFile; fileRef = 63F3EF22166D4283005B30FF /* TCCmapFormat4.m */; };
		63F3EF27166D470C005B30FF /* TCCmapFormat6.m in Sources */ = {isa = PBXBuildFile; fileRef = 63F3EF26166D470C005B30FF /* TCCmapFormat6.m */; };
		63F3EF2A166D47E4005B30FF /* TCCmapFormatUnknown.m in Sources */ = {isa = PBXBuildFile; fileRef = 63F3EF29166D47E4005B30FF /* TCCmapFormatUnknown.m */; };
		63F3EF2D166D5069005B30FF /* TCHmtxTable.m in Sources */ = {isa = PBXBuildFile; fileRef = 63F3EF2C166D5069005B30FF /* TCHmtxTable.m */; };
		63F3EFBE166F5FD6005B30FF /* TCNameTable.m in Sources */ = {isa = PBXBuildFile; fileRef = 63F3EFBD166F5FD6005B30FF /* TCNameTable.m */; };
/* End PBXBuildFile section */

/* Begin PBXContainerItemProxy section */
		6373B1D3166A11B5007EC53F /* PBXContainerItemProxy */ = {
			isa = PBXContainerItemProxy;
			containerPortal = 6373B1A2166A11B5007EC53F /* Project object */;
			proxyType = 1;
			remoteGlobalIDString = 6373B1AA166A11B5007EC53F;
			remoteInfo = Typecast;
		};
/* End PBXContainerItemProxy section */

/* Begin PBXFileReference section */
		630AA38D166AD700001BD6BF /* TCAppDelegate.h */ = {isa = PBXFileReference; fileEncoding = 4; lastKnownFileType = sourcecode.c.h; path = TCAppDelegate.h; sourceTree = "<group>"; };
		630AA38E166AD700001BD6BF /* TCAppDelegate.m */ = {isa = PBXFileReference; fileEncoding = 4; lastKnownFileType = sourcecode.c.objc; path = TCAppDelegate.m; sourceTree = "<group>"; };
		630AA391166B2483001BD6BF /* TCTablesWindowController.h */ = {isa = PBXFileReference; fileEncoding = 4; lastKnownFileType = sourcecode.c.h; path = TCTablesWindowController.h; sourceTree = "<group>"; };
		630AA392166B2483001BD6BF /* TCTablesWindowController.m */ = {isa = PBXFileReference; fileEncoding = 4; lastKnownFileType = sourcecode.c.objc; path = TCTablesWindowController.m; sourceTree = "<group>"; };
		630AA393166B2483001BD6BF /* TablesWindow.xib */ = {isa = PBXFileReference; fileEncoding = 4; lastKnownFileType = file.xib; path = TablesWindow.xib; sourceTree = "<group>"; };
		630AA396166B331C001BD6BF /* TCTableFactory.h */ = {isa = PBXFileReference; fileEncoding = 4; lastKnownFileType = sourcecode.c.h; path = TCTableFactory.h; sourceTree = "<group>"; };
		630AA397166B331C001BD6BF /* TCTableFactory.m */ = {isa = PBXFileReference; fileEncoding = 4; lastKnownFileType = sourcecode.c.objc; path = TCTableFactory.m; sourceTree = "<group>"; };
		630AA39A166B5A5F001BD6BF /* TCHeadTable.h */ = {isa = PBXFileReference; fileEncoding = 4; lastKnownFileType = sourcecode.c.h; path = TCHeadTable.h; sourceTree = "<group>"; };
		630AA39B166B5A5F001BD6BF /* TCHeadTable.m */ = {isa = PBXFileReference; fileEncoding = 4; lastKnownFileType = sourcecode.c.objc; path = TCHeadTable.m; sourceTree = "<group>"; };
		630B9A81166C826D00E8587A /* TCCmapFormat.h */ = {isa = PBXFileReference; fileEncoding = 4; lastKnownFileType = sourcecode.c.h; path = TCCmapFormat.h; sourceTree = "<group>"; };
		630B9A82166C826D00E8587A /* TCCmapFormat.m */ = {isa = PBXFileReference; fileEncoding = 4; lastKnownFileType = sourcecode.c.objc; path = TCCmapFormat.m; sourceTree = "<group>"; };
		630B9A85166C8A1C00E8587A /* TCCmapFormat0.h */ = {isa = PBXFileReference; fileEncoding = 4; lastKnownFileType = sourcecode.c.h; path = TCCmapFormat0.h; sourceTree = "<group>"; };
		630B9A86166C8A1C00E8587A /* TCCmapFormat0.m */ = {isa = PBXFileReference; fileEncoding = 4; lastKnownFileType = sourcecode.c.objc; path = TCCmapFormat0.m; sourceTree = "<group>"; };
		630B9A88166C8D3200E8587A /* TCCmapFormat2.h */ = {isa = PBXFileReference; fileEncoding = 4; lastKnownFileType = sourcecode.c.h; path = TCCmapFormat2.h; sourceTree = "<group>"; };
		630B9A89166C8D3200E8587A /* TCCmapFormat2.m */ = {isa = PBXFileReference; fileEncoding = 4; lastKnownFileType = sourcecode.c.objc; path = TCCmapFormat2.m; sourceTree = "<group>"; };
		631D27D3166BF5DB00AB692C /* TCHheaTable.h */ = {isa = PBXFileReference; fileEncoding = 4; lastKnownFileType = sourcecode.c.h; path = TCHheaTable.h; sourceTree = "<group>"; };
		631D27D4166BF5DB00AB692C /* TCHheaTable.m */ = {isa = PBXFileReference; fileEncoding = 4; lastKnownFileType = sourcecode.c.objc; path = TCHheaTable.m; sourceTree = "<group>"; };
		631D27D7166BFB7000AB692C /* TCMaxpTable.h */ = {isa = PBXFileReference; fileEncoding = 4; lastKnownFileType = sourcecode.c.h; path = TCMaxpTable.h; sourceTree = "<group>"; };
		631D27D8166BFB7000AB692C /* TCMaxpTable.m */ = {isa = PBXFileReference; fileEncoding = 4; lastKnownFileType = sourcecode.c.objc; path = TCMaxpTable.m; sourceTree = "<group>"; };
		631D27E6166C134100AB692C /* TCLocaTable.h */ = {isa = PBXFileReference; fileEncoding = 4; lastKnownFileType = sourcecode.c.h; path = TCLocaTable.h; sourceTree = "<group>"; };
		631D27E7166C134100AB692C /* TCLocaTable.m */ = {isa = PBXFileReference; fileEncoding = 4; lastKnownFileType = sourcecode.c.objc; path = TCLocaTable.m; sourceTree = "<group>"; };
		631D27EA166C305700AB692C /* TCVheaTable.h */ = {isa = PBXFileReference; fileEncoding = 4; lastKnownFileType = sourcecode.c.h; path = TCVheaTable.h; sourceTree = "<group>"; };
		631D27EB166C305700AB692C /* TCVheaTable.m */ = {isa = PBXFileReference; fileEncoding = 4; lastKnownFileType = sourcecode.c.objc; path = TCVheaTable.m; sourceTree = "<group>"; };
		631D27F1166C561E00AB692C /* TCCmapTable.h */ = {isa = PBXFileReference; fileEncoding = 4; lastKnownFileType = sourcecode.c.h; path = TCCmapTable.h; sourceTree = "<group>"; };
		631D27F2166C561E00AB692C /* TCCmapTable.m */ = {isa = PBXFileReference; fileEncoding = 4; lastKnownFileType = sourcecode.c.objc; path = TCCmapTable.m; sourceTree = "<group>"; };
		631D27F5166C5DA500AB692C /* TCCmapIndexEntry.h */ = {isa = PBXFileReference; fileEncoding = 4; lastKnownFileType = sourcecode.c.h; path = TCCmapIndexEntry.h; sourceTree = "<group>"; };
		631D27F6166C5DA500AB692C /* TCCmapIndexEntry.m */ = {isa = PBXFileReference; fileEncoding = 4; lastKnownFileType = sourcecode.c.objc; path = TCCmapIndexEntry.m; sourceTree = "<group>"; };
		631D27F8166C665400AB692C /* TCID.h */ = {isa = PBXFileReference; fileEncoding = 4; lastKnownFileType = sourcecode.c.h; path = TCID.h; sourceTree = "<group>"; };
		631D27F9166C665500AB692C /* TCID.m */ = {isa = PBXFileReference; fileEncoding = 4; lastKnownFileType = sourcecode.c.objc; path = TCID.m; sourceTree = "<group>"; };
		633D7867166A17B400FBFFC3 /* TCFont.h */ = {isa = PBXFileReference; fileEncoding = 4; lastKnownFileType = sourcecode.c.h; path = TCFont.h; sourceTree = "<group>"; };
		633D7868166A17B400FBFFC3 /* TCFont.m */ = {isa = PBXFileReference; fileEncoding = 4; lastKnownFileType = sourcecode.c.objc; path = TCFont.m; sourceTree = "<group>"; };
		633D786A166A184B00FBFFC3 /* TCTable.h */ = {isa = PBXFileReference; fileEncoding = 4; lastKnownFileType = sourcecode.c.h; path = TCTable.h; sourceTree = "<group>"; };
		633D786B166A184B00FBFFC3 /* TCTable.m */ = {isa = PBXFileReference; fileEncoding = 4; lastKnownFileType = sourcecode.c.objc; path = TCTable.m; sourceTree = "<group>"; };
		633D786D166A189500FBFFC3 /* TCDirectoryEntry.h */ = {isa = PBXFileReference; fileEncoding = 4; lastKnownFileType = sourcecode.c.h; path = TCDirectoryEntry.h; sourceTree = "<group>"; };
		633D786E166A189500FBFFC3 /* TCDirectoryEntry.m */ = {isa = PBXFileReference; fileEncoding = 4; lastKnownFileType = sourcecode.c.objc; path = TCDirectoryEntry.m; sourceTree = "<group>"; };
		633D7870166A1B5100FBFFC3 /* TCFontCollection.h */ = {isa = PBXFileReference; fileEncoding = 4; lastKnownFileType = sourcecode.c.h; path = TCFontCollection.h; sourceTree = "<group>"; };
		633D7871166A1B5100FBFFC3 /* TCFontCollection.m */ = {isa = PBXFileReference; fileEncoding = 4; lastKnownFileType = sourcecode.c.objc; path = TCFontCollection.m; sourceTree = "<group>"; };
		633D7873166A1F8D00FBFFC3 /* TCTableDirectory.h */ = {isa = PBXFileReference; fileEncoding = 4; lastKnownFileType = sourcecode.c.h; path = TCTableDirectory.h; sourceTree = "<group>"; };
		633D7874166A1F8D00FBFFC3 /* TCTableDirectory.m */ = {isa = PBXFileReference; fileEncoding = 4; lastKnownFileType = sourcecode.c.objc; path = TCTableDirectory.m; sourceTree = "<group>"; };
		633D7876166A303500FBFFC3 /* TCDataInput.h */ = {isa = PBXFileReference; fileEncoding = 4; lastKnownFileType = sourcecode.c.h; path = TCDataInput.h; sourceTree = "<group>"; };
		633D7877166A303500FBFFC3 /* TCDataInput.m */ = {isa = PBXFileReference; fileEncoding = 4; lastKnownFileType = sourcecode.c.objc; path = TCDataInput.m; sourceTree = "<group>"; };
		6373B1AB166A11B5007EC53F /* Typecast.app */ = {isa = PBXFileReference; explicitFileType = wrapper.application; includeInIndex = 0; path = Typecast.app; sourceTree = BUILT_PRODUCTS_DIR; };
		6373B1AF166A11B5007EC53F /* Cocoa.framework */ = {isa = PBXFileReference; lastKnownFileType = wrapper.framework; name = Cocoa.framework; path = System/Library/Frameworks/Cocoa.framework; sourceTree = SDKROOT; };
		6373B1B2166A11B5007EC53F /* AppKit.framework */ = {isa = PBXFileReference; lastKnownFileType = wrapper.framework; name = AppKit.framework; path = System/Library/Frameworks/AppKit.framework; sourceTree = SDKROOT; };
		6373B1B3166A11B5007EC53F /* CoreData.framework */ = {isa = PBXFileReference; lastKnownFileType = wrapper.framework; name = CoreData.framework; path = System/Library/Frameworks/CoreData.framework; sourceTree = SDKROOT; };
		6373B1B4166A11B5007EC53F /* Foundation.framework */ = {isa = PBXFileReference; lastKnownFileType = wrapper.framework; name = Foundation.framework; path = System/Library/Frameworks/Foundation.framework; sourceTree = SDKROOT; };
		6373B1B7166A11B5007EC53F /* Typecast-Info.plist */ = {isa = PBXFileReference; lastKnownFileType = text.plist.xml; path = "Typecast-Info.plist"; sourceTree = "<group>"; };
		6373B1B9166A11B5007EC53F /* en */ = {isa = PBXFileReference; lastKnownFileType = text.plist.strings; name = en; path = en.lproj/InfoPlist.strings; sourceTree = "<group>"; };
		6373B1BB166A11B5007EC53F /* main.m */ = {isa = PBXFileReference; lastKnownFileType = sourcecode.c.objc; path = main.m; sourceTree = "<group>"; };
		6373B1BD166A11B5007EC53F /* Typecast-Prefix.pch */ = {isa = PBXFileReference; lastKnownFileType = sourcecode.c.h; path = "Typecast-Prefix.pch"; sourceTree = "<group>"; };
		6373B1C1166A11B5007EC53F /* TCDocument.h */ = {isa = PBXFileReference; lastKnownFileType = sourcecode.c.h; path = TCDocument.h; sourceTree = "<group>"; };
		6373B1C2166A11B5007EC53F /* TCDocument.m */ = {isa = PBXFileReference; lastKnownFileType = sourcecode.c.objc; path = TCDocument.m; sourceTree = "<group>"; };
		6373B1C5166A11B5007EC53F /* en */ = {isa = PBXFileReference; lastKnownFileType = file.xib; name = en; path = en.lproj/TCDocument.xib; sourceTree = "<group>"; };
		6373B1C8166A11B5007EC53F /* en */ = {isa = PBXFileReference; lastKnownFileType = file.xib; name = en; path = en.lproj/MainMenu.xib; sourceTree = "<group>"; };
		6373B1CF166A11B5007EC53F /* TypecastTests.octest */ = {isa = PBXFileReference; explicitFileType = wrapper.cfbundle; includeInIndex = 0; path = TypecastTests.octest; sourceTree = BUILT_PRODUCTS_DIR; };
		6373B1D0166A11B5007EC53F /* SenTestingKit.framework */ = {isa = PBXFileReference; lastKnownFileType = wrapper.framework; name = SenTestingKit.framework; path = Library/Frameworks/SenTestingKit.framework; sourceTree = DEVELOPER_DIR; };
		6373B1D7166A11B5007EC53F /* TypecastTests-Info.plist */ = {isa = PBXFileReference; lastKnownFileType = text.plist.xml; path = "TypecastTests-Info.plist"; sourceTree = "<group>"; };
		6373B1D9166A11B5007EC53F /* en */ = {isa = PBXFileReference; lastKnownFileType = text.plist.strings; name = en; path = en.lproj/InfoPlist.strings; sourceTree = "<group>"; };
		6373B1DB166A11B5007EC53F /* TypecastTests.h */ = {isa = PBXFileReference; lastKnownFileType = sourcecode.c.h; path = TypecastTests.h; sourceTree = "<group>"; };
		6373B1DC166A11B5007EC53F /* TypecastTests.m */ = {isa = PBXFileReference; lastKnownFileType = sourcecode.c.objc; path = TypecastTests.m; sourceTree = "<group>"; };
		63F3EF21166D4283005B30FF /* TCCmapFormat4.h */ = {isa = PBXFileReference; fileEncoding = 4; lastKnownFileType = sourcecode.c.h; path = TCCmapFormat4.h; sourceTree = "<group>"; };
		63F3EF22166D4283005B30FF /* TCCmapFormat4.m */ = {isa = PBXFileReference; fileEncoding = 4; lastKnownFileType = sourcecode.c.objc; path = TCCmapFormat4.m; sourceTree = "<group>"; };
		63F3EF25166D470C005B30FF /* TCCmapFormat6.h */ = {isa = PBXFileReference; fileEncoding = 4; lastKnownFileType = sourcecode.c.h; path = TCCmapFormat6.h; sourceTree = "<group>"; };
		63F3EF26166D470C005B30FF /* TCCmapFormat6.m */ = {isa = PBXFileReference; fileEncoding = 4; lastKnownFileType = sourcecode.c.objc; path = TCCmapFormat6.m; sourceTree = "<group>"; };
		63F3EF28166D47E4005B30FF /* TCCmapFormatUnknown.h */ = {isa = PBXFileReference; fileEncoding = 4; lastKnownFileType = sourcecode.c.h; path = TCCmapFormatUnknown.h; sourceTree = "<group>"; };
		63F3EF29166D47E4005B30FF /* TCCmapFormatUnknown.m */ = {isa = PBXFileReference; fileEncoding = 4; lastKnownFileType = sourcecode.c.objc; path = TCCmapFormatUnknown.m; sourceTree = "<group>"; };
		63F3EF2B166D5069005B30FF /* TCHmtxTable.h */ = {isa = PBXFileReference; fileEncoding = 4; lastKnownFileType = sourcecode.c.h; path = TCHmtxTable.h; sourceTree = "<group>"; };
		63F3EF2C166D5069005B30FF /* TCHmtxTable.m */ = {isa = PBXFileReference; fileEncoding = 4; lastKnownFileType = sourcecode.c.objc; path = TCHmtxTable.m; sourceTree = "<group>"; };
		63F3EFBC166F5FD6005B30FF /* TCNameTable.h */ = {isa = PBXFileReference; fileEncoding = 4; lastKnownFileType = sourcecode.c.h; path = TCNameTable.h; sourceTree = "<group>"; };
		63F3EFBD166F5FD6005B30FF /* TCNameTable.m */ = {isa = PBXFileReference; fileEncoding = 4; lastKnownFileType = sourcecode.c.objc; path = TCNameTable.m; sourceTree = "<group>"; };
/* End PBXFileReference section */

/* Begin PBXFrameworksBuildPhase section */
		6373B1A8166A11B5007EC53F /* Frameworks */ = {
			isa = PBXFrameworksBuildPhase;
			buildActionMask = 2147483647;
			files = (
				6373B1B0166A11B5007EC53F /* Cocoa.framework in Frameworks */,
			);
			runOnlyForDeploymentPostprocessing = 0;
		};
		6373B1CB166A11B5007EC53F /* Frameworks */ = {
			isa = PBXFrameworksBuildPhase;
			buildActionMask = 2147483647;
			files = (
				6373B1D1166A11B5007EC53F /* SenTestingKit.framework in Frameworks */,
				6373B1D2166A11B5007EC53F /* Cocoa.framework in Frameworks */,
			);
			runOnlyForDeploymentPostprocessing = 0;
		};
/* End PBXFrameworksBuildPhase section */

/* Begin PBXGroup section */
		630AA399166B5A17001BD6BF /* Tables */ = {
			isa = PBXGroup;
			children = (
				633D786A166A184B00FBFFC3 /* TCTable.h */,
				633D786B166A184B00FBFFC3 /* TCTable.m */,
				630AA39A166B5A5F001BD6BF /* TCHeadTable.h */,
				630AA39B166B5A5F001BD6BF /* TCHeadTable.m */,
				631D27D3166BF5DB00AB692C /* TCHheaTable.h */,
				631D27D4166BF5DB00AB692C /* TCHheaTable.m */,
				631D27D7166BFB7000AB692C /* TCMaxpTable.h */,
				631D27D8166BFB7000AB692C /* TCMaxpTable.m */,
				631D27E6166C134100AB692C /* TCLocaTable.h */,
				631D27E7166C134100AB692C /* TCLocaTable.m */,
				631D27EA166C305700AB692C /* TCVheaTable.h */,
				631D27EB166C305700AB692C /* TCVheaTable.m */,
				631D27F1166C561E00AB692C /* TCCmapTable.h */,
				631D27F2166C561E00AB692C /* TCCmapTable.m */,
				631D27F5166C5DA500AB692C /* TCCmapIndexEntry.h */,
				631D27F6166C5DA500AB692C /* TCCmapIndexEntry.m */,
				631D27F8166C665400AB692C /* TCID.h */,
				631D27F9166C665500AB692C /* TCID.m */,
				630B9A81166C826D00E8587A /* TCCmapFormat.h */,
				630B9A82166C826D00E8587A /* TCCmapFormat.m */,
				630B9A85166C8A1C00E8587A /* TCCmapFormat0.h */,
				630B9A86166C8A1C00E8587A /* TCCmapFormat0.m */,
				630B9A88166C8D3200E8587A /* TCCmapFormat2.h */,
				630B9A89166C8D3200E8587A /* TCCmapFormat2.m */,
				63F3EF21166D4283005B30FF /* TCCmapFormat4.h */,
				63F3EF22166D4283005B30FF /* TCCmapFormat4.m */,
				63F3EF25166D470C005B30FF /* TCCmapFormat6.h */,
				63F3EF26166D470C005B30FF /* TCCmapFormat6.m */,
				63F3EF28166D47E4005B30FF /* TCCmapFormatUnknown.h */,
				63F3EF29166D47E4005B30FF /* TCCmapFormatUnknown.m */,
				63F3EF2B166D5069005B30FF /* TCHmtxTable.h */,
				63F3EF2C166D5069005B30FF /* TCHmtxTable.m */,
				63F3EFBC166F5FD6005B30FF /* TCNameTable.h */,
				63F3EFBD166F5FD6005B30FF /* TCNameTable.m */,
			);
			name = Tables;
			sourceTree = "<group>";
		};
		6373B1A0166A11B5007EC53F = {
			isa = PBXGroup;
			children = (
				6373B1B5166A11B5007EC53F /* Typecast */,
				6373B1D5166A11B5007EC53F /* TypecastTests */,
				6373B1AE166A11B5007EC53F /* Frameworks */,
				6373B1AC166A11B5007EC53F /* Products */,
			);
			sourceTree = "<group>";
		};
		6373B1AC166A11B5007EC53F /* Products */ = {
			isa = PBXGroup;
			children = (
				6373B1AB166A11B5007EC53F /* Typecast.app */,
				6373B1CF166A11B5007EC53F /* TypecastTests.octest */,
			);
			name = Products;
			sourceTree = "<group>";
		};
		6373B1AE166A11B5007EC53F /* Frameworks */ = {
			isa = PBXGroup;
			children = (
				6373B1AF166A11B5007EC53F /* Cocoa.framework */,
				6373B1D0166A11B5007EC53F /* SenTestingKit.framework */,
				6373B1B1166A11B5007EC53F /* Other Frameworks */,
			);
			name = Frameworks;
			sourceTree = "<group>";
		};
		6373B1B1166A11B5007EC53F /* Other Frameworks */ = {
			isa = PBXGroup;
			children = (
				6373B1B2166A11B5007EC53F /* AppKit.framework */,
				6373B1B3166A11B5007EC53F /* CoreData.framework */,
				6373B1B4166A11B5007EC53F /* Foundation.framework */,
			);
			name = "Other Frameworks";
			sourceTree = "<group>";
		};
		6373B1B5166A11B5007EC53F /* Typecast */ = {
			isa = PBXGroup;
			children = (
				630AA399166B5A17001BD6BF /* Tables */,
				6373B1C1166A11B5007EC53F /* TCDocument.h */,
				6373B1C2166A11B5007EC53F /* TCDocument.m */,
				6373B1C4166A11B5007EC53F /* TCDocument.xib */,
				6373B1C7166A11B5007EC53F /* MainMenu.xib */,
				6373B1B6166A11B5007EC53F /* Supporting Files */,
				633D7867166A17B400FBFFC3 /* TCFont.h */,
				633D7868166A17B400FBFFC3 /* TCFont.m */,
				633D786D166A189500FBFFC3 /* TCDirectoryEntry.h */,
				633D786E166A189500FBFFC3 /* TCDirectoryEntry.m */,
				633D7870166A1B5100FBFFC3 /* TCFontCollection.h */,
				633D7871166A1B5100FBFFC3 /* TCFontCollection.m */,
				633D7873166A1F8D00FBFFC3 /* TCTableDirectory.h */,
				633D7874166A1F8D00FBFFC3 /* TCTableDirectory.m */,
				633D7876166A303500FBFFC3 /* TCDataInput.h */,
				633D7877166A303500FBFFC3 /* TCDataInput.m */,
				630AA38D166AD700001BD6BF /* TCAppDelegate.h */,
				630AA38E166AD700001BD6BF /* TCAppDelegate.m */,
				630AA391166B2483001BD6BF /* TCTablesWindowController.h */,
				630AA392166B2483001BD6BF /* TCTablesWindowController.m */,
				630AA393166B2483001BD6BF /* TablesWindow.xib */,
				630AA396166B331C001BD6BF /* TCTableFactory.h */,
				630AA397166B331C001BD6BF /* TCTableFactory.m */,
			);
			path = Typecast;
			sourceTree = "<group>";
		};
		6373B1B6166A11B5007EC53F /* Supporting Files */ = {
			isa = PBXGroup;
			children = (
				6373B1B7166A11B5007EC53F /* Typecast-Info.plist */,
				6373B1B8166A11B5007EC53F /* InfoPlist.strings */,
				6373B1BB166A11B5007EC53F /* main.m */,
				6373B1BD166A11B5007EC53F /* Typecast-Prefix.pch */,
			);
			name = "Supporting Files";
			sourceTree = "<group>";
		};
		6373B1D5166A11B5007EC53F /* TypecastTests */ = {
			isa = PBXGroup;
			children = (
				6373B1DB166A11B5007EC53F /* TypecastTests.h */,
				6373B1DC166A11B5007EC53F /* TypecastTests.m */,
				6373B1D6166A11B5007EC53F /* Supporting Files */,
			);
			path = TypecastTests;
			sourceTree = "<group>";
		};
		6373B1D6166A11B5007EC53F /* Supporting Files */ = {
			isa = PBXGroup;
			children = (
				6373B1D7166A11B5007EC53F /* TypecastTests-Info.plist */,
				6373B1D8166A11B5007EC53F /* InfoPlist.strings */,
			);
			name = "Supporting Files";
			sourceTree = "<group>";
		};
/* End PBXGroup section */

/* Begin PBXNativeTarget section */
		6373B1AA166A11B5007EC53F /* Typecast */ = {
			isa = PBXNativeTarget;
			buildConfigurationList = 6373B1E0166A11B5007EC53F /* Build configuration list for PBXNativeTarget "Typecast" */;
			buildPhases = (
				6373B1A7166A11B5007EC53F /* Sources */,
				6373B1A8166A11B5007EC53F /* Frameworks */,
				6373B1A9166A11B5007EC53F /* Resources */,
			);
			buildRules = (
			);
			dependencies = (
			);
			name = Typecast;
			productName = Typecast;
			productReference = 6373B1AB166A11B5007EC53F /* Typecast.app */;
			productType = "com.apple.product-type.application";
		};
		6373B1CE166A11B5007EC53F /* TypecastTests */ = {
			isa = PBXNativeTarget;
			buildConfigurationList = 6373B1E3166A11B5007EC53F /* Build configuration list for PBXNativeTarget "TypecastTests" */;
			buildPhases = (
				6373B1CA166A11B5007EC53F /* Sources */,
				6373B1CB166A11B5007EC53F /* Frameworks */,
				6373B1CC166A11B5007EC53F /* Resources */,
				6373B1CD166A11B5007EC53F /* ShellScript */,
			);
			buildRules = (
			);
			dependencies = (
				6373B1D4166A11B5007EC53F /* PBXTargetDependency */,
			);
			name = TypecastTests;
			productName = TypecastTests;
			productReference = 6373B1CF166A11B5007EC53F /* TypecastTests.octest */;
			productType = "com.apple.product-type.bundle";
		};
/* End PBXNativeTarget section */

/* Begin PBXProject section */
		6373B1A2166A11B5007EC53F /* Project object */ = {
			isa = PBXProject;
			attributes = {
				CLASSPREFIX = TC;
				LastUpgradeCheck = 0450;
				ORGANIZATIONNAME = "David Schweinsberg";
			};
			buildConfigurationList = 6373B1A5166A11B5007EC53F /* Build configuration list for PBXProject "Typecast" */;
			compatibilityVersion = "Xcode 3.2";
			developmentRegion = English;
			hasScannedForEncodings = 0;
			knownRegions = (
				en,
			);
			mainGroup = 6373B1A0166A11B5007EC53F;
			productRefGroup = 6373B1AC166A11B5007EC53F /* Products */;
			projectDirPath = "";
			projectRoot = "";
			targets = (
				6373B1AA166A11B5007EC53F /* Typecast */,
				6373B1CE166A11B5007EC53F /* TypecastTests */,
			);
		};
/* End PBXProject section */

/* Begin PBXResourcesBuildPhase section */
		6373B1A9166A11B5007EC53F /* Resources */ = {
			isa = PBXResourcesBuildPhase;
			buildActionMask = 2147483647;
			files = (
				6373B1BA166A11B5007EC53F /* InfoPlist.strings in Resources */,
				6373B1C6166A11B5007EC53F /* TCDocument.xib in Resources */,
				6373B1C9166A11B5007EC53F /* MainMenu.xib in Resources */,
				630AA395166B2483001BD6BF /* TablesWindow.xib in Resources */,
			);
			runOnlyForDeploymentPostprocessing = 0;
		};
		6373B1CC166A11B5007EC53F /* Resources */ = {
			isa = PBXResourcesBuildPhase;
			buildActionMask = 2147483647;
			files = (
				6373B1DA166A11B5007EC53F /* InfoPlist.strings in Resources */,
			);
			runOnlyForDeploymentPostprocessing = 0;
		};
/* End PBXResourcesBuildPhase section */

/* Begin PBXShellScriptBuildPhase section */
		6373B1CD166A11B5007EC53F /* ShellScript */ = {
			isa = PBXShellScriptBuildPhase;
			buildActionMask = 2147483647;
			files = (
			);
			inputPaths = (
			);
			outputPaths = (
			);
			runOnlyForDeploymentPostprocessing = 0;
			shellPath = /bin/sh;
			shellScript = "# Run the unit tests in this test bundle.\n\"${SYSTEM_DEVELOPER_DIR}/Tools/RunUnitTests\"\n";
		};
/* End PBXShellScriptBuildPhase section */

/* Begin PBXSourcesBuildPhase section */
		6373B1A7166A11B5007EC53F /* Sources */ = {
			isa = PBXSourcesBuildPhase;
			buildActionMask = 2147483647;
			files = (
				6373B1BC166A11B5007EC53F /* main.m in Sources */,
				6373B1C3166A11B5007EC53F /* TCDocument.m in Sources */,
				633D7869166A17B400FBFFC3 /* TCFont.m in Sources */,
				633D786C166A184B00FBFFC3 /* TCTable.m in Sources */,
				633D786F166A189500FBFFC3 /* TCDirectoryEntry.m in Sources */,
				633D7872166A1B5100FBFFC3 /* TCFontCollection.m in Sources */,
				633D7875166A1F8D00FBFFC3 /* TCTableDirectory.m in Sources */,
				633D7878166A303500FBFFC3 /* TCDataInput.m in Sources */,
				630AA38F166AD700001BD6BF /* TCAppDelegate.m in Sources */,
				630AA394166B2483001BD6BF /* TCTablesWindowController.m in Sources */,
				630AA398166B331D001BD6BF /* TCTableFactory.m in Sources */,
				630AA39C166B5A5F001BD6BF /* TCHeadTable.m in Sources */,
				631D27D5166BF5DB00AB692C /* TCHheaTable.m in Sources */,
				631D27D9166BFB7000AB692C /* TCMaxpTable.m in Sources */,
				631D27E8166C134100AB692C /* TCLocaTable.m in Sources */,
				631D27EC166C305800AB692C /* TCVheaTable.m in Sources */,
				631D27F3166C561E00AB692C /* TCCmapTable.m in Sources */,
				631D27F7166C5DA500AB692C /* TCCmapIndexEntry.m in Sources */,
				631D27FA166C665500AB692C /* TCID.m in Sources */,
				630B9A83166C826D00E8587A /* TCCmapFormat.m in Sources */,
				630B9A87166C8A1C00E8587A /* TCCmapFormat0.m in Sources */,
				630B9A8A166C8D3200E8587A /* TCCmapFormat2.m in Sources */,
				63F3EF23166D4283005B30FF /* TCCmapFormat4.m in Sources */,
				63F3EF27166D470C005B30FF /* TCCmapFormat6.m in Sources */,
				63F3EF2A166D47E4005B30FF /* TCCmapFormatUnknown.m in Sources */,
				63F3EF2D166D5069005B30FF /* TCHmtxTable.m in Sources */,
				63F3EFBE166F5FD6005B30FF /* TCNameTable.m in Sources */,
			);
			runOnlyForDeploymentPostprocessing = 0;
		};
		6373B1CA166A11B5007EC53F /* Sources */ = {
			isa = PBXSourcesBuildPhase;
			buildActionMask = 2147483647;
			files = (
				6373B1DD166A11B5007EC53F /* TypecastTests.m in Sources */,
			);
			runOnlyForDeploymentPostprocessing = 0;
		};
/* End PBXSourcesBuildPhase section */

/* Begin PBXTargetDependency section */
		6373B1D4166A11B5007EC53F /* PBXTargetDependency */ = {
			isa = PBXTargetDependency;
			target = 6373B1AA166A11B5007EC53F /* Typecast */;
			targetProxy = 6373B1D3166A11B5007EC53F /* PBXContainerItemProxy */;
		};
/* End PBXTargetDependency section */

/* Begin PBXVariantGroup section */
		6373B1B8166A11B5007EC53F /* InfoPlist.strings */ = {
			isa = PBXVariantGroup;
			children = (
				6373B1B9166A11B5007EC53F /* en */,
			);
			name = InfoPlist.strings;
			sourceTree = "<group>";
		};
		6373B1C4166A11B5007EC53F /* TCDocument.xib */ = {
			isa = PBXVariantGroup;
			children = (
				6373B1C5166A11B5007EC53F /* en */,
			);
			name = TCDocument.xib;
			sourceTree = "<group>";
		};
		6373B1C7166A11B5007EC53F /* MainMenu.xib */ = {
			isa = PBXVariantGroup;
			children = (
				6373B1C8166A11B5007EC53F /* en */,
			);
			name = MainMenu.xib;
			sourceTree = "<group>";
		};
		6373B1D8166A11B5007EC53F /* InfoPlist.strings */ = {
			isa = PBXVariantGroup;
			children = (
				6373B1D9166A11B5007EC53F /* en */,
			);
			name = InfoPlist.strings;
			sourceTree = "<group>";
		};
/* End PBXVariantGroup section */

/* Begin XCBuildConfiguration section */
		6373B1DE166A11B5007EC53F /* Debug */ = {
			isa = XCBuildConfiguration;
			buildSettings = {
				ALWAYS_SEARCH_USER_PATHS = NO;
				ARCHS = "$(ARCHS_STANDARD_64_BIT)";
				CLANG_CXX_LANGUAGE_STANDARD = "gnu++0x";
				CLANG_CXX_LIBRARY = "libc++";
				CLANG_ENABLE_OBJC_ARC = YES;
				CLANG_WARN_EMPTY_BODY = YES;
				CLANG_WARN__DUPLICATE_METHOD_MATCH = YES;
				COPY_PHASE_STRIP = NO;
				GCC_C_LANGUAGE_STANDARD = gnu99;
				GCC_DYNAMIC_NO_PIC = NO;
				GCC_ENABLE_OBJC_EXCEPTIONS = YES;
				GCC_OPTIMIZATION_LEVEL = 0;
				GCC_PREPROCESSOR_DEFINITIONS = (
					"DEBUG=1",
					"$(inherited)",
				);
				GCC_SYMBOLS_PRIVATE_EXTERN = NO;
				GCC_WARN_64_TO_32_BIT_CONVERSION = YES;
				GCC_WARN_ABOUT_RETURN_TYPE = YES;
				GCC_WARN_UNINITIALIZED_AUTOS = YES;
				GCC_WARN_UNUSED_VARIABLE = YES;
				MACOSX_DEPLOYMENT_TARGET = 10.8;
				ONLY_ACTIVE_ARCH = YES;
				SDKROOT = macosx;
			};
			name = Debug;
		};
		6373B1DF166A11B5007EC53F /* Release */ = {
			isa = XCBuildConfiguration;
			buildSettings = {
				ALWAYS_SEARCH_USER_PATHS = NO;
				ARCHS = "$(ARCHS_STANDARD_64_BIT)";
				CLANG_CXX_LANGUAGE_STANDARD = "gnu++0x";
				CLANG_CXX_LIBRARY = "libc++";
				CLANG_ENABLE_OBJC_ARC = YES;
				CLANG_WARN_EMPTY_BODY = YES;
				CLANG_WARN__DUPLICATE_METHOD_MATCH = YES;
				COPY_PHASE_STRIP = YES;
				DEBUG_INFORMATION_FORMAT = "dwarf-with-dsym";
				GCC_C_LANGUAGE_STANDARD = gnu99;
				GCC_ENABLE_OBJC_EXCEPTIONS = YES;
				GCC_WARN_64_TO_32_BIT_CONVERSION = YES;
				GCC_WARN_ABOUT_RETURN_TYPE = YES;
				GCC_WARN_UNINITIALIZED_AUTOS = YES;
				GCC_WARN_UNUSED_VARIABLE = YES;
				MACOSX_DEPLOYMENT_TARGET = 10.8;
				SDKROOT = macosx;
			};
			name = Release;
		};
		6373B1E1166A11B5007EC53F /* Debug */ = {
			isa = XCBuildConfiguration;
			buildSettings = {
				CODE_SIGN_IDENTITY = "";
				COMBINE_HIDPI_IMAGES = YES;
				GCC_PRECOMPILE_PREFIX_HEADER = YES;
				GCC_PREFIX_HEADER = "Typecast/Typecast-Prefix.pch";
				INFOPLIST_FILE = "Typecast/Typecast-Info.plist";
				PRODUCT_NAME = "$(TARGET_NAME)";
				WRAPPER_EXTENSION = app;
			};
			name = Debug;
		};
		6373B1E2166A11B5007EC53F /* Release */ = {
			isa = XCBuildConfiguration;
			buildSettings = {
				CODE_SIGN_IDENTITY = "";
				COMBINE_HIDPI_IMAGES = YES;
				GCC_PRECOMPILE_PREFIX_HEADER = YES;
				GCC_PREFIX_HEADER = "Typecast/Typecast-Prefix.pch";
				INFOPLIST_FILE = "Typecast/Typecast-Info.plist";
				PRODUCT_NAME = "$(TARGET_NAME)";
				WRAPPER_EXTENSION = app;
			};
			name = Release;
		};
		6373B1E4166A11B5007EC53F /* Debug */ = {
			isa = XCBuildConfiguration;
			buildSettings = {
				BUNDLE_LOADER = "$(BUILT_PRODUCTS_DIR)/Typecast.app/Contents/MacOS/Typecast";
				COMBINE_HIDPI_IMAGES = YES;
				FRAMEWORK_SEARCH_PATHS = "\"$(DEVELOPER_LIBRARY_DIR)/Frameworks\"";
				GCC_PRECOMPILE_PREFIX_HEADER = YES;
				GCC_PREFIX_HEADER = "Typecast/Typecast-Prefix.pch";
				INFOPLIST_FILE = "TypecastTests/TypecastTests-Info.plist";
				PRODUCT_NAME = "$(TARGET_NAME)";
				TEST_HOST = "$(BUNDLE_LOADER)";
				WRAPPER_EXTENSION = octest;
			};
			name = Debug;
		};
		6373B1E5166A11B5007EC53F /* Release */ = {
			isa = XCBuildConfiguration;
			buildSettings = {
				BUNDLE_LOADER = "$(BUILT_PRODUCTS_DIR)/Typecast.app/Contents/MacOS/Typecast";
				COMBINE_HIDPI_IMAGES = YES;
				FRAMEWORK_SEARCH_PATHS = "\"$(DEVELOPER_LIBRARY_DIR)/Frameworks\"";
				GCC_PRECOMPILE_PREFIX_HEADER = YES;
				GCC_PREFIX_HEADER = "Typecast/Typecast-Prefix.pch";
				INFOPLIST_FILE = "TypecastTests/TypecastTests-Info.plist";
				PRODUCT_NAME = "$(TARGET_NAME)";
				TEST_HOST = "$(BUNDLE_LOADER)";
				WRAPPER_EXTENSION = octest;
			};
			name = Release;
		};
/* End XCBuildConfiguration section */

/* Begin XCConfigurationList section */
		6373B1A5166A11B5007EC53F /* Build configuration list for PBXProject "Typecast" */ = {
			isa = XCConfigurationList;
			buildConfigurations = (
				6373B1DE166A11B5007EC53F /* Debug */,
				6373B1DF166A11B5007EC53F /* Release */,
			);
			defaultConfigurationIsVisible = 0;
			defaultConfigurationName = Release;
		};
		6373B1E0166A11B5007EC53F /* Build configuration list for PBXNativeTarget "Typecast" */ = {
			isa = XCConfigurationList;
			buildConfigurations = (
				6373B1E1166A11B5007EC53F /* Debug */,
				6373B1E2166A11B5007EC53F /* Release */,
			);
			defaultConfigurationIsVisible = 0;
			defaultConfigurationName = Release;
		};
		6373B1E3166A11B5007EC53F /* Build configuration list for PBXNativeTarget "TypecastTests" */ = {
			isa = XCConfigurationList;
			buildConfigurations = (
				6373B1E4166A11B5007EC53F /* Debug */,
				6373B1E5166A11B5007EC53F /* Release */,
			);
			defaultConfigurationIsVisible = 0;
			defaultConfigurationName = Release;
		};
/* End XCConfigurationList section */
	};
	rootObject = 6373B1A2166A11B5007EC53F /* Project object */;
}
